{
  "version": 4,
  "terraform_version": "1.8.5",
  "serial": 583,
  "lineage": "47c57f35-b573-f2f0-9205-d9473d6eb5fa",
  "outputs": {
    "seoul_db_ep": {
      "value": "ogurim-db.cd4qy6s265xk.ap-northeast-2.rds.amazonaws.com:3306",
      "type": "string"
    },
    "seoul_ebs_volume_id": {
      "value": "vol-0aada5e220e1f3597",
      "type": "string"
    },
    "seoul_ec2_public_ip_weba": {
      "value": "3.35.48.55",
      "type": "string"
    },
    "seoul_ec2_public_ip_webc": {
      "value": "43.201.71.6",
      "type": "string"
    },
    "seoul_loadbalance_dns": {
      "value": "seoul-lb-70433515.ap-northeast-2.elb.amazonaws.com",
      "type": "string"
    },
    "seoul_nat_eip": {
      "value": "43.200.229.8",
      "type": "string"
    },
    "seoul_vpc_id": {
      "value": "vpc-01f1d053222882b0a",
      "type": "string"
    },
    "seoul_www_record_dns_name": {
      "value": "www.ogurim.store",
      "type": "string"
    }
  },
  "resources": [
    {
      "module": "module.seoul",
      "mode": "data",
      "type": "aws_ami",
      "name": "amzn",
      "provider": "provider[\"registry.terraform.io/hashicorp/aws\"].seoul",
      "instances": [
        {
          "schema_version": 0,
          "attributes": {
            "architecture": "x86_64",
            "arn": "arn:aws:ec2:ap-northeast-2::image/ami-034a31ed1d34ef024",
            "block_device_mappings": [
              {
                "device_name": "/dev/xvda",
                "ebs": {
                  "delete_on_termination": "true",
                  "encrypted": "false",
                  "iops": "0",
                  "snapshot_id": "snap-01a2cbea535859caa",
                  "throughput": "0",
                  "volume_size": "8",
                  "volume_type": "gp2"
                },
                "no_device": "",
                "virtual_name": ""
              }
            ],
            "boot_mode": "",
            "creation_date": "2024-06-11T01:23:08.000Z",
            "deprecation_time": "2025-07-01T00:00:00.000Z",
            "description": "Amazon Linux 2 Kernel 5.10 AMI 2.0.20240610.1 x86_64 HVM gp2",
            "ena_support": true,
            "executable_users": null,
            "filter": [
              {
                "name": "name",
                "values": [
                  "amzn2-ami-kernel-5.10*-hvm-*-x86_64-gp2"
                ]
              },
              {
                "name": "virtualization-type",
                "values": [
                  "hvm"
                ]
              }
            ],
            "hypervisor": "xen",
            "id": "ami-034a31ed1d34ef024",
            "image_id": "ami-034a31ed1d34ef024",
            "image_location": "amazon/amzn2-ami-kernel-5.10-hvm-2.0.20240610.1-x86_64-gp2",
            "image_owner_alias": "amazon",
            "image_type": "machine",
            "imds_support": "",
            "include_deprecated": false,
            "kernel_id": "",
            "most_recent": true,
            "name": "amzn2-ami-kernel-5.10-hvm-2.0.20240610.1-x86_64-gp2",
            "name_regex": null,
            "owner_id": "137112412989",
            "owners": [
              "amazon"
            ],
            "platform": "",
            "platform_details": "Linux/UNIX",
            "product_codes": [],
            "public": true,
            "ramdisk_id": "",
            "root_device_name": "/dev/xvda",
            "root_device_type": "ebs",
            "root_snapshot_id": "snap-01a2cbea535859caa",
            "sriov_net_support": "simple",
            "state": "available",
            "state_reason": {
              "code": "UNSET",
              "message": "UNSET"
            },
            "tags": {},
            "timeouts": null,
            "tpm_support": "",
            "usage_operation": "RunInstances",
            "virtualization_type": "hvm"
          },
          "sensitive_attributes": []
        }
      ]
    },
    {
      "module": "module.seoul",
      "mode": "managed",
      "type": "aws_ami_from_instance",
      "name": "ogurim_ami",
      "provider": "provider[\"registry.terraform.io/hashicorp/aws\"].seoul",
      "instances": [
        {
          "schema_version": 0,
          "attributes": {
            "architecture": "x86_64",
            "arn": "arn:aws:ec2:ap-northeast-2::image/ami-04a32695539e89c88",
            "boot_mode": "",
            "deprecation_time": "",
            "description": "",
            "ebs_block_device": [
              {
                "delete_on_termination": true,
                "device_name": "/dev/xvda",
                "encrypted": false,
                "iops": 0,
                "outpost_arn": "",
                "snapshot_id": "snap-0ac5049b277b426c3",
                "throughput": 0,
                "volume_size": 8,
                "volume_type": "gp2"
              }
            ],
            "ena_support": true,
            "ephemeral_block_device": [],
            "hypervisor": "xen",
            "id": "ami-04a32695539e89c88",
            "image_location": "339713119714/seoul-ami",
            "image_owner_alias": "",
            "image_type": "machine",
            "imds_support": "",
            "kernel_id": "",
            "manage_ebs_snapshots": true,
            "name": "seoul-ami",
            "owner_id": "339713119714",
            "platform": "",
            "platform_details": "Linux/UNIX",
            "public": false,
            "ramdisk_id": "",
            "root_device_name": "/dev/xvda",
            "root_snapshot_id": "snap-0ac5049b277b426c3",
            "snapshot_without_reboot": null,
            "source_instance_id": "i-0e37f01df14fe8944",
            "sriov_net_support": "simple",
            "tags": {
              "Name": "seoul-ami"
            },
            "tags_all": {
              "Name": "seoul-ami"
            },
            "timeouts": null,
            "tpm_support": "",
            "usage_operation": "RunInstances",
            "virtualization_type": "hvm"
          },
          "sensitive_attributes": [],
          "private": "eyJlMmJmYjczMC1lY2FhLTExZTYtOGY4OC0zNDM2M2JjN2M0YzAiOnsiY3JlYXRlIjoyNDAwMDAwMDAwMDAwLCJkZWxldGUiOjU0MDAwMDAwMDAwMDAsInVwZGF0ZSI6MjQwMDAwMDAwMDAwMH19",
          "dependencies": [
            "module.seoul.aws_instance.ogurim_weba",
            "module.seoul.aws_security_group.ogurim_sg",
            "module.seoul.aws_security_group.ogurim_web_sg",
            "module.seoul.aws_subnet.ogurim_subnet",
            "module.seoul.aws_vpc.ogurim_vpc",
            "module.seoul.data.aws_ami.amzn"
          ]
        }
      ]
    },
    {
      "module": "module.seoul",
      "mode": "managed",
      "type": "aws_autoscaling_attachment",
      "name": "ogurim_asgat",
      "provider": "provider[\"registry.terraform.io/hashicorp/aws\"].seoul",
      "instances": [
        {
          "schema_version": 0,
          "attributes": {
            "autoscaling_group_name": "seoul-asg",
            "elb": null,
            "id": "seoul-asg-2024062104211874310000000b",
            "lb_target_group_arn": "arn:aws:elasticloadbalancing:ap-northeast-2:339713119714:targetgroup/seoul-albtg/d069c8ae6c610c95"
          },
          "sensitive_attributes": [],
          "private": "bnVsbA==",
          "dependencies": [
            "module.seoul.aws_ami_from_instance.ogurim_ami",
            "module.seoul.aws_autoscaling_group.ogurim_asg",
            "module.seoul.aws_instance.ogurim_weba",
            "module.seoul.aws_launch_template.ogurim_lt",
            "module.seoul.aws_lb_target_group.ogurim_albtg",
            "module.seoul.aws_security_group.ogurim_sg",
            "module.seoul.aws_security_group.ogurim_web_sg",
            "module.seoul.aws_subnet.ogurim_subnet",
            "module.seoul.aws_vpc.ogurim_vpc",
            "module.seoul.data.aws_ami.amzn"
          ]
        }
      ]
    },
    {
      "module": "module.seoul",
      "mode": "managed",
      "type": "aws_autoscaling_group",
      "name": "ogurim_asg",
      "provider": "provider[\"registry.terraform.io/hashicorp/aws\"].seoul",
      "instances": [
        {
          "schema_version": 1,
          "attributes": {
            "arn": "arn:aws:autoscaling:ap-northeast-2:339713119714:autoScalingGroup:b9c845f5-8c6a-4817-9ba9-da069031cb8f:autoScalingGroupName/seoul-asg",
            "availability_zones": [
              "ap-northeast-2a"
            ],
            "capacity_rebalance": false,
            "context": "",
            "default_cooldown": 300,
            "default_instance_warmup": 0,
            "desired_capacity": 1,
            "desired_capacity_type": "",
            "enabled_metrics": null,
            "force_delete": false,
            "force_delete_warm_pool": false,
            "health_check_grace_period": 30,
            "health_check_type": "EC2",
            "id": "seoul-asg",
            "ignore_failed_scaling_activities": false,
            "initial_lifecycle_hook": [],
            "instance_maintenance_policy": [],
            "instance_refresh": [],
            "launch_configuration": "",
            "launch_template": [
              {
                "id": "lt-0a29397d74b44dae9",
                "name": "seoul-lt",
                "version": "$Latest"
              }
            ],
            "load_balancers": [],
            "max_instance_lifetime": 0,
            "max_size": 6,
            "metrics_granularity": "1Minute",
            "min_elb_capacity": null,
            "min_size": 1,
            "mixed_instances_policy": [],
            "name": "seoul-asg",
            "name_prefix": "",
            "placement_group": "",
            "predicted_capacity": 0,
            "protect_from_scale_in": false,
            "service_linked_role_arn": "arn:aws:iam::339713119714:role/aws-service-role/autoscaling.amazonaws.com/AWSServiceRoleForAutoScaling",
            "suspended_processes": null,
            "tag": [],
            "target_group_arns": [],
            "termination_policies": null,
            "timeouts": null,
            "traffic_source": [],
            "vpc_zone_identifier": [
              "subnet-03d0c1773356bddbe"
            ],
            "wait_for_capacity_timeout": "10m",
            "wait_for_elb_capacity": null,
            "warm_pool": [],
            "warm_pool_size": 0
          },
          "sensitive_attributes": [],
          "private": "eyJlMmJmYjczMC1lY2FhLTExZTYtOGY4OC0zNDM2M2JjN2M0YzAiOnsiZGVsZXRlIjo2MDAwMDAwMDAwMDAsInVwZGF0ZSI6NjAwMDAwMDAwMDAwfSwic2NoZW1hX3ZlcnNpb24iOiIxIn0=",
          "dependencies": [
            "module.seoul.aws_ami_from_instance.ogurim_ami",
            "module.seoul.aws_instance.ogurim_weba",
            "module.seoul.aws_launch_template.ogurim_lt",
            "module.seoul.aws_security_group.ogurim_sg",
            "module.seoul.aws_security_group.ogurim_web_sg",
            "module.seoul.aws_subnet.ogurim_subnet",
            "module.seoul.aws_vpc.ogurim_vpc",
            "module.seoul.data.aws_ami.amzn"
          ]
        }
      ]
    },
    {
      "module": "module.seoul",
      "mode": "managed",
      "type": "aws_db_instance",
      "name": "ogurim_db",
      "provider": "provider[\"registry.terraform.io/hashicorp/aws\"].seoul",
      "instances": [
        {
          "schema_version": 2,
          "attributes": {
            "address": "ogurim-db.cd4qy6s265xk.ap-northeast-2.rds.amazonaws.com",
            "allocated_storage": 20,
            "allow_major_version_upgrade": null,
            "apply_immediately": false,
            "arn": "arn:aws:rds:ap-northeast-2:339713119714:db:ogurim-db",
            "auto_minor_version_upgrade": true,
            "availability_zone": "ap-northeast-2a",
            "backup_retention_period": 0,
            "backup_target": "region",
            "backup_window": "16:45-17:15",
            "blue_green_update": [],
            "ca_cert_identifier": "rds-ca-rsa2048-g1",
            "character_set_name": "",
            "copy_tags_to_snapshot": false,
            "custom_iam_instance_profile": "",
            "customer_owned_ip_enabled": false,
            "db_name": "wordpress",
            "db_subnet_group_name": "seoul-dbsg",
            "dedicated_log_volume": false,
            "delete_automated_backups": true,
            "deletion_protection": false,
            "domain": "",
            "domain_auth_secret_arn": "",
            "domain_dns_ips": null,
            "domain_fqdn": "",
            "domain_iam_role_name": "",
            "domain_ou": "",
            "enabled_cloudwatch_logs_exports": null,
            "endpoint": "ogurim-db.cd4qy6s265xk.ap-northeast-2.rds.amazonaws.com:3306",
            "engine": "mysql",
            "engine_version": "5.7",
            "engine_version_actual": "5.7.44",
            "final_snapshot_identifier": null,
            "hosted_zone_id": "ZLA2NUCOLGUUR",
            "iam_database_authentication_enabled": false,
            "id": "db-7YYKPSPOQ2HXTBRSX3UX3TQEFA",
            "identifier": "ogurim-db",
            "identifier_prefix": "",
            "instance_class": "db.t3.micro",
            "iops": 0,
            "kms_key_id": "",
            "latest_restorable_time": "",
            "license_model": "general-public-license",
            "listener_endpoint": [],
            "maintenance_window": "sun:14:24-sun:14:54",
            "manage_master_user_password": null,
            "master_user_secret": [],
            "master_user_secret_kms_key_id": null,
            "max_allocated_storage": 0,
            "monitoring_interval": 0,
            "monitoring_role_arn": "",
            "multi_az": false,
            "nchar_character_set_name": "",
            "network_type": "IPV4",
            "option_group_name": "default:mysql-5-7",
            "parameter_group_name": "default.mysql5.7",
            "password": "It12345!",
            "performance_insights_enabled": false,
            "performance_insights_kms_key_id": "",
            "performance_insights_retention_period": 0,
            "port": 3306,
            "publicly_accessible": false,
            "replica_mode": "",
            "replicas": [],
            "replicate_source_db": "",
            "resource_id": "db-7YYKPSPOQ2HXTBRSX3UX3TQEFA",
            "restore_to_point_in_time": [],
            "s3_import": [],
            "skip_final_snapshot": true,
            "snapshot_identifier": null,
            "status": "available",
            "storage_encrypted": false,
            "storage_throughput": 0,
            "storage_type": "gp2",
            "tags": {
              "Name": "seoul-db"
            },
            "tags_all": {
              "Name": "seoul-db"
            },
            "timeouts": null,
            "timezone": "",
            "username": "root",
            "vpc_security_group_ids": [
              "sg-0307d0060dabf575a",
              "sg-0cf1298369074e687"
            ]
          },
          "sensitive_attributes": [
            [
              {
                "type": "get_attr",
                "value": "password"
              }
            ]
          ],
          "private": "eyJlMmJmYjczMC1lY2FhLTExZTYtOGY4OC0zNDM2M2JjN2M0YzAiOnsiY3JlYXRlIjoyNDAwMDAwMDAwMDAwLCJkZWxldGUiOjM2MDAwMDAwMDAwMDAsInVwZGF0ZSI6NDgwMDAwMDAwMDAwMH0sInNjaGVtYV92ZXJzaW9uIjoiMiJ9",
          "dependencies": [
            "module.seoul.aws_db_subnet_group.ogurim_dbsg",
            "module.seoul.aws_security_group.ogurim_db_sg",
            "module.seoul.aws_security_group.ogurim_sg",
            "module.seoul.aws_subnet.ogurim_subnet",
            "module.seoul.aws_vpc.ogurim_vpc"
          ]
        }
      ]
    },
    {
      "module": "module.seoul",
      "mode": "managed",
      "type": "aws_db_subnet_group",
      "name": "ogurim_dbsg",
      "provider": "provider[\"registry.terraform.io/hashicorp/aws\"].seoul",
      "instances": [
        {
          "schema_version": 0,
          "attributes": {
            "arn": "arn:aws:rds:ap-northeast-2:339713119714:subgrp:seoul-dbsg",
            "description": "Managed by Terraform",
            "id": "seoul-dbsg",
            "name": "seoul-dbsg",
            "name_prefix": "",
            "subnet_ids": [
              "subnet-0076148b0d0c9d9af",
              "subnet-0c2c9d8f346dff99c"
            ],
            "supported_network_types": [
              "IPV4"
            ],
            "tags": {
              "Name": "seoul-dbsg"
            },
            "tags_all": {
              "Name": "seoul-dbsg"
            },
            "vpc_id": "vpc-01f1d053222882b0a"
          },
          "sensitive_attributes": [],
          "private": "bnVsbA==",
          "dependencies": [
            "module.seoul.aws_subnet.ogurim_subnet",
            "module.seoul.aws_vpc.ogurim_vpc"
          ]
        }
      ]
    },
    {
      "module": "module.seoul",
      "mode": "managed",
      "type": "aws_ebs_snapshot",
      "name": "ogurim_ebs_ss_webc",
      "provider": "provider[\"registry.terraform.io/hashicorp/aws\"].seoul",
      "instances": [
        {
          "schema_version": 0,
          "attributes": {
            "arn": "arn:aws:ec2:ap-northeast-2::snapshot/snap-0e5ac016cd496c394",
            "data_encryption_key_id": "",
            "description": "",
            "encrypted": false,
            "id": "snap-0e5ac016cd496c394",
            "kms_key_id": "",
            "outpost_arn": "",
            "owner_alias": "",
            "owner_id": "339713119714",
            "permanent_restore": null,
            "storage_tier": "standard",
            "tags": {
              "Name": "seoul-ebs-ss-webc"
            },
            "tags_all": {
              "Name": "seoul-ebs-ss-webc"
            },
            "temporary_restore_days": null,
            "timeouts": null,
            "volume_id": "vol-0aada5e220e1f3597",
            "volume_size": 20
          },
          "sensitive_attributes": [],
          "private": "eyJlMmJmYjczMC1lY2FhLTExZTYtOGY4OC0zNDM2M2JjN2M0YzAiOnsiY3JlYXRlIjo2MDAwMDAwMDAwMDAsImRlbGV0ZSI6NjAwMDAwMDAwMDAwfX0=",
          "dependencies": [
            "module.seoul.aws_ebs_volume.ogurim_ebs"
          ]
        }
      ]
    },
    {
      "module": "module.seoul",
      "mode": "managed",
      "type": "aws_ebs_volume",
      "name": "ogurim_ebs",
      "provider": "provider[\"registry.terraform.io/hashicorp/aws\"].seoul",
      "instances": [
        {
          "schema_version": 0,
          "attributes": {
            "arn": "arn:aws:ec2:ap-northeast-2:339713119714:volume/vol-0aada5e220e1f3597",
            "availability_zone": "ap-northeast-2c",
            "encrypted": false,
            "final_snapshot": false,
            "id": "vol-0aada5e220e1f3597",
            "iops": 100,
            "kms_key_id": "",
            "multi_attach_enabled": false,
            "outpost_arn": "",
            "size": 20,
            "snapshot_id": "",
            "tags": {
              "Name": "seoul-ebs"
            },
            "tags_all": {
              "Name": "seoul-ebs"
            },
            "throughput": 0,
            "timeouts": null,
            "type": "gp2"
          },
          "sensitive_attributes": [],
          "private": "eyJlMmJmYjczMC1lY2FhLTExZTYtOGY4OC0zNDM2M2JjN2M0YzAiOnsiY3JlYXRlIjozMDAwMDAwMDAwMDAsImRlbGV0ZSI6MzAwMDAwMDAwMDAwLCJ1cGRhdGUiOjMwMDAwMDAwMDAwMH19"
        }
      ]
    },
    {
      "module": "module.seoul",
      "mode": "managed",
      "type": "aws_eip",
      "name": "ogurim_eip",
      "provider": "provider[\"registry.terraform.io/hashicorp/aws\"].seoul",
      "instances": [
        {
          "schema_version": 0,
          "attributes": {
            "address": null,
            "allocation_id": "eipalloc-0692c9c5fadee9b5c",
            "arn": "arn:aws:ec2:ap-northeast-2:339713119714:elastic-ip/eipalloc-0692c9c5fadee9b5c",
            "associate_with_private_ip": null,
            "association_id": "",
            "carrier_ip": "",
            "customer_owned_ip": "",
            "customer_owned_ipv4_pool": "",
            "domain": "vpc",
            "id": "eipalloc-0692c9c5fadee9b5c",
            "instance": "",
            "network_border_group": "ap-northeast-2",
            "network_interface": "",
            "private_dns": null,
            "private_ip": "",
            "ptr_record": "",
            "public_dns": "ec2-43-200-229-8.ap-northeast-2.compute.amazonaws.com",
            "public_ip": "43.200.229.8",
            "public_ipv4_pool": "amazon",
            "tags": null,
            "tags_all": {},
            "timeouts": null,
            "vpc": true
          },
          "sensitive_attributes": [],
          "private": "eyJlMmJmYjczMC1lY2FhLTExZTYtOGY4OC0zNDM2M2JjN2M0YzAiOnsiZGVsZXRlIjoxODAwMDAwMDAwMDAsInJlYWQiOjkwMDAwMDAwMDAwMCwidXBkYXRlIjozMDAwMDAwMDAwMDB9fQ=="
        }
      ]
    },
    {
      "module": "module.seoul",
      "mode": "managed",
      "type": "aws_instance",
      "name": "ogurim_wasa",
      "provider": "provider[\"registry.terraform.io/hashicorp/aws\"].seoul",
      "instances": [
        {
          "schema_version": 1,
          "attributes": {
            "ami": "ami-034a31ed1d34ef024",
            "arn": "arn:aws:ec2:ap-northeast-2:339713119714:instance/i-0b9d581b1514e3fbb",
            "associate_public_ip_address": false,
            "availability_zone": "ap-northeast-2a",
            "capacity_reservation_specification": [
              {
                "capacity_reservation_preference": "open",
                "capacity_reservation_target": []
              }
            ],
            "cpu_core_count": 1,
            "cpu_options": [
              {
                "amd_sev_snp": "",
                "core_count": 1,
                "threads_per_core": 1
              }
            ],
            "cpu_threads_per_core": 1,
            "credit_specification": [
              {
                "cpu_credits": "standard"
              }
            ],
            "disable_api_stop": false,
            "disable_api_termination": false,
            "ebs_block_device": [],
            "ebs_optimized": false,
            "enclave_options": [
              {
                "enabled": false
              }
            ],
            "ephemeral_block_device": [],
            "get_password_data": false,
            "hibernation": false,
            "host_id": "",
            "host_resource_group_arn": null,
            "iam_instance_profile": "",
            "id": "i-0b9d581b1514e3fbb",
            "instance_initiated_shutdown_behavior": "stop",
            "instance_lifecycle": "",
            "instance_market_options": [],
            "instance_state": "running",
            "instance_type": "t2.micro",
            "ipv6_address_count": 0,
            "ipv6_addresses": [],
            "key_name": "ogurim",
            "launch_template": [],
            "maintenance_options": [
              {
                "auto_recovery": "default"
              }
            ],
            "metadata_options": [
              {
                "http_endpoint": "enabled",
                "http_protocol_ipv6": "disabled",
                "http_put_response_hop_limit": 1,
                "http_tokens": "optional",
                "instance_metadata_tags": "disabled"
              }
            ],
            "monitoring": false,
            "network_interface": [],
            "outpost_arn": "",
            "password_data": "",
            "placement_group": "",
            "placement_partition_number": 0,
            "primary_network_interface_id": "eni-051c2b24cb8423467",
            "private_dns": "ip-10-0-2-11.ap-northeast-2.compute.internal",
            "private_dns_name_options": [
              {
                "enable_resource_name_dns_a_record": false,
                "enable_resource_name_dns_aaaa_record": false,
                "hostname_type": "ip-name"
              }
            ],
            "private_ip": "10.0.2.11",
            "public_dns": "",
            "public_ip": "",
            "root_block_device": [
              {
                "delete_on_termination": true,
                "device_name": "/dev/xvda",
                "encrypted": false,
                "iops": 100,
                "kms_key_id": "",
                "tags": {},
                "tags_all": {},
                "throughput": 0,
                "volume_id": "vol-0252c96b7c79623e4",
                "volume_size": 8,
                "volume_type": "gp2"
              }
            ],
            "secondary_private_ips": [],
            "security_groups": [],
            "source_dest_check": true,
            "spot_instance_request_id": "",
            "subnet_id": "subnet-0c3c7b4aa1666892a",
            "tags": {
              "Name": "seoul-wasa"
            },
            "tags_all": {
              "Name": "seoul-wasa"
            },
            "tenancy": "default",
            "timeouts": null,
            "user_data": null,
            "user_data_base64": null,
            "user_data_replace_on_change": false,
            "volume_tags": null,
            "vpc_security_group_ids": [
              "sg-0307d0060dabf575a"
            ]
          },
          "sensitive_attributes": [],
          "private": "eyJlMmJmYjczMC1lY2FhLTExZTYtOGY4OC0zNDM2M2JjN2M0YzAiOnsiY3JlYXRlIjo2MDAwMDAwMDAwMDAsImRlbGV0ZSI6MTIwMDAwMDAwMDAwMCwicmVhZCI6OTAwMDAwMDAwMDAwLCJ1cGRhdGUiOjYwMDAwMDAwMDAwMH0sInNjaGVtYV92ZXJzaW9uIjoiMSJ9",
          "dependencies": [
            "module.seoul.aws_internet_gateway.ogurim_ig",
            "module.seoul.aws_security_group.ogurim_sg",
            "module.seoul.aws_subnet.ogurim_subnet",
            "module.seoul.aws_vpc.ogurim_vpc",
            "module.seoul.data.aws_ami.amzn"
          ]
        }
      ]
    },
    {
      "module": "module.seoul",
      "mode": "managed",
      "type": "aws_instance",
      "name": "ogurim_wasc",
      "provider": "provider[\"registry.terraform.io/hashicorp/aws\"].seoul",
      "instances": [
        {
          "schema_version": 1,
          "attributes": {
            "ami": "ami-034a31ed1d34ef024",
            "arn": "arn:aws:ec2:ap-northeast-2:339713119714:instance/i-031e20bf42db72271",
            "associate_public_ip_address": false,
            "availability_zone": "ap-northeast-2c",
            "capacity_reservation_specification": [
              {
                "capacity_reservation_preference": "open",
                "capacity_reservation_target": []
              }
            ],
            "cpu_core_count": 1,
            "cpu_options": [
              {
                "amd_sev_snp": "",
                "core_count": 1,
                "threads_per_core": 1
              }
            ],
            "cpu_threads_per_core": 1,
            "credit_specification": [
              {
                "cpu_credits": "standard"
              }
            ],
            "disable_api_stop": false,
            "disable_api_termination": false,
            "ebs_block_device": [],
            "ebs_optimized": false,
            "enclave_options": [
              {
                "enabled": false
              }
            ],
            "ephemeral_block_device": [],
            "get_password_data": false,
            "hibernation": false,
            "host_id": "",
            "host_resource_group_arn": null,
            "iam_instance_profile": "",
            "id": "i-031e20bf42db72271",
            "instance_initiated_shutdown_behavior": "stop",
            "instance_lifecycle": "",
            "instance_market_options": [],
            "instance_state": "running",
            "instance_type": "t2.micro",
            "ipv6_address_count": 0,
            "ipv6_addresses": [],
            "key_name": "ogurim",
            "launch_template": [],
            "maintenance_options": [
              {
                "auto_recovery": "default"
              }
            ],
            "metadata_options": [
              {
                "http_endpoint": "enabled",
                "http_protocol_ipv6": "disabled",
                "http_put_response_hop_limit": 1,
                "http_tokens": "optional",
                "instance_metadata_tags": "disabled"
              }
            ],
            "monitoring": false,
            "network_interface": [],
            "outpost_arn": "",
            "password_data": "",
            "placement_group": "",
            "placement_partition_number": 0,
            "primary_network_interface_id": "eni-0b23485f95528a0ad",
            "private_dns": "ip-10-0-3-11.ap-northeast-2.compute.internal",
            "private_dns_name_options": [
              {
                "enable_resource_name_dns_a_record": false,
                "enable_resource_name_dns_aaaa_record": false,
                "hostname_type": "ip-name"
              }
            ],
            "private_ip": "10.0.3.11",
            "public_dns": "",
            "public_ip": "",
            "root_block_device": [
              {
                "delete_on_termination": true,
                "device_name": "/dev/xvda",
                "encrypted": false,
                "iops": 100,
                "kms_key_id": "",
                "tags": {},
                "tags_all": {},
                "throughput": 0,
                "volume_id": "vol-033b08c2b5c157b91",
                "volume_size": 8,
                "volume_type": "gp2"
              }
            ],
            "secondary_private_ips": [],
            "security_groups": [],
            "source_dest_check": true,
            "spot_instance_request_id": "",
            "subnet_id": "subnet-0a7023576bb63dc83",
            "tags": {
              "Name": "seoul-wasc"
            },
            "tags_all": {
              "Name": "seoul-wasc"
            },
            "tenancy": "default",
            "timeouts": null,
            "user_data": null,
            "user_data_base64": null,
            "user_data_replace_on_change": false,
            "volume_tags": null,
            "vpc_security_group_ids": [
              "sg-0307d0060dabf575a"
            ]
          },
          "sensitive_attributes": [],
          "private": "eyJlMmJmYjczMC1lY2FhLTExZTYtOGY4OC0zNDM2M2JjN2M0YzAiOnsiY3JlYXRlIjo2MDAwMDAwMDAwMDAsImRlbGV0ZSI6MTIwMDAwMDAwMDAwMCwicmVhZCI6OTAwMDAwMDAwMDAwLCJ1cGRhdGUiOjYwMDAwMDAwMDAwMH0sInNjaGVtYV92ZXJzaW9uIjoiMSJ9",
          "dependencies": [
            "module.seoul.aws_internet_gateway.ogurim_ig",
            "module.seoul.aws_security_group.ogurim_sg",
            "module.seoul.aws_subnet.ogurim_subnet",
            "module.seoul.aws_vpc.ogurim_vpc",
            "module.seoul.data.aws_ami.amzn"
          ]
        }
      ]
    },
    {
      "module": "module.seoul",
      "mode": "managed",
      "type": "aws_instance",
      "name": "ogurim_weba",
      "provider": "provider[\"registry.terraform.io/hashicorp/aws\"].seoul",
      "instances": [
        {
          "schema_version": 1,
          "attributes": {
            "ami": "ami-034a31ed1d34ef024",
            "arn": "arn:aws:ec2:ap-northeast-2:339713119714:instance/i-0e37f01df14fe8944",
            "associate_public_ip_address": true,
            "availability_zone": "ap-northeast-2a",
            "capacity_reservation_specification": [
              {
                "capacity_reservation_preference": "open",
                "capacity_reservation_target": []
              }
            ],
            "cpu_core_count": 1,
            "cpu_options": [
              {
                "amd_sev_snp": "",
                "core_count": 1,
                "threads_per_core": 1
              }
            ],
            "cpu_threads_per_core": 1,
            "credit_specification": [
              {
                "cpu_credits": "standard"
              }
            ],
            "disable_api_stop": false,
            "disable_api_termination": false,
            "ebs_block_device": [],
            "ebs_optimized": false,
            "enclave_options": [
              {
                "enabled": false
              }
            ],
            "ephemeral_block_device": [],
            "get_password_data": false,
            "hibernation": false,
            "host_id": "",
            "host_resource_group_arn": null,
            "iam_instance_profile": "",
            "id": "i-0e37f01df14fe8944",
            "instance_initiated_shutdown_behavior": "stop",
            "instance_lifecycle": "",
            "instance_market_options": [],
            "instance_state": "running",
            "instance_type": "t2.micro",
            "ipv6_address_count": 0,
            "ipv6_addresses": [],
            "key_name": "ogurim",
            "launch_template": [],
            "maintenance_options": [
              {
                "auto_recovery": "default"
              }
            ],
            "metadata_options": [
              {
                "http_endpoint": "enabled",
                "http_protocol_ipv6": "disabled",
                "http_put_response_hop_limit": 1,
                "http_tokens": "optional",
                "instance_metadata_tags": "disabled"
              }
            ],
            "monitoring": false,
            "network_interface": [],
            "outpost_arn": "",
            "password_data": "",
            "placement_group": "",
            "placement_partition_number": 0,
            "primary_network_interface_id": "eni-040929f4ad5077e55",
            "private_dns": "ip-10-0-0-11.ap-northeast-2.compute.internal",
            "private_dns_name_options": [
              {
                "enable_resource_name_dns_a_record": false,
                "enable_resource_name_dns_aaaa_record": false,
                "hostname_type": "ip-name"
              }
            ],
            "private_ip": "10.0.0.11",
            "public_dns": "ec2-3-35-48-55.ap-northeast-2.compute.amazonaws.com",
            "public_ip": "3.35.48.55",
            "root_block_device": [
              {
                "delete_on_termination": true,
                "device_name": "/dev/xvda",
                "encrypted": false,
                "iops": 100,
                "kms_key_id": "",
                "tags": {},
                "tags_all": {},
                "throughput": 0,
                "volume_id": "vol-0497b6b601f8a4322",
                "volume_size": 8,
                "volume_type": "gp2"
              }
            ],
            "secondary_private_ips": [],
            "security_groups": [],
            "source_dest_check": true,
            "spot_instance_request_id": "",
            "subnet_id": "subnet-03d0c1773356bddbe",
            "tags": {
              "Name": "seoul-weba"
            },
            "tags_all": {
              "Name": "seoul-weba"
            },
            "tenancy": "default",
            "timeouts": null,
            "user_data": "ff0b4ff0f6cf1f3139dc04857a761b23887d7a0d",
            "user_data_base64": null,
            "user_data_replace_on_change": false,
            "volume_tags": null,
            "vpc_security_group_ids": [
              "sg-0307d0060dabf575a",
              "sg-0cde15a5efc05d9ef"
            ]
          },
          "sensitive_attributes": [],
          "private": "eyJlMmJmYjczMC1lY2FhLTExZTYtOGY4OC0zNDM2M2JjN2M0YzAiOnsiY3JlYXRlIjo2MDAwMDAwMDAwMDAsImRlbGV0ZSI6MTIwMDAwMDAwMDAwMCwicmVhZCI6OTAwMDAwMDAwMDAwLCJ1cGRhdGUiOjYwMDAwMDAwMDAwMH0sInNjaGVtYV92ZXJzaW9uIjoiMSJ9",
          "dependencies": [
            "module.seoul.aws_security_group.ogurim_sg",
            "module.seoul.aws_security_group.ogurim_web_sg",
            "module.seoul.aws_subnet.ogurim_subnet",
            "module.seoul.aws_vpc.ogurim_vpc",
            "module.seoul.data.aws_ami.amzn"
          ]
        }
      ]
    },
    {
      "module": "module.seoul",
      "mode": "managed",
      "type": "aws_instance",
      "name": "ogurim_webc",
      "provider": "provider[\"registry.terraform.io/hashicorp/aws\"].seoul",
      "instances": [
        {
          "schema_version": 1,
          "attributes": {
            "ami": "ami-034a31ed1d34ef024",
            "arn": "arn:aws:ec2:ap-northeast-2:339713119714:instance/i-0efcd975a4c97bcac",
            "associate_public_ip_address": true,
            "availability_zone": "ap-northeast-2c",
            "capacity_reservation_specification": [
              {
                "capacity_reservation_preference": "open",
                "capacity_reservation_target": []
              }
            ],
            "cpu_core_count": 1,
            "cpu_options": [
              {
                "amd_sev_snp": "",
                "core_count": 1,
                "threads_per_core": 1
              }
            ],
            "cpu_threads_per_core": 1,
            "credit_specification": [
              {
                "cpu_credits": "standard"
              }
            ],
            "disable_api_stop": false,
            "disable_api_termination": false,
            "ebs_block_device": [],
            "ebs_optimized": false,
            "enclave_options": [
              {
                "enabled": false
              }
            ],
            "ephemeral_block_device": [],
            "get_password_data": false,
            "hibernation": false,
            "host_id": "",
            "host_resource_group_arn": null,
            "iam_instance_profile": "",
            "id": "i-0efcd975a4c97bcac",
            "instance_initiated_shutdown_behavior": "stop",
            "instance_lifecycle": "",
            "instance_market_options": [],
            "instance_state": "running",
            "instance_type": "t2.micro",
            "ipv6_address_count": 0,
            "ipv6_addresses": [],
            "key_name": "ogurim",
            "launch_template": [],
            "maintenance_options": [
              {
                "auto_recovery": "default"
              }
            ],
            "metadata_options": [
              {
                "http_endpoint": "enabled",
                "http_protocol_ipv6": "disabled",
                "http_put_response_hop_limit": 1,
                "http_tokens": "optional",
                "instance_metadata_tags": "disabled"
              }
            ],
            "monitoring": true,
            "network_interface": [],
            "outpost_arn": "",
            "password_data": "",
            "placement_group": "",
            "placement_partition_number": 0,
            "primary_network_interface_id": "eni-0f21470013362c60a",
            "private_dns": "ip-10-0-1-11.ap-northeast-2.compute.internal",
            "private_dns_name_options": [
              {
                "enable_resource_name_dns_a_record": false,
                "enable_resource_name_dns_aaaa_record": false,
                "hostname_type": "ip-name"
              }
            ],
            "private_ip": "10.0.1.11",
            "public_dns": "ec2-43-201-71-6.ap-northeast-2.compute.amazonaws.com",
            "public_ip": "43.201.71.6",
            "root_block_device": [
              {
                "delete_on_termination": true,
                "device_name": "/dev/xvda",
                "encrypted": false,
                "iops": 100,
                "kms_key_id": "",
                "tags": {},
                "tags_all": {},
                "throughput": 0,
                "volume_id": "vol-07a0dc9e394b6df19",
                "volume_size": 8,
                "volume_type": "gp2"
              }
            ],
            "secondary_private_ips": [],
            "security_groups": [],
            "source_dest_check": true,
            "spot_instance_request_id": "",
            "subnet_id": "subnet-06655fae0a473c906",
            "tags": {
              "Name": "seoul-webc"
            },
            "tags_all": {
              "Name": "seoul-webc"
            },
            "tenancy": "default",
            "timeouts": null,
            "user_data": "dd2cc4b3f63b3ace101bf1290207cf102086c2fb",
            "user_data_base64": null,
            "user_data_replace_on_change": false,
            "volume_tags": null,
            "vpc_security_group_ids": [
              "sg-0307d0060dabf575a",
              "sg-0cde15a5efc05d9ef"
            ]
          },
          "sensitive_attributes": [],
          "private": "eyJlMmJmYjczMC1lY2FhLTExZTYtOGY4OC0zNDM2M2JjN2M0YzAiOnsiY3JlYXRlIjo2MDAwMDAwMDAwMDAsImRlbGV0ZSI6MTIwMDAwMDAwMDAwMCwicmVhZCI6OTAwMDAwMDAwMDAwLCJ1cGRhdGUiOjYwMDAwMDAwMDAwMH0sInNjaGVtYV92ZXJzaW9uIjoiMSJ9",
          "dependencies": [
            "module.seoul.aws_security_group.ogurim_sg",
            "module.seoul.aws_security_group.ogurim_web_sg",
            "module.seoul.aws_subnet.ogurim_subnet",
            "module.seoul.aws_vpc.ogurim_vpc",
            "module.seoul.data.aws_ami.amzn"
          ]
        }
      ]
    },
    {
      "module": "module.seoul",
      "mode": "managed",
      "type": "aws_internet_gateway",
      "name": "ogurim_ig",
      "provider": "provider[\"registry.terraform.io/hashicorp/aws\"].seoul",
      "instances": [
        {
          "schema_version": 0,
          "attributes": {
            "arn": "arn:aws:ec2:ap-northeast-2:339713119714:internet-gateway/igw-09093f3d533f99c7b",
            "id": "igw-09093f3d533f99c7b",
            "owner_id": "339713119714",
            "tags": {
              "Name": "seoul-ig"
            },
            "tags_all": {
              "Name": "seoul-ig"
            },
            "timeouts": null,
            "vpc_id": "vpc-01f1d053222882b0a"
          },
          "sensitive_attributes": [],
          "private": "eyJlMmJmYjczMC1lY2FhLTExZTYtOGY4OC0zNDM2M2JjN2M0YzAiOnsiY3JlYXRlIjoxMjAwMDAwMDAwMDAwLCJkZWxldGUiOjEyMDAwMDAwMDAwMDAsInVwZGF0ZSI6MTIwMDAwMDAwMDAwMH19",
          "dependencies": [
            "module.seoul.aws_vpc.ogurim_vpc"
          ]
        }
      ]
    },
    {
      "module": "module.seoul",
      "mode": "managed",
      "type": "aws_key_pair",
      "name": "public_key",
      "provider": "provider[\"registry.terraform.io/hashicorp/aws\"].seoul",
      "instances": [
        {
          "schema_version": 1,
          "attributes": {
            "arn": "arn:aws:ec2:ap-northeast-2:339713119714:key-pair/ogurim",
            "fingerprint": "94:c3:0c:6e:b9:41:20:cf:b2:6d:3c:a7:a6:bf:c7:97",
            "id": "ogurim",
            "key_name": "ogurim",
            "key_name_prefix": "",
            "key_pair_id": "key-0b42f5c816864b1c2",
            "key_type": "rsa",
            "public_key": "ssh-rsa AAAAB3NzaC1yc2EAAAADAQABAAABgQC+j+3wlz0mWRpTpPm4ouBR9JWWpCo4Ku4i63sGIF/nm4/KTnwQhC/TQPoLblwvXgvCGlM23PXbrO3okaJJ9BpNsywo6Tli66nDNimMJgBSvLLNgzqbs+CfIxL7YiskefvptmDKSw4VgyP7Ap0CtbLB+VwCV2bVRLtgGEa8WNJYur+1fjTUhKnUXhWBbSliREKumB9CANSL/GwMtCzd9rO3B2t6qOA2Q6UkwV6GOp2jGfEF2bQusswLzymHqsyTHJ8pMq50xtQbwpRWtVRVsNwnPkZDDLhjsTxw01KJHb4KkK0UmLo4oskczxSxWGVAo3uOxxc0Iaznp6Kn9VyywedAjIbVZt5GXu0hELZizUb28D8srqPa1h3dsyvgzgRg3dgfFv+iJH6dvRoSZLuJ/dTduPic50ku6UkYPzeEKpa2h+PgqXTyFWiutFx2RRjsH1P6EJ3WZHErmAX0f72eC5GtizLEZUYmemYgZkPc7sLI/2GzIfmAkKJrURKWlahQxqk=",
            "tags": null,
            "tags_all": {}
          },
          "sensitive_attributes": [],
          "private": "eyJzY2hlbWFfdmVyc2lvbiI6IjEifQ=="
        }
      ]
    },
    {
      "module": "module.seoul",
      "mode": "managed",
      "type": "aws_launch_template",
      "name": "ogurim_lt",
      "provider": "provider[\"registry.terraform.io/hashicorp/aws\"].seoul",
      "instances": [
        {
          "schema_version": 0,
          "attributes": {
            "arn": "arn:aws:ec2:ap-northeast-2:339713119714:launch-template/lt-0a29397d74b44dae9",
            "block_device_mappings": [
              {
                "device_name": "/dev/sdd",
                "ebs": [
                  {
                    "delete_on_termination": "",
                    "encrypted": "",
                    "iops": 0,
                    "kms_key_id": "",
                    "snapshot_id": "",
                    "throughput": 0,
                    "volume_size": 10,
                    "volume_type": "gp2"
                  }
                ],
                "no_device": "",
                "virtual_name": ""
              }
            ],
            "capacity_reservation_specification": [],
            "cpu_options": [],
            "credit_specification": [],
            "default_version": 1,
            "description": "",
            "disable_api_stop": false,
            "disable_api_termination": false,
            "ebs_optimized": "",
            "elastic_gpu_specifications": [],
            "elastic_inference_accelerator": [],
            "enclave_options": [],
            "hibernation_options": [],
            "iam_instance_profile": [],
            "id": "lt-0a29397d74b44dae9",
            "image_id": "ami-04a32695539e89c88",
            "instance_initiated_shutdown_behavior": "",
            "instance_market_options": [],
            "instance_requirements": [],
            "instance_type": "t2.micro",
            "kernel_id": "",
            "key_name": "ogurim",
            "latest_version": 1,
            "license_specification": [],
            "maintenance_options": [],
            "metadata_options": [],
            "monitoring": [],
            "name": "seoul-lt",
            "name_prefix": "",
            "network_interfaces": [],
            "placement": [],
            "private_dns_name_options": [],
            "ram_disk_id": "",
            "security_group_names": null,
            "tag_specifications": [
              {
                "resource_type": "instance",
                "tags": {
                  "Name": "seoul-lt"
                }
              }
            ],
            "tags": null,
            "tags_all": {},
            "update_default_version": null,
            "user_data": "",
            "vpc_security_group_ids": [
              "sg-0307d0060dabf575a",
              "sg-0cde15a5efc05d9ef"
            ]
          },
          "sensitive_attributes": [],
          "private": "bnVsbA==",
          "dependencies": [
            "module.seoul.aws_ami_from_instance.ogurim_ami",
            "module.seoul.aws_instance.ogurim_weba",
            "module.seoul.aws_security_group.ogurim_sg",
            "module.seoul.aws_security_group.ogurim_web_sg",
            "module.seoul.aws_subnet.ogurim_subnet",
            "module.seoul.aws_vpc.ogurim_vpc",
            "module.seoul.data.aws_ami.amzn"
          ]
        }
      ]
    },
    {
      "module": "module.seoul",
      "mode": "managed",
      "type": "aws_lb",
      "name": "ogurim_lb",
      "provider": "provider[\"registry.terraform.io/hashicorp/aws\"].seoul",
      "instances": [
        {
          "schema_version": 0,
          "attributes": {
            "access_logs": [
              {
                "bucket": "",
                "enabled": false,
                "prefix": ""
              }
            ],
            "arn": "arn:aws:elasticloadbalancing:ap-northeast-2:339713119714:loadbalancer/app/seoul-lb/33db51b5d3c026c0",
            "arn_suffix": "app/seoul-lb/33db51b5d3c026c0",
            "client_keep_alive": 3600,
            "connection_logs": [
              {
                "bucket": "",
                "enabled": false,
                "prefix": ""
              }
            ],
            "customer_owned_ipv4_pool": "",
            "desync_mitigation_mode": "defensive",
            "dns_name": "seoul-lb-70433515.ap-northeast-2.elb.amazonaws.com",
            "dns_record_client_routing_policy": null,
            "drop_invalid_header_fields": false,
            "enable_cross_zone_load_balancing": true,
            "enable_deletion_protection": false,
            "enable_http2": true,
            "enable_tls_version_and_cipher_suite_headers": false,
            "enable_waf_fail_open": false,
            "enable_xff_client_port": false,
            "enforce_security_group_inbound_rules_on_private_link_traffic": "",
            "id": "arn:aws:elasticloadbalancing:ap-northeast-2:339713119714:loadbalancer/app/seoul-lb/33db51b5d3c026c0",
            "idle_timeout": 60,
            "internal": false,
            "ip_address_type": "ipv4",
            "load_balancer_type": "application",
            "name": "seoul-lb",
            "name_prefix": "",
            "preserve_host_header": false,
            "security_groups": [
              "sg-0307d0060dabf575a",
              "sg-0cde15a5efc05d9ef"
            ],
            "subnet_mapping": [
              {
                "allocation_id": "",
                "ipv6_address": "",
                "outpost_id": "",
                "private_ipv4_address": "",
                "subnet_id": "subnet-03d0c1773356bddbe"
              },
              {
                "allocation_id": "",
                "ipv6_address": "",
                "outpost_id": "",
                "private_ipv4_address": "",
                "subnet_id": "subnet-06655fae0a473c906"
              }
            ],
            "subnets": [
              "subnet-03d0c1773356bddbe",
              "subnet-06655fae0a473c906"
            ],
            "tags": {
              "Name": "seoul-lb"
            },
            "tags_all": {
              "Name": "seoul-lb"
            },
            "timeouts": null,
            "vpc_id": "vpc-01f1d053222882b0a",
            "xff_header_processing_mode": "append",
            "zone_id": "ZWKZPGTI48KDX"
          },
          "sensitive_attributes": [],
          "private": "eyJlMmJmYjczMC1lY2FhLTExZTYtOGY4OC0zNDM2M2JjN2M0YzAiOnsiY3JlYXRlIjo2MDAwMDAwMDAwMDAsImRlbGV0ZSI6NjAwMDAwMDAwMDAwLCJ1cGRhdGUiOjYwMDAwMDAwMDAwMH19",
          "dependencies": [
            "module.seoul.aws_security_group.ogurim_sg",
            "module.seoul.aws_security_group.ogurim_web_sg",
            "module.seoul.aws_subnet.ogurim_subnet",
            "module.seoul.aws_vpc.ogurim_vpc"
          ]
        }
      ]
    },
    {
      "module": "module.seoul",
      "mode": "managed",
      "type": "aws_lb_listener",
      "name": "ogurim_albli",
      "provider": "provider[\"registry.terraform.io/hashicorp/aws\"].seoul",
      "instances": [
        {
          "schema_version": 0,
          "attributes": {
            "alpn_policy": null,
            "arn": "arn:aws:elasticloadbalancing:ap-northeast-2:339713119714:listener/app/seoul-lb/33db51b5d3c026c0/330e6a01eb6b9484",
            "certificate_arn": null,
            "default_action": [
              {
                "authenticate_cognito": [],
                "authenticate_oidc": [],
                "fixed_response": [],
                "forward": [],
                "order": 1,
                "redirect": [],
                "target_group_arn": "arn:aws:elasticloadbalancing:ap-northeast-2:339713119714:targetgroup/seoul-albtg/d069c8ae6c610c95",
                "type": "forward"
              }
            ],
            "id": "arn:aws:elasticloadbalancing:ap-northeast-2:339713119714:listener/app/seoul-lb/33db51b5d3c026c0/330e6a01eb6b9484",
            "load_balancer_arn": "arn:aws:elasticloadbalancing:ap-northeast-2:339713119714:loadbalancer/app/seoul-lb/33db51b5d3c026c0",
            "mutual_authentication": [],
            "port": 80,
            "protocol": "HTTP",
            "ssl_policy": "",
            "tags": {
              "Name": "seoul-albli"
            },
            "tags_all": {
              "Name": "seoul-albli"
            },
            "timeouts": null
          },
          "sensitive_attributes": [],
          "private": "eyJlMmJmYjczMC1lY2FhLTExZTYtOGY4OC0zNDM2M2JjN2M0YzAiOnsiY3JlYXRlIjozMDAwMDAwMDAwMDAsInVwZGF0ZSI6MzAwMDAwMDAwMDAwfX0=",
          "dependencies": [
            "module.seoul.aws_lb.ogurim_lb",
            "module.seoul.aws_lb_target_group.ogurim_albtg",
            "module.seoul.aws_security_group.ogurim_sg",
            "module.seoul.aws_security_group.ogurim_web_sg",
            "module.seoul.aws_subnet.ogurim_subnet",
            "module.seoul.aws_vpc.ogurim_vpc"
          ]
        }
      ]
    },
    {
      "module": "module.seoul",
      "mode": "managed",
      "type": "aws_lb_target_group",
      "name": "ogurim_albtg",
      "provider": "provider[\"registry.terraform.io/hashicorp/aws\"].seoul",
      "instances": [
        {
          "schema_version": 0,
          "attributes": {
            "arn": "arn:aws:elasticloadbalancing:ap-northeast-2:339713119714:targetgroup/seoul-albtg/d069c8ae6c610c95",
            "arn_suffix": "targetgroup/seoul-albtg/d069c8ae6c610c95",
            "connection_termination": null,
            "deregistration_delay": "300",
            "health_check": [
              {
                "enabled": true,
                "healthy_threshold": 2,
                "interval": 5,
                "matcher": "200",
                "path": "/index.html",
                "port": "traffic-port",
                "protocol": "HTTP",
                "timeout": 3,
                "unhealthy_threshold": 3
              }
            ],
            "id": "arn:aws:elasticloadbalancing:ap-northeast-2:339713119714:targetgroup/seoul-albtg/d069c8ae6c610c95",
            "ip_address_type": "ipv4",
            "lambda_multi_value_headers_enabled": false,
            "load_balancer_arns": [],
            "load_balancing_algorithm_type": "round_robin",
            "load_balancing_anomaly_mitigation": "off",
            "load_balancing_cross_zone_enabled": "use_load_balancer_configuration",
            "name": "seoul-albtg",
            "name_prefix": "",
            "port": 80,
            "preserve_client_ip": null,
            "protocol": "HTTP",
            "protocol_version": "HTTP1",
            "proxy_protocol_v2": false,
            "slow_start": 0,
            "stickiness": [
              {
                "cookie_duration": 86400,
                "cookie_name": "",
                "enabled": false,
                "type": "lb_cookie"
              }
            ],
            "tags": {
              "Name": "seoul-albtg"
            },
            "tags_all": {
              "Name": "seoul-albtg"
            },
            "target_failover": [
              {
                "on_deregistration": null,
                "on_unhealthy": null
              }
            ],
            "target_health_state": [
              {
                "enable_unhealthy_connection_termination": null
              }
            ],
            "target_type": "instance",
            "vpc_id": "vpc-01f1d053222882b0a"
          },
          "sensitive_attributes": [],
          "private": "bnVsbA==",
          "dependencies": [
            "module.seoul.aws_vpc.ogurim_vpc"
          ]
        }
      ]
    },
    {
      "module": "module.seoul",
      "mode": "managed",
      "type": "aws_nat_gateway",
      "name": "ogurim_nig",
      "provider": "provider[\"registry.terraform.io/hashicorp/aws\"].seoul",
      "instances": [
        {
          "schema_version": 0,
          "attributes": {
            "allocation_id": "eipalloc-0692c9c5fadee9b5c",
            "association_id": "eipassoc-0d7a56389df882bda",
            "connectivity_type": "public",
            "id": "nat-0d7b57f92e18c6f75",
            "network_interface_id": "eni-0f71777439399599f",
            "private_ip": "10.0.0.21",
            "public_ip": "43.200.229.8",
            "secondary_allocation_ids": null,
            "secondary_private_ip_address_count": 0,
            "secondary_private_ip_addresses": [],
            "subnet_id": "subnet-03d0c1773356bddbe",
            "tags": {
              "Name": "seoul-nig"
            },
            "tags_all": {
              "Name": "seoul-nig"
            },
            "timeouts": null
          },
          "sensitive_attributes": [],
          "private": "eyJlMmJmYjczMC1lY2FhLTExZTYtOGY4OC0zNDM2M2JjN2M0YzAiOnsiY3JlYXRlIjo2MDAwMDAwMDAwMDAsImRlbGV0ZSI6MTgwMDAwMDAwMDAwMCwidXBkYXRlIjo2MDAwMDAwMDAwMDB9fQ==",
          "dependencies": [
            "module.seoul.aws_eip.ogurim_eip",
            "module.seoul.aws_internet_gateway.ogurim_ig",
            "module.seoul.aws_subnet.ogurim_subnet",
            "module.seoul.aws_vpc.ogurim_vpc"
          ]
        }
      ]
    },
    {
      "module": "module.seoul",
      "mode": "managed",
      "type": "aws_route53_record",
      "name": "www",
      "provider": "provider[\"registry.terraform.io/hashicorp/aws\"].seoul",
      "instances": [
        {
          "schema_version": 2,
          "attributes": {
            "alias": [
              {
                "evaluate_target_health": true,
                "name": "seoul-lb-70433515.ap-northeast-2.elb.amazonaws.com",
                "zone_id": "ZWKZPGTI48KDX"
              }
            ],
            "allow_overwrite": null,
            "cidr_routing_policy": [],
            "failover_routing_policy": [],
            "fqdn": "www.ogurim.store",
            "geolocation_routing_policy": [],
            "geoproximity_routing_policy": [],
            "health_check_id": "",
            "id": "Z1025031M0GXXKK81G1L_www.ogurim.store_A",
            "latency_routing_policy": [],
            "multivalue_answer_routing_policy": false,
            "name": "www.ogurim.store",
            "records": null,
            "set_identifier": "",
            "ttl": 0,
            "type": "A",
            "weighted_routing_policy": [],
            "zone_id": "Z1025031M0GXXKK81G1L"
          },
          "sensitive_attributes": [],
          "private": "eyJzY2hlbWFfdmVyc2lvbiI6IjIifQ==",
          "dependencies": [
            "module.seoul.aws_lb.ogurim_lb",
            "module.seoul.aws_route53_zone.ogurim_zone",
            "module.seoul.aws_security_group.ogurim_sg",
            "module.seoul.aws_security_group.ogurim_web_sg",
            "module.seoul.aws_subnet.ogurim_subnet",
            "module.seoul.aws_vpc.ogurim_vpc"
          ]
        }
      ]
    },
    {
      "module": "module.seoul",
      "mode": "managed",
      "type": "aws_route53_zone",
      "name": "ogurim_zone",
      "provider": "provider[\"registry.terraform.io/hashicorp/aws\"].seoul",
      "instances": [
        {
          "schema_version": 0,
          "attributes": {
            "arn": "arn:aws:route53:::hostedzone/Z1025031M0GXXKK81G1L",
            "comment": "Managed by Terraform",
            "delegation_set_id": "",
            "force_destroy": false,
            "id": "Z1025031M0GXXKK81G1L",
            "name": "ogurim.store",
            "name_servers": [
              "ns-1101.awsdns-09.org",
              "ns-1559.awsdns-02.co.uk",
              "ns-436.awsdns-54.com",
              "ns-577.awsdns-08.net"
            ],
            "primary_name_server": "ns-577.awsdns-08.net",
            "tags": {
              "Name": "ogurim-zone"
            },
            "tags_all": {
              "Name": "ogurim-zone"
            },
            "vpc": [],
            "zone_id": "Z1025031M0GXXKK81G1L"
          },
          "sensitive_attributes": [],
          "private": "bnVsbA=="
        }
      ]
    },
    {
      "module": "module.seoul",
      "mode": "managed",
      "type": "aws_route_table",
      "name": "ogurim_nrt",
      "provider": "provider[\"registry.terraform.io/hashicorp/aws\"].seoul",
      "instances": [
        {
          "schema_version": 0,
          "attributes": {
            "arn": "arn:aws:ec2:ap-northeast-2:339713119714:route-table/rtb-0316651e9b289a724",
            "id": "rtb-0316651e9b289a724",
            "owner_id": "339713119714",
            "propagating_vgws": [],
            "route": [
              {
                "carrier_gateway_id": "",
                "cidr_block": "0.0.0.0/0",
                "core_network_arn": "",
                "destination_prefix_list_id": "",
                "egress_only_gateway_id": "",
                "gateway_id": "nat-0d7b57f92e18c6f75",
                "ipv6_cidr_block": "",
                "local_gateway_id": "",
                "nat_gateway_id": "",
                "network_interface_id": "",
                "transit_gateway_id": "",
                "vpc_endpoint_id": "",
                "vpc_peering_connection_id": ""
              }
            ],
            "tags": {
              "Name": "seoul-nrt"
            },
            "tags_all": {
              "Name": "seoul-nrt"
            },
            "timeouts": null,
            "vpc_id": "vpc-01f1d053222882b0a"
          },
          "sensitive_attributes": [],
          "private": "eyJlMmJmYjczMC1lY2FhLTExZTYtOGY4OC0zNDM2M2JjN2M0YzAiOnsiY3JlYXRlIjozMDAwMDAwMDAwMDAsImRlbGV0ZSI6MzAwMDAwMDAwMDAwLCJ1cGRhdGUiOjEyMDAwMDAwMDAwMH19",
          "dependencies": [
            "module.seoul.aws_eip.ogurim_eip",
            "module.seoul.aws_internet_gateway.ogurim_ig",
            "module.seoul.aws_nat_gateway.ogurim_nig",
            "module.seoul.aws_subnet.ogurim_subnet",
            "module.seoul.aws_vpc.ogurim_vpc"
          ]
        }
      ]
    },
    {
      "module": "module.seoul",
      "mode": "managed",
      "type": "aws_route_table",
      "name": "ogurim_rt",
      "provider": "provider[\"registry.terraform.io/hashicorp/aws\"].seoul",
      "instances": [
        {
          "schema_version": 0,
          "attributes": {
            "arn": "arn:aws:ec2:ap-northeast-2:339713119714:route-table/rtb-056a186448fbf2be9",
            "id": "rtb-056a186448fbf2be9",
            "owner_id": "339713119714",
            "propagating_vgws": [],
            "route": [
              {
                "carrier_gateway_id": "",
                "cidr_block": "0.0.0.0/0",
                "core_network_arn": "",
                "destination_prefix_list_id": "",
                "egress_only_gateway_id": "",
                "gateway_id": "igw-09093f3d533f99c7b",
                "ipv6_cidr_block": "",
                "local_gateway_id": "",
                "nat_gateway_id": "",
                "network_interface_id": "",
                "transit_gateway_id": "",
                "vpc_endpoint_id": "",
                "vpc_peering_connection_id": ""
              }
            ],
            "tags": {
              "Name": "seoul-rt"
            },
            "tags_all": {
              "Name": "seoul-rt"
            },
            "timeouts": null,
            "vpc_id": "vpc-01f1d053222882b0a"
          },
          "sensitive_attributes": [],
          "private": "eyJlMmJmYjczMC1lY2FhLTExZTYtOGY4OC0zNDM2M2JjN2M0YzAiOnsiY3JlYXRlIjozMDAwMDAwMDAwMDAsImRlbGV0ZSI6MzAwMDAwMDAwMDAwLCJ1cGRhdGUiOjEyMDAwMDAwMDAwMH19",
          "dependencies": [
            "module.seoul.aws_internet_gateway.ogurim_ig",
            "module.seoul.aws_vpc.ogurim_vpc"
          ]
        }
      ]
    },
    {
      "module": "module.seoul",
      "mode": "managed",
      "type": "aws_route_table_association",
      "name": "ogurim_nrtas_d",
      "provider": "provider[\"registry.terraform.io/hashicorp/aws\"].seoul",
      "instances": [
        {
          "index_key": 0,
          "schema_version": 0,
          "attributes": {
            "gateway_id": "",
            "id": "rtbassoc-0bbd2ebf0eb35158c",
            "route_table_id": "rtb-0316651e9b289a724",
            "subnet_id": "subnet-0c2c9d8f346dff99c",
            "timeouts": null
          },
          "sensitive_attributes": [],
          "private": "eyJlMmJmYjczMC1lY2FhLTExZTYtOGY4OC0zNDM2M2JjN2M0YzAiOnsiY3JlYXRlIjozMDAwMDAwMDAwMDAsImRlbGV0ZSI6MzAwMDAwMDAwMDAwLCJ1cGRhdGUiOjEyMDAwMDAwMDAwMH19",
          "dependencies": [
            "module.seoul.aws_eip.ogurim_eip",
            "module.seoul.aws_internet_gateway.ogurim_ig",
            "module.seoul.aws_nat_gateway.ogurim_nig",
            "module.seoul.aws_route_table.ogurim_nrt",
            "module.seoul.aws_subnet.ogurim_subnet",
            "module.seoul.aws_vpc.ogurim_vpc"
          ]
        },
        {
          "index_key": 1,
          "schema_version": 0,
          "attributes": {
            "gateway_id": "",
            "id": "rtbassoc-01eacf574cc680019",
            "route_table_id": "rtb-0316651e9b289a724",
            "subnet_id": "subnet-0076148b0d0c9d9af",
            "timeouts": null
          },
          "sensitive_attributes": [],
          "private": "eyJlMmJmYjczMC1lY2FhLTExZTYtOGY4OC0zNDM2M2JjN2M0YzAiOnsiY3JlYXRlIjozMDAwMDAwMDAwMDAsImRlbGV0ZSI6MzAwMDAwMDAwMDAwLCJ1cGRhdGUiOjEyMDAwMDAwMDAwMH19",
          "dependencies": [
            "module.seoul.aws_eip.ogurim_eip",
            "module.seoul.aws_internet_gateway.ogurim_ig",
            "module.seoul.aws_nat_gateway.ogurim_nig",
            "module.seoul.aws_route_table.ogurim_nrt",
            "module.seoul.aws_subnet.ogurim_subnet",
            "module.seoul.aws_vpc.ogurim_vpc"
          ]
        }
      ]
    },
    {
      "module": "module.seoul",
      "mode": "managed",
      "type": "aws_route_table_association",
      "name": "ogurim_nrtas_w",
      "provider": "provider[\"registry.terraform.io/hashicorp/aws\"].seoul",
      "instances": [
        {
          "index_key": 0,
          "schema_version": 0,
          "attributes": {
            "gateway_id": "",
            "id": "rtbassoc-0eb539be92337e963",
            "route_table_id": "rtb-0316651e9b289a724",
            "subnet_id": "subnet-0c3c7b4aa1666892a",
            "timeouts": null
          },
          "sensitive_attributes": [],
          "private": "eyJlMmJmYjczMC1lY2FhLTExZTYtOGY4OC0zNDM2M2JjN2M0YzAiOnsiY3JlYXRlIjozMDAwMDAwMDAwMDAsImRlbGV0ZSI6MzAwMDAwMDAwMDAwLCJ1cGRhdGUiOjEyMDAwMDAwMDAwMH19",
          "dependencies": [
            "module.seoul.aws_eip.ogurim_eip",
            "module.seoul.aws_internet_gateway.ogurim_ig",
            "module.seoul.aws_nat_gateway.ogurim_nig",
            "module.seoul.aws_route_table.ogurim_nrt",
            "module.seoul.aws_subnet.ogurim_subnet",
            "module.seoul.aws_vpc.ogurim_vpc"
          ]
        },
        {
          "index_key": 1,
          "schema_version": 0,
          "attributes": {
            "gateway_id": "",
            "id": "rtbassoc-0119b311b39e2d412",
            "route_table_id": "rtb-0316651e9b289a724",
            "subnet_id": "subnet-0a7023576bb63dc83",
            "timeouts": null
          },
          "sensitive_attributes": [],
          "private": "eyJlMmJmYjczMC1lY2FhLTExZTYtOGY4OC0zNDM2M2JjN2M0YzAiOnsiY3JlYXRlIjozMDAwMDAwMDAwMDAsImRlbGV0ZSI6MzAwMDAwMDAwMDAwLCJ1cGRhdGUiOjEyMDAwMDAwMDAwMH19",
          "dependencies": [
            "module.seoul.aws_eip.ogurim_eip",
            "module.seoul.aws_internet_gateway.ogurim_ig",
            "module.seoul.aws_nat_gateway.ogurim_nig",
            "module.seoul.aws_route_table.ogurim_nrt",
            "module.seoul.aws_subnet.ogurim_subnet",
            "module.seoul.aws_vpc.ogurim_vpc"
          ]
        }
      ]
    },
    {
      "module": "module.seoul",
      "mode": "managed",
      "type": "aws_route_table_association",
      "name": "ogurim_rtas",
      "provider": "provider[\"registry.terraform.io/hashicorp/aws\"].seoul",
      "instances": [
        {
          "index_key": 0,
          "schema_version": 0,
          "attributes": {
            "gateway_id": "",
            "id": "rtbassoc-0518dd8fc65691377",
            "route_table_id": "rtb-056a186448fbf2be9",
            "subnet_id": "subnet-03d0c1773356bddbe",
            "timeouts": null
          },
          "sensitive_attributes": [],
          "private": "eyJlMmJmYjczMC1lY2FhLTExZTYtOGY4OC0zNDM2M2JjN2M0YzAiOnsiY3JlYXRlIjozMDAwMDAwMDAwMDAsImRlbGV0ZSI6MzAwMDAwMDAwMDAwLCJ1cGRhdGUiOjEyMDAwMDAwMDAwMH19",
          "dependencies": [
            "module.seoul.aws_internet_gateway.ogurim_ig",
            "module.seoul.aws_route_table.ogurim_rt",
            "module.seoul.aws_subnet.ogurim_subnet",
            "module.seoul.aws_vpc.ogurim_vpc"
          ]
        },
        {
          "index_key": 1,
          "schema_version": 0,
          "attributes": {
            "gateway_id": "",
            "id": "rtbassoc-077fdb2c41e3771a7",
            "route_table_id": "rtb-056a186448fbf2be9",
            "subnet_id": "subnet-06655fae0a473c906",
            "timeouts": null
          },
          "sensitive_attributes": [],
          "private": "eyJlMmJmYjczMC1lY2FhLTExZTYtOGY4OC0zNDM2M2JjN2M0YzAiOnsiY3JlYXRlIjozMDAwMDAwMDAwMDAsImRlbGV0ZSI6MzAwMDAwMDAwMDAwLCJ1cGRhdGUiOjEyMDAwMDAwMDAwMH19",
          "dependencies": [
            "module.seoul.aws_internet_gateway.ogurim_ig",
            "module.seoul.aws_route_table.ogurim_rt",
            "module.seoul.aws_subnet.ogurim_subnet",
            "module.seoul.aws_vpc.ogurim_vpc"
          ]
        }
      ]
    },
    {
      "module": "module.seoul",
      "mode": "managed",
      "type": "aws_s3_bucket",
      "name": "www_bk",
      "provider": "provider[\"registry.terraform.io/hashicorp/aws\"].seoul",
      "instances": [
        {
          "schema_version": 0,
          "attributes": {
            "acceleration_status": "",
            "acl": null,
            "arn": "arn:aws:s3:::www.ogurim.store",
            "bucket": "www.ogurim.store",
            "bucket_domain_name": "www.ogurim.store.s3.amazonaws.com",
            "bucket_prefix": "",
            "bucket_regional_domain_name": "www.ogurim.store.s3.ap-northeast-2.amazonaws.com",
            "cors_rule": [],
            "force_destroy": false,
            "grant": [
              {
                "id": "bbfcda275764eb2f79608354ea118b62a5544cda9de8b39015d3e1163230388c",
                "permissions": [
                  "FULL_CONTROL"
                ],
                "type": "CanonicalUser",
                "uri": ""
              }
            ],
            "hosted_zone_id": "Z3W03O7B5YMIYP",
            "id": "www.ogurim.store",
            "lifecycle_rule": [],
            "logging": [],
            "object_lock_configuration": [],
            "object_lock_enabled": false,
            "policy": "",
            "region": "ap-northeast-2",
            "replication_configuration": [],
            "request_payer": "BucketOwner",
            "server_side_encryption_configuration": [
              {
                "rule": [
                  {
                    "apply_server_side_encryption_by_default": [
                      {
                        "kms_master_key_id": "",
                        "sse_algorithm": "AES256"
                      }
                    ],
                    "bucket_key_enabled": false
                  }
                ]
              }
            ],
            "tags": {
              "Name": "www.ogurim.store"
            },
            "tags_all": {
              "Name": "www.ogurim.store"
            },
            "timeouts": null,
            "versioning": [
              {
                "enabled": false,
                "mfa_delete": false
              }
            ],
            "website": [],
            "website_domain": null,
            "website_endpoint": null
          },
          "sensitive_attributes": [],
          "private": "eyJlMmJmYjczMC1lY2FhLTExZTYtOGY4OC0zNDM2M2JjN2M0YzAiOnsiY3JlYXRlIjoxMjAwMDAwMDAwMDAwLCJkZWxldGUiOjM2MDAwMDAwMDAwMDAsInJlYWQiOjEyMDAwMDAwMDAwMDAsInVwZGF0ZSI6MTIwMDAwMDAwMDAwMH19"
        }
      ]
    },
    {
      "module": "module.seoul",
      "mode": "managed",
      "type": "aws_s3_bucket_acl",
      "name": "www_bk_acl",
      "provider": "provider[\"registry.terraform.io/hashicorp/aws\"].seoul",
      "instances": [
        {
          "schema_version": 0,
          "attributes": {
            "access_control_policy": [
              {
                "grant": [
                  {
                    "grantee": [
                      {
                        "display_name": "",
                        "email_address": "",
                        "id": "",
                        "type": "Group",
                        "uri": "http://acs.amazonaws.com/groups/global/AllUsers"
                      }
                    ],
                    "permission": "READ"
                  },
                  {
                    "grantee": [
                      {
                        "display_name": "",
                        "email_address": "",
                        "id": "bbfcda275764eb2f79608354ea118b62a5544cda9de8b39015d3e1163230388c",
                        "type": "CanonicalUser",
                        "uri": ""
                      }
                    ],
                    "permission": "FULL_CONTROL"
                  }
                ],
                "owner": [
                  {
                    "display_name": "",
                    "id": "bbfcda275764eb2f79608354ea118b62a5544cda9de8b39015d3e1163230388c"
                  }
                ]
              }
            ],
            "acl": "public-read",
            "bucket": "www.ogurim.store",
            "expected_bucket_owner": "",
            "id": "www.ogurim.store,public-read"
          },
          "sensitive_attributes": [],
          "private": "bnVsbA==",
          "dependencies": [
            "module.seoul.aws_s3_bucket.www_bk",
            "module.seoul.aws_s3_bucket_ownership_controls.www_bk_oc",
            "module.seoul.aws_s3_bucket_public_access_block.www_bk_ab"
          ]
        }
      ]
    },
    {
      "module": "module.seoul",
      "mode": "managed",
      "type": "aws_s3_bucket_ownership_controls",
      "name": "www_bk_oc",
      "provider": "provider[\"registry.terraform.io/hashicorp/aws\"].seoul",
      "instances": [
        {
          "schema_version": 0,
          "attributes": {
            "bucket": "www.ogurim.store",
            "id": "www.ogurim.store",
            "rule": [
              {
                "object_ownership": "BucketOwnerPreferred"
              }
            ]
          },
          "sensitive_attributes": [],
          "private": "bnVsbA==",
          "dependencies": [
            "module.seoul.aws_s3_bucket.www_bk"
          ]
        }
      ]
    },
    {
      "module": "module.seoul",
      "mode": "managed",
      "type": "aws_s3_bucket_public_access_block",
      "name": "www_bk_ab",
      "provider": "provider[\"registry.terraform.io/hashicorp/aws\"].seoul",
      "instances": [
        {
          "schema_version": 0,
          "attributes": {
            "block_public_acls": false,
            "block_public_policy": false,
            "bucket": "www.ogurim.store",
            "id": "www.ogurim.store",
            "ignore_public_acls": false,
            "restrict_public_buckets": false
          },
          "sensitive_attributes": [],
          "private": "bnVsbA==",
          "dependencies": [
            "module.seoul.aws_s3_bucket.www_bk"
          ]
        }
      ]
    },
    {
      "module": "module.seoul",
      "mode": "managed",
      "type": "aws_s3_bucket_website_configuration",
      "name": "ogurim_website",
      "provider": "provider[\"registry.terraform.io/hashicorp/aws\"].seoul",
      "instances": [
        {
          "schema_version": 0,
          "attributes": {
            "bucket": "www.ogurim.store",
            "error_document": [
              {
                "key": "error.html"
              }
            ],
            "expected_bucket_owner": "",
            "id": "www.ogurim.store",
            "index_document": [
              {
                "suffix": "index.html"
              }
            ],
            "redirect_all_requests_to": [],
            "routing_rule": [],
            "routing_rules": "",
            "website_domain": "s3-website.ap-northeast-2.amazonaws.com",
            "website_endpoint": "www.ogurim.store.s3-website.ap-northeast-2.amazonaws.com"
          },
          "sensitive_attributes": [],
          "private": "bnVsbA==",
          "dependencies": [
            "module.seoul.aws_s3_bucket.www_bk"
          ]
        }
      ]
    },
    {
      "module": "module.seoul",
      "mode": "managed",
      "type": "aws_s3_object",
      "name": "error_file",
      "provider": "provider[\"registry.terraform.io/hashicorp/aws\"].seoul",
      "instances": [
        {
          "schema_version": 0,
          "attributes": {
            "acl": "public-read",
            "arn": "arn:aws:s3:::www.ogurim.store/error.html",
            "bucket": "www.ogurim.store",
            "bucket_key_enabled": false,
            "cache_control": "",
            "checksum_algorithm": null,
            "checksum_crc32": "",
            "checksum_crc32c": "",
            "checksum_sha1": "",
            "checksum_sha256": "",
            "content": null,
            "content_base64": null,
            "content_disposition": "",
            "content_encoding": "",
            "content_language": "",
            "content_type": "application/octet-stream",
            "etag": "9a98bf6cbe923b6a8897fe58bd0a60c2",
            "force_destroy": false,
            "id": "error.html",
            "key": "error.html",
            "kms_key_id": null,
            "metadata": null,
            "object_lock_legal_hold_status": "",
            "object_lock_mode": "",
            "object_lock_retain_until_date": "",
            "override_provider": [],
            "server_side_encryption": "AES256",
            "source": "./resources/error.html",
            "source_hash": null,
            "storage_class": "STANDARD",
            "tags": null,
            "tags_all": {},
            "version_id": "",
            "website_redirect": ""
          },
          "sensitive_attributes": [],
          "private": "bnVsbA==",
          "dependencies": [
            "module.seoul.aws_s3_bucket.www_bk",
            "module.seoul.aws_s3_bucket_acl.www_bk_acl",
            "module.seoul.aws_s3_bucket_ownership_controls.www_bk_oc",
            "module.seoul.aws_s3_bucket_public_access_block.www_bk_ab"
          ]
        }
      ]
    },
    {
      "module": "module.seoul",
      "mode": "managed",
      "type": "aws_s3_object",
      "name": "img_file",
      "provider": "provider[\"registry.terraform.io/hashicorp/aws\"].seoul",
      "instances": [
        {
          "schema_version": 0,
          "attributes": {
            "acl": "public-read",
            "arn": "arn:aws:s3:::www.ogurim.store/1.png",
            "bucket": "www.ogurim.store",
            "bucket_key_enabled": false,
            "cache_control": "",
            "checksum_algorithm": null,
            "checksum_crc32": "",
            "checksum_crc32c": "",
            "checksum_sha1": "",
            "checksum_sha256": "",
            "content": null,
            "content_base64": null,
            "content_disposition": "",
            "content_encoding": "",
            "content_language": "",
            "content_type": "application/octet-stream",
            "etag": "dd6a44d9570c55d3d48e5e6e402fefd6",
            "force_destroy": false,
            "id": "1.png",
            "key": "1.png",
            "kms_key_id": null,
            "metadata": null,
            "object_lock_legal_hold_status": "",
            "object_lock_mode": "",
            "object_lock_retain_until_date": "",
            "override_provider": [],
            "server_side_encryption": "AES256",
            "source": "./resources/1.png",
            "source_hash": null,
            "storage_class": "STANDARD",
            "tags": null,
            "tags_all": {},
            "version_id": "",
            "website_redirect": ""
          },
          "sensitive_attributes": [],
          "private": "bnVsbA==",
          "dependencies": [
            "module.seoul.aws_s3_bucket.www_bk",
            "module.seoul.aws_s3_bucket_acl.www_bk_acl",
            "module.seoul.aws_s3_bucket_ownership_controls.www_bk_oc",
            "module.seoul.aws_s3_bucket_public_access_block.www_bk_ab"
          ]
        }
      ]
    },
    {
      "module": "module.seoul",
      "mode": "managed",
      "type": "aws_s3_object",
      "name": "index_file",
      "provider": "provider[\"registry.terraform.io/hashicorp/aws\"].seoul",
      "instances": [
        {
          "schema_version": 0,
          "attributes": {
            "acl": "public-read",
            "arn": "arn:aws:s3:::www.ogurim.store/index.html",
            "bucket": "www.ogurim.store",
            "bucket_key_enabled": false,
            "cache_control": "",
            "checksum_algorithm": null,
            "checksum_crc32": "",
            "checksum_crc32c": "",
            "checksum_sha1": "",
            "checksum_sha256": "",
            "content": null,
            "content_base64": null,
            "content_disposition": "",
            "content_encoding": "",
            "content_language": "",
            "content_type": "application/octet-stream",
            "etag": "295ece60c30bc09b13be06b23e823571",
            "force_destroy": false,
            "id": "index.html",
            "key": "index.html",
            "kms_key_id": null,
            "metadata": null,
            "object_lock_legal_hold_status": "",
            "object_lock_mode": "",
            "object_lock_retain_until_date": "",
            "override_provider": [],
            "server_side_encryption": "AES256",
            "source": "./resources/index.html",
            "source_hash": null,
            "storage_class": "STANDARD",
            "tags": null,
            "tags_all": {},
            "version_id": "",
            "website_redirect": ""
          },
          "sensitive_attributes": [],
          "private": "bnVsbA==",
          "dependencies": [
            "module.seoul.aws_s3_bucket.www_bk",
            "module.seoul.aws_s3_bucket_acl.www_bk_acl",
            "module.seoul.aws_s3_bucket_ownership_controls.www_bk_oc",
            "module.seoul.aws_s3_bucket_public_access_block.www_bk_ab"
          ]
        }
      ]
    },
    {
      "module": "module.seoul",
      "mode": "managed",
      "type": "aws_s3_object",
      "name": "style_file",
      "provider": "provider[\"registry.terraform.io/hashicorp/aws\"].seoul",
      "instances": [
        {
          "schema_version": 0,
          "attributes": {
            "acl": "public-read",
            "arn": "arn:aws:s3:::www.ogurim.store/styles.css",
            "bucket": "www.ogurim.store",
            "bucket_key_enabled": false,
            "cache_control": "",
            "checksum_algorithm": null,
            "checksum_crc32": "",
            "checksum_crc32c": "",
            "checksum_sha1": "",
            "checksum_sha256": "",
            "content": null,
            "content_base64": null,
            "content_disposition": "",
            "content_encoding": "",
            "content_language": "",
            "content_type": "application/octet-stream",
            "etag": "3312a2c07cd83e1765bd2a14061c4167",
            "force_destroy": false,
            "id": "styles.css",
            "key": "styles.css",
            "kms_key_id": null,
            "metadata": null,
            "object_lock_legal_hold_status": "",
            "object_lock_mode": "",
            "object_lock_retain_until_date": "",
            "override_provider": [],
            "server_side_encryption": "AES256",
            "source": "./resources/styles.css",
            "source_hash": null,
            "storage_class": "STANDARD",
            "tags": null,
            "tags_all": {},
            "version_id": "",
            "website_redirect": ""
          },
          "sensitive_attributes": [],
          "private": "bnVsbA==",
          "dependencies": [
            "module.seoul.aws_s3_bucket.www_bk",
            "module.seoul.aws_s3_bucket_acl.www_bk_acl",
            "module.seoul.aws_s3_bucket_ownership_controls.www_bk_oc",
            "module.seoul.aws_s3_bucket_public_access_block.www_bk_ab"
          ]
        }
      ]
    },
    {
      "module": "module.seoul",
      "mode": "managed",
      "type": "aws_security_group",
      "name": "ogurim_db_sg",
      "provider": "provider[\"registry.terraform.io/hashicorp/aws\"].seoul",
      "instances": [
        {
          "schema_version": 1,
          "attributes": {
            "arn": "arn:aws:ec2:ap-northeast-2:339713119714:security-group/sg-0cf1298369074e687",
            "description": "default-ssh-icmp",
            "egress": [
              {
                "cidr_blocks": [
                  "0.0.0.0/0"
                ],
                "description": "all",
                "from_port": 0,
                "ipv6_cidr_blocks": [
                  "::/0"
                ],
                "prefix_list_ids": [],
                "protocol": "-1",
                "security_groups": [],
                "self": false,
                "to_port": 0
              }
            ],
            "id": "sg-0cf1298369074e687",
            "ingress": [
              {
                "cidr_blocks": [
                  "0.0.0.0/0"
                ],
                "description": "all",
                "from_port": 0,
                "ipv6_cidr_blocks": [
                  "::/0"
                ],
                "prefix_list_ids": [],
                "protocol": "-1",
                "security_groups": [
                  "sg-0307d0060dabf575a"
                ],
                "self": false,
                "to_port": 0
              },
              {
                "cidr_blocks": [
                  "0.0.0.0/0"
                ],
                "description": "mysql",
                "from_port": 3306,
                "ipv6_cidr_blocks": [
                  "::/0"
                ],
                "prefix_list_ids": [],
                "protocol": "tcp",
                "security_groups": [
                  "sg-0307d0060dabf575a"
                ],
                "self": false,
                "to_port": 3306
              }
            ],
            "name": "seoul-db-sg",
            "name_prefix": "",
            "owner_id": "339713119714",
            "revoke_rules_on_delete": false,
            "tags": {
              "Name": "seoul-db-sg"
            },
            "tags_all": {
              "Name": "seoul-db-sg"
            },
            "timeouts": null,
            "vpc_id": "vpc-01f1d053222882b0a"
          },
          "sensitive_attributes": [],
          "private": "eyJlMmJmYjczMC1lY2FhLTExZTYtOGY4OC0zNDM2M2JjN2M0YzAiOnsiY3JlYXRlIjo2MDAwMDAwMDAwMDAsImRlbGV0ZSI6OTAwMDAwMDAwMDAwfSwic2NoZW1hX3ZlcnNpb24iOiIxIn0=",
          "dependencies": [
            "module.seoul.aws_security_group.ogurim_sg",
            "module.seoul.aws_vpc.ogurim_vpc"
          ]
        }
      ]
    },
    {
      "module": "module.seoul",
      "mode": "managed",
      "type": "aws_security_group",
      "name": "ogurim_sg",
      "provider": "provider[\"registry.terraform.io/hashicorp/aws\"].seoul",
      "instances": [
        {
          "schema_version": 1,
          "attributes": {
            "arn": "arn:aws:ec2:ap-northeast-2:339713119714:security-group/sg-0307d0060dabf575a",
            "description": "default-ssh-icmp",
            "egress": [
              {
                "cidr_blocks": [
                  "0.0.0.0/0"
                ],
                "description": "all",
                "from_port": 0,
                "ipv6_cidr_blocks": [
                  "::/0"
                ],
                "prefix_list_ids": [],
                "protocol": "-1",
                "security_groups": [],
                "self": false,
                "to_port": 0
              }
            ],
            "id": "sg-0307d0060dabf575a",
            "ingress": [
              {
                "cidr_blocks": [
                  "0.0.0.0/0"
                ],
                "description": "icmp",
                "from_port": -1,
                "ipv6_cidr_blocks": [
                  "::/0"
                ],
                "prefix_list_ids": [],
                "protocol": "icmp",
                "security_groups": [],
                "self": false,
                "to_port": -1
              },
              {
                "cidr_blocks": [
                  "0.0.0.0/0"
                ],
                "description": "ssh",
                "from_port": 22,
                "ipv6_cidr_blocks": [
                  "::/0"
                ],
                "prefix_list_ids": [],
                "protocol": "tcp",
                "security_groups": [],
                "self": false,
                "to_port": 22
              }
            ],
            "name": "seoul-sg",
            "name_prefix": "",
            "owner_id": "339713119714",
            "revoke_rules_on_delete": false,
            "tags": {
              "Name": "seoul-sg"
            },
            "tags_all": {
              "Name": "seoul-sg"
            },
            "timeouts": null,
            "vpc_id": "vpc-01f1d053222882b0a"
          },
          "sensitive_attributes": [],
          "private": "eyJlMmJmYjczMC1lY2FhLTExZTYtOGY4OC0zNDM2M2JjN2M0YzAiOnsiY3JlYXRlIjo2MDAwMDAwMDAwMDAsImRlbGV0ZSI6OTAwMDAwMDAwMDAwfSwic2NoZW1hX3ZlcnNpb24iOiIxIn0=",
          "dependencies": [
            "module.seoul.aws_vpc.ogurim_vpc"
          ]
        }
      ]
    },
    {
      "module": "module.seoul",
      "mode": "managed",
      "type": "aws_security_group",
      "name": "ogurim_web_sg",
      "provider": "provider[\"registry.terraform.io/hashicorp/aws\"].seoul",
      "instances": [
        {
          "schema_version": 1,
          "attributes": {
            "arn": "arn:aws:ec2:ap-northeast-2:339713119714:security-group/sg-0cde15a5efc05d9ef",
            "description": "default-ssh-icmp",
            "egress": [
              {
                "cidr_blocks": [
                  "0.0.0.0/0"
                ],
                "description": "all",
                "from_port": 0,
                "ipv6_cidr_blocks": [
                  "::/0"
                ],
                "prefix_list_ids": [],
                "protocol": "-1",
                "security_groups": [],
                "self": false,
                "to_port": 0
              }
            ],
            "id": "sg-0cde15a5efc05d9ef",
            "ingress": [
              {
                "cidr_blocks": [
                  "0.0.0.0/0"
                ],
                "description": "all",
                "from_port": 0,
                "ipv6_cidr_blocks": [
                  "::/0"
                ],
                "prefix_list_ids": [],
                "protocol": "-1",
                "security_groups": [],
                "self": false,
                "to_port": 0
              },
              {
                "cidr_blocks": [
                  "0.0.0.0/0"
                ],
                "description": "docker",
                "from_port": 60080,
                "ipv6_cidr_blocks": [
                  "::/0"
                ],
                "prefix_list_ids": [],
                "protocol": "tcp",
                "security_groups": [
                  "sg-0307d0060dabf575a"
                ],
                "self": false,
                "to_port": 60080
              },
              {
                "cidr_blocks": [
                  "0.0.0.0/0"
                ],
                "description": "http",
                "from_port": 80,
                "ipv6_cidr_blocks": [
                  "::/0"
                ],
                "prefix_list_ids": [],
                "protocol": "tcp",
                "security_groups": [
                  "sg-0307d0060dabf575a"
                ],
                "self": false,
                "to_port": 80
              }
            ],
            "name": "seoul-web-sg",
            "name_prefix": "",
            "owner_id": "339713119714",
            "revoke_rules_on_delete": false,
            "tags": {
              "Name": "seoul-web-sg"
            },
            "tags_all": {
              "Name": "seoul-web-sg"
            },
            "timeouts": null,
            "vpc_id": "vpc-01f1d053222882b0a"
          },
          "sensitive_attributes": [],
          "private": "eyJlMmJmYjczMC1lY2FhLTExZTYtOGY4OC0zNDM2M2JjN2M0YzAiOnsiY3JlYXRlIjo2MDAwMDAwMDAwMDAsImRlbGV0ZSI6OTAwMDAwMDAwMDAwfSwic2NoZW1hX3ZlcnNpb24iOiIxIn0=",
          "dependencies": [
            "module.seoul.aws_security_group.ogurim_sg",
            "module.seoul.aws_vpc.ogurim_vpc"
          ]
        }
      ]
    },
    {
      "module": "module.seoul",
      "mode": "managed",
      "type": "aws_subnet",
      "name": "ogurim_subnet",
      "provider": "provider[\"registry.terraform.io/hashicorp/aws\"].seoul",
      "instances": [
        {
          "index_key": 0,
          "schema_version": 1,
          "attributes": {
            "arn": "arn:aws:ec2:ap-northeast-2:339713119714:subnet/subnet-03d0c1773356bddbe",
            "assign_ipv6_address_on_creation": false,
            "availability_zone": "ap-northeast-2a",
            "availability_zone_id": "apne2-az1",
            "cidr_block": "10.0.0.0/24",
            "customer_owned_ipv4_pool": "",
            "enable_dns64": false,
            "enable_lni_at_device_index": 0,
            "enable_resource_name_dns_a_record_on_launch": false,
            "enable_resource_name_dns_aaaa_record_on_launch": false,
            "id": "subnet-03d0c1773356bddbe",
            "ipv6_cidr_block": "",
            "ipv6_cidr_block_association_id": "",
            "ipv6_native": false,
            "map_customer_owned_ip_on_launch": false,
            "map_public_ip_on_launch": true,
            "outpost_arn": "",
            "owner_id": "339713119714",
            "private_dns_hostname_type_on_launch": "ip-name",
            "tags": {
              "Name": "seoul-weba"
            },
            "tags_all": {
              "Name": "seoul-weba"
            },
            "timeouts": null,
            "vpc_id": "vpc-01f1d053222882b0a"
          },
          "sensitive_attributes": [],
          "private": "eyJlMmJmYjczMC1lY2FhLTExZTYtOGY4OC0zNDM2M2JjN2M0YzAiOnsiY3JlYXRlIjo2MDAwMDAwMDAwMDAsImRlbGV0ZSI6MTIwMDAwMDAwMDAwMH0sInNjaGVtYV92ZXJzaW9uIjoiMSJ9",
          "dependencies": [
            "module.seoul.aws_vpc.ogurim_vpc"
          ]
        },
        {
          "index_key": 1,
          "schema_version": 1,
          "attributes": {
            "arn": "arn:aws:ec2:ap-northeast-2:339713119714:subnet/subnet-06655fae0a473c906",
            "assign_ipv6_address_on_creation": false,
            "availability_zone": "ap-northeast-2c",
            "availability_zone_id": "apne2-az3",
            "cidr_block": "10.0.1.0/24",
            "customer_owned_ipv4_pool": "",
            "enable_dns64": false,
            "enable_lni_at_device_index": 0,
            "enable_resource_name_dns_a_record_on_launch": false,
            "enable_resource_name_dns_aaaa_record_on_launch": false,
            "id": "subnet-06655fae0a473c906",
            "ipv6_cidr_block": "",
            "ipv6_cidr_block_association_id": "",
            "ipv6_native": false,
            "map_customer_owned_ip_on_launch": false,
            "map_public_ip_on_launch": true,
            "outpost_arn": "",
            "owner_id": "339713119714",
            "private_dns_hostname_type_on_launch": "ip-name",
            "tags": {
              "Name": "seoul-webc"
            },
            "tags_all": {
              "Name": "seoul-webc"
            },
            "timeouts": null,
            "vpc_id": "vpc-01f1d053222882b0a"
          },
          "sensitive_attributes": [],
          "private": "eyJlMmJmYjczMC1lY2FhLTExZTYtOGY4OC0zNDM2M2JjN2M0YzAiOnsiY3JlYXRlIjo2MDAwMDAwMDAwMDAsImRlbGV0ZSI6MTIwMDAwMDAwMDAwMH0sInNjaGVtYV92ZXJzaW9uIjoiMSJ9",
          "dependencies": [
            "module.seoul.aws_vpc.ogurim_vpc"
          ]
        },
        {
          "index_key": 2,
          "schema_version": 1,
          "attributes": {
            "arn": "arn:aws:ec2:ap-northeast-2:339713119714:subnet/subnet-0c3c7b4aa1666892a",
            "assign_ipv6_address_on_creation": false,
            "availability_zone": "ap-northeast-2a",
            "availability_zone_id": "apne2-az1",
            "cidr_block": "10.0.2.0/24",
            "customer_owned_ipv4_pool": "",
            "enable_dns64": false,
            "enable_lni_at_device_index": 0,
            "enable_resource_name_dns_a_record_on_launch": false,
            "enable_resource_name_dns_aaaa_record_on_launch": false,
            "id": "subnet-0c3c7b4aa1666892a",
            "ipv6_cidr_block": "",
            "ipv6_cidr_block_association_id": "",
            "ipv6_native": false,
            "map_customer_owned_ip_on_launch": false,
            "map_public_ip_on_launch": false,
            "outpost_arn": "",
            "owner_id": "339713119714",
            "private_dns_hostname_type_on_launch": "ip-name",
            "tags": {
              "Name": "seoul-wasa"
            },
            "tags_all": {
              "Name": "seoul-wasa"
            },
            "timeouts": null,
            "vpc_id": "vpc-01f1d053222882b0a"
          },
          "sensitive_attributes": [],
          "private": "eyJlMmJmYjczMC1lY2FhLTExZTYtOGY4OC0zNDM2M2JjN2M0YzAiOnsiY3JlYXRlIjo2MDAwMDAwMDAwMDAsImRlbGV0ZSI6MTIwMDAwMDAwMDAwMH0sInNjaGVtYV92ZXJzaW9uIjoiMSJ9",
          "dependencies": [
            "module.seoul.aws_vpc.ogurim_vpc"
          ]
        },
        {
          "index_key": 3,
          "schema_version": 1,
          "attributes": {
            "arn": "arn:aws:ec2:ap-northeast-2:339713119714:subnet/subnet-0a7023576bb63dc83",
            "assign_ipv6_address_on_creation": false,
            "availability_zone": "ap-northeast-2c",
            "availability_zone_id": "apne2-az3",
            "cidr_block": "10.0.3.0/24",
            "customer_owned_ipv4_pool": "",
            "enable_dns64": false,
            "enable_lni_at_device_index": 0,
            "enable_resource_name_dns_a_record_on_launch": false,
            "enable_resource_name_dns_aaaa_record_on_launch": false,
            "id": "subnet-0a7023576bb63dc83",
            "ipv6_cidr_block": "",
            "ipv6_cidr_block_association_id": "",
            "ipv6_native": false,
            "map_customer_owned_ip_on_launch": false,
            "map_public_ip_on_launch": false,
            "outpost_arn": "",
            "owner_id": "339713119714",
            "private_dns_hostname_type_on_launch": "ip-name",
            "tags": {
              "Name": "seoul-wasc"
            },
            "tags_all": {
              "Name": "seoul-wasc"
            },
            "timeouts": null,
            "vpc_id": "vpc-01f1d053222882b0a"
          },
          "sensitive_attributes": [],
          "private": "eyJlMmJmYjczMC1lY2FhLTExZTYtOGY4OC0zNDM2M2JjN2M0YzAiOnsiY3JlYXRlIjo2MDAwMDAwMDAwMDAsImRlbGV0ZSI6MTIwMDAwMDAwMDAwMH0sInNjaGVtYV92ZXJzaW9uIjoiMSJ9",
          "dependencies": [
            "module.seoul.aws_vpc.ogurim_vpc"
          ]
        },
        {
          "index_key": 4,
          "schema_version": 1,
          "attributes": {
            "arn": "arn:aws:ec2:ap-northeast-2:339713119714:subnet/subnet-0c2c9d8f346dff99c",
            "assign_ipv6_address_on_creation": false,
            "availability_zone": "ap-northeast-2a",
            "availability_zone_id": "apne2-az1",
            "cidr_block": "10.0.4.0/24",
            "customer_owned_ipv4_pool": "",
            "enable_dns64": false,
            "enable_lni_at_device_index": 0,
            "enable_resource_name_dns_a_record_on_launch": false,
            "enable_resource_name_dns_aaaa_record_on_launch": false,
            "id": "subnet-0c2c9d8f346dff99c",
            "ipv6_cidr_block": "",
            "ipv6_cidr_block_association_id": "",
            "ipv6_native": false,
            "map_customer_owned_ip_on_launch": false,
            "map_public_ip_on_launch": false,
            "outpost_arn": "",
            "owner_id": "339713119714",
            "private_dns_hostname_type_on_launch": "ip-name",
            "tags": {
              "Name": "seoul-dba"
            },
            "tags_all": {
              "Name": "seoul-dba"
            },
            "timeouts": null,
            "vpc_id": "vpc-01f1d053222882b0a"
          },
          "sensitive_attributes": [],
          "private": "eyJlMmJmYjczMC1lY2FhLTExZTYtOGY4OC0zNDM2M2JjN2M0YzAiOnsiY3JlYXRlIjo2MDAwMDAwMDAwMDAsImRlbGV0ZSI6MTIwMDAwMDAwMDAwMH0sInNjaGVtYV92ZXJzaW9uIjoiMSJ9",
          "dependencies": [
            "module.seoul.aws_vpc.ogurim_vpc"
          ]
        },
        {
          "index_key": 5,
          "schema_version": 1,
          "attributes": {
            "arn": "arn:aws:ec2:ap-northeast-2:339713119714:subnet/subnet-0076148b0d0c9d9af",
            "assign_ipv6_address_on_creation": false,
            "availability_zone": "ap-northeast-2c",
            "availability_zone_id": "apne2-az3",
            "cidr_block": "10.0.5.0/24",
            "customer_owned_ipv4_pool": "",
            "enable_dns64": false,
            "enable_lni_at_device_index": 0,
            "enable_resource_name_dns_a_record_on_launch": false,
            "enable_resource_name_dns_aaaa_record_on_launch": false,
            "id": "subnet-0076148b0d0c9d9af",
            "ipv6_cidr_block": "",
            "ipv6_cidr_block_association_id": "",
            "ipv6_native": false,
            "map_customer_owned_ip_on_launch": false,
            "map_public_ip_on_launch": false,
            "outpost_arn": "",
            "owner_id": "339713119714",
            "private_dns_hostname_type_on_launch": "ip-name",
            "tags": {
              "Name": "seoul-dbc"
            },
            "tags_all": {
              "Name": "seoul-dbc"
            },
            "timeouts": null,
            "vpc_id": "vpc-01f1d053222882b0a"
          },
          "sensitive_attributes": [],
          "private": "eyJlMmJmYjczMC1lY2FhLTExZTYtOGY4OC0zNDM2M2JjN2M0YzAiOnsiY3JlYXRlIjo2MDAwMDAwMDAwMDAsImRlbGV0ZSI6MTIwMDAwMDAwMDAwMH0sInNjaGVtYV92ZXJzaW9uIjoiMSJ9",
          "dependencies": [
            "module.seoul.aws_vpc.ogurim_vpc"
          ]
        }
      ]
    },
    {
      "module": "module.seoul",
      "mode": "managed",
      "type": "aws_volume_attachment",
      "name": "ogurim_ebs_at_webc",
      "provider": "provider[\"registry.terraform.io/hashicorp/aws\"].seoul",
      "instances": [
        {
          "schema_version": 0,
          "attributes": {
            "device_name": "/dev/sdh",
            "force_detach": null,
            "id": "vai-3756844781",
            "instance_id": "i-0efcd975a4c97bcac",
            "skip_destroy": null,
            "stop_instance_before_detaching": null,
            "timeouts": null,
            "volume_id": "vol-0aada5e220e1f3597"
          },
          "sensitive_attributes": [],
          "private": "eyJlMmJmYjczMC1lY2FhLTExZTYtOGY4OC0zNDM2M2JjN2M0YzAiOnsiY3JlYXRlIjozMDAwMDAwMDAwMDAsImRlbGV0ZSI6MzAwMDAwMDAwMDAwfX0=",
          "dependencies": [
            "module.seoul.aws_ebs_volume.ogurim_ebs",
            "module.seoul.aws_instance.ogurim_webc",
            "module.seoul.aws_security_group.ogurim_sg",
            "module.seoul.aws_security_group.ogurim_web_sg",
            "module.seoul.aws_subnet.ogurim_subnet",
            "module.seoul.aws_vpc.ogurim_vpc",
            "module.seoul.data.aws_ami.amzn"
          ]
        }
      ]
    },
    {
      "module": "module.seoul",
      "mode": "managed",
      "type": "aws_vpc",
      "name": "ogurim_vpc",
      "provider": "provider[\"registry.terraform.io/hashicorp/aws\"].seoul",
      "instances": [
        {
          "schema_version": 1,
          "attributes": {
            "arn": "arn:aws:ec2:ap-northeast-2:339713119714:vpc/vpc-01f1d053222882b0a",
            "assign_generated_ipv6_cidr_block": false,
            "cidr_block": "10.0.0.0/16",
            "default_network_acl_id": "acl-00d364adc1e6fefcf",
            "default_route_table_id": "rtb-04276433af262418b",
            "default_security_group_id": "sg-0cb5076c182e618d8",
            "dhcp_options_id": "dopt-0a67717d8f23193c8",
            "enable_dns_hostnames": true,
            "enable_dns_support": true,
            "enable_network_address_usage_metrics": false,
            "id": "vpc-01f1d053222882b0a",
            "instance_tenancy": "default",
            "ipv4_ipam_pool_id": null,
            "ipv4_netmask_length": null,
            "ipv6_association_id": "",
            "ipv6_cidr_block": "",
            "ipv6_cidr_block_network_border_group": "",
            "ipv6_ipam_pool_id": "",
            "ipv6_netmask_length": 0,
            "main_route_table_id": "rtb-04276433af262418b",
            "owner_id": "339713119714",
            "tags": {
              "Name": "seoul-vpc"
            },
            "tags_all": {
              "Name": "seoul-vpc"
            }
          },
          "sensitive_attributes": [],
          "private": "eyJzY2hlbWFfdmVyc2lvbiI6IjEifQ=="
        }
      ]
    }
  ],
  "check_results": null
}
