{
  "version": 4,
  "terraform_version": "1.8.5",
  "serial": 562,
  "lineage": "8d41101a-400e-f3c5-766c-184f0d7b358d",
  "outputs": {
    "tokyo__db_ep": {
      "value": "ogurim-db.c38o4i2sgnkf.ap-northeast-1.rds.amazonaws.com:3306",
      "type": "string"
    },
    "tokyo_ebs_volume_id": {
      "value": "vol-0c9fa520c4f4f7188",
      "type": "string"
    },
    "tokyo_ec2_public_ip_weba": {
      "value": "43.206.233.170",
      "type": "string"
    },
    "tokyo_ec2_public_ip_webc": {
      "value": "54.249.38.9",
      "type": "string"
    },
    "tokyo_loadbalance_dns": {
      "value": "tokyo-lb-653751137.ap-northeast-1.elb.amazonaws.com",
      "type": "string"
    },
    "tokyo_ogurim_eip": {
      "value": "54.249.240.177",
      "type": "string"
    },
    "tokyo_vpc_id": {
      "value": "vpc-0e1bf5a4dc3280952",
      "type": "string"
    },
    "tokyo_www_record_dns_name": {
      "value": "www.ogurim.shop",
      "type": "string"
    }
  },
  "resources": [
    {
      "module": "module.tokyo",
      "mode": "data",
      "type": "aws_ami",
      "name": "amzn",
      "provider": "provider[\"registry.terraform.io/hashicorp/aws\"].tokyo",
      "instances": [
        {
          "schema_version": 0,
          "attributes": {
            "architecture": "x86_64",
            "arn": "arn:aws:ec2:ap-northeast-1::image/ami-034bc4e4fcccfe844",
            "block_device_mappings": [
              {
                "device_name": "/dev/xvda",
                "ebs": {
                  "delete_on_termination": "true",
                  "encrypted": "false",
                  "iops": "0",
                  "snapshot_id": "snap-0d24282bd34a75a99",
                  "throughput": "0",
                  "volume_size": "8",
                  "volume_type": "gp2"
                },
                "no_device": "",
                "virtual_name": ""
              }
            ],
            "boot_mode": "",
            "creation_date": "2024-06-11T01:23:08.000Z",
            "deprecation_time": "2025-07-01T00:00:00.000Z",
            "description": "Amazon Linux 2 Kernel 5.10 AMI 2.0.20240610.1 x86_64 HVM gp2",
            "ena_support": true,
            "executable_users": null,
            "filter": [
              {
                "name": "name",
                "values": [
                  "amzn2-ami-kernel-5.10*-hvm-*-x86_64-gp2"
                ]
              },
              {
                "name": "virtualization-type",
                "values": [
                  "hvm"
                ]
              }
            ],
            "hypervisor": "xen",
            "id": "ami-034bc4e4fcccfe844",
            "image_id": "ami-034bc4e4fcccfe844",
            "image_location": "amazon/amzn2-ami-kernel-5.10-hvm-2.0.20240610.1-x86_64-gp2",
            "image_owner_alias": "amazon",
            "image_type": "machine",
            "imds_support": "",
            "include_deprecated": false,
            "kernel_id": "",
            "most_recent": true,
            "name": "amzn2-ami-kernel-5.10-hvm-2.0.20240610.1-x86_64-gp2",
            "name_regex": null,
            "owner_id": "137112412989",
            "owners": [
              "amazon"
            ],
            "platform": "",
            "platform_details": "Linux/UNIX",
            "product_codes": [],
            "public": true,
            "ramdisk_id": "",
            "root_device_name": "/dev/xvda",
            "root_device_type": "ebs",
            "root_snapshot_id": "snap-0d24282bd34a75a99",
            "sriov_net_support": "simple",
            "state": "available",
            "state_reason": {
              "code": "UNSET",
              "message": "UNSET"
            },
            "tags": {},
            "timeouts": null,
            "tpm_support": "",
            "usage_operation": "RunInstances",
            "virtualization_type": "hvm"
          },
          "sensitive_attributes": []
        }
      ]
    },
    {
      "module": "module.tokyo",
      "mode": "managed",
      "type": "aws_ami_from_instance",
      "name": "ogurim_ami",
      "provider": "provider[\"registry.terraform.io/hashicorp/aws\"].tokyo",
      "instances": [
        {
          "schema_version": 0,
          "attributes": {
            "architecture": "x86_64",
            "arn": "arn:aws:ec2:ap-northeast-1::image/ami-0abc9a918cd3a6187",
            "boot_mode": "",
            "deprecation_time": "",
            "description": "",
            "ebs_block_device": [
              {
                "delete_on_termination": true,
                "device_name": "/dev/xvda",
                "encrypted": false,
                "iops": 0,
                "outpost_arn": "",
                "snapshot_id": "snap-0b4cd0912e6b68cef",
                "throughput": 0,
                "volume_size": 8,
                "volume_type": "gp2"
              }
            ],
            "ena_support": true,
            "ephemeral_block_device": [],
            "hypervisor": "xen",
            "id": "ami-0abc9a918cd3a6187",
            "image_location": "339713119714/tokyo-ami",
            "image_owner_alias": "",
            "image_type": "machine",
            "imds_support": "",
            "kernel_id": "",
            "manage_ebs_snapshots": true,
            "name": "tokyo-ami",
            "owner_id": "339713119714",
            "platform": "",
            "platform_details": "Linux/UNIX",
            "public": false,
            "ramdisk_id": "",
            "root_device_name": "/dev/xvda",
            "root_snapshot_id": "snap-0b4cd0912e6b68cef",
            "snapshot_without_reboot": null,
            "source_instance_id": "i-09f684eca0ab7a65e",
            "sriov_net_support": "simple",
            "tags": {
              "Name": "tokyo-ami"
            },
            "tags_all": {
              "Name": "tokyo-ami"
            },
            "timeouts": null,
            "tpm_support": "",
            "usage_operation": "RunInstances",
            "virtualization_type": "hvm"
          },
          "sensitive_attributes": [],
          "private": "eyJlMmJmYjczMC1lY2FhLTExZTYtOGY4OC0zNDM2M2JjN2M0YzAiOnsiY3JlYXRlIjoyNDAwMDAwMDAwMDAwLCJkZWxldGUiOjU0MDAwMDAwMDAwMDAsInVwZGF0ZSI6MjQwMDAwMDAwMDAwMH19",
          "dependencies": [
            "module.tokyo.aws_instance.ogurim_weba",
            "module.tokyo.aws_security_group.ogurim_sg",
            "module.tokyo.aws_security_group.ogurim_web_sg",
            "module.tokyo.aws_subnet.ogurim_subnet",
            "module.tokyo.aws_vpc.ogurim_vpc",
            "module.tokyo.data.aws_ami.amzn"
          ]
        }
      ]
    },
    {
      "module": "module.tokyo",
      "mode": "managed",
      "type": "aws_autoscaling_attachment",
      "name": "ogurim_asgat",
      "provider": "provider[\"registry.terraform.io/hashicorp/aws\"].tokyo",
      "instances": [
        {
          "schema_version": 0,
          "attributes": {
            "autoscaling_group_name": "tokyo-asg",
            "elb": null,
            "id": "tokyo-asg-2024062104212991910000000b",
            "lb_target_group_arn": "arn:aws:elasticloadbalancing:ap-northeast-1:339713119714:targetgroup/tokyo-albtg/aeeaaa7f833253ae"
          },
          "sensitive_attributes": [],
          "private": "bnVsbA==",
          "dependencies": [
            "module.tokyo.aws_ami_from_instance.ogurim_ami",
            "module.tokyo.aws_autoscaling_group.ogurim_asg",
            "module.tokyo.aws_instance.ogurim_weba",
            "module.tokyo.aws_launch_template.ogurim_lt",
            "module.tokyo.aws_lb_target_group.ogurim_albtg",
            "module.tokyo.aws_security_group.ogurim_sg",
            "module.tokyo.aws_security_group.ogurim_web_sg",
            "module.tokyo.aws_subnet.ogurim_subnet",
            "module.tokyo.aws_vpc.ogurim_vpc",
            "module.tokyo.data.aws_ami.amzn"
          ]
        }
      ]
    },
    {
      "module": "module.tokyo",
      "mode": "managed",
      "type": "aws_autoscaling_group",
      "name": "ogurim_asg",
      "provider": "provider[\"registry.terraform.io/hashicorp/aws\"].tokyo",
      "instances": [
        {
          "schema_version": 1,
          "attributes": {
            "arn": "arn:aws:autoscaling:ap-northeast-1:339713119714:autoScalingGroup:3e28093e-0789-4d00-ab8b-375f2e70f6a4:autoScalingGroupName/tokyo-asg",
            "availability_zones": [
              "ap-northeast-1a"
            ],
            "capacity_rebalance": false,
            "context": "",
            "default_cooldown": 300,
            "default_instance_warmup": 0,
            "desired_capacity": 1,
            "desired_capacity_type": "",
            "enabled_metrics": null,
            "force_delete": false,
            "force_delete_warm_pool": false,
            "health_check_grace_period": 30,
            "health_check_type": "EC2",
            "id": "tokyo-asg",
            "ignore_failed_scaling_activities": false,
            "initial_lifecycle_hook": [],
            "instance_maintenance_policy": [],
            "instance_refresh": [],
            "launch_configuration": "",
            "launch_template": [
              {
                "id": "lt-06e627bf1bd7ad7cf",
                "name": "tokyo-lt",
                "version": "$Latest"
              }
            ],
            "load_balancers": [],
            "max_instance_lifetime": 0,
            "max_size": 6,
            "metrics_granularity": "1Minute",
            "min_elb_capacity": null,
            "min_size": 1,
            "mixed_instances_policy": [],
            "name": "tokyo-asg",
            "name_prefix": "",
            "placement_group": "",
            "predicted_capacity": 0,
            "protect_from_scale_in": false,
            "service_linked_role_arn": "arn:aws:iam::339713119714:role/aws-service-role/autoscaling.amazonaws.com/AWSServiceRoleForAutoScaling",
            "suspended_processes": null,
            "tag": [],
            "target_group_arns": [],
            "termination_policies": null,
            "timeouts": null,
            "traffic_source": [],
            "vpc_zone_identifier": [
              "subnet-05c300a58503063c9"
            ],
            "wait_for_capacity_timeout": "10m",
            "wait_for_elb_capacity": null,
            "warm_pool": [],
            "warm_pool_size": 0
          },
          "sensitive_attributes": [],
          "private": "eyJlMmJmYjczMC1lY2FhLTExZTYtOGY4OC0zNDM2M2JjN2M0YzAiOnsiZGVsZXRlIjo2MDAwMDAwMDAwMDAsInVwZGF0ZSI6NjAwMDAwMDAwMDAwfSwic2NoZW1hX3ZlcnNpb24iOiIxIn0=",
          "dependencies": [
            "module.tokyo.aws_ami_from_instance.ogurim_ami",
            "module.tokyo.aws_instance.ogurim_weba",
            "module.tokyo.aws_launch_template.ogurim_lt",
            "module.tokyo.aws_security_group.ogurim_sg",
            "module.tokyo.aws_security_group.ogurim_web_sg",
            "module.tokyo.aws_subnet.ogurim_subnet",
            "module.tokyo.aws_vpc.ogurim_vpc",
            "module.tokyo.data.aws_ami.amzn"
          ]
        }
      ]
    },
    {
      "module": "module.tokyo",
      "mode": "managed",
      "type": "aws_db_instance",
      "name": "ogurim_db",
      "provider": "provider[\"registry.terraform.io/hashicorp/aws\"].tokyo",
      "instances": [
        {
          "schema_version": 2,
          "attributes": {
            "address": "ogurim-db.c38o4i2sgnkf.ap-northeast-1.rds.amazonaws.com",
            "allocated_storage": 20,
            "allow_major_version_upgrade": null,
            "apply_immediately": false,
            "arn": "arn:aws:rds:ap-northeast-1:339713119714:db:ogurim-db",
            "auto_minor_version_upgrade": true,
            "availability_zone": "ap-northeast-1a",
            "backup_retention_period": 0,
            "backup_target": "region",
            "backup_window": "15:39-16:09",
            "blue_green_update": [],
            "ca_cert_identifier": "rds-ca-rsa2048-g1",
            "character_set_name": "",
            "copy_tags_to_snapshot": false,
            "custom_iam_instance_profile": "",
            "customer_owned_ip_enabled": false,
            "db_name": "wordpress",
            "db_subnet_group_name": "tokyo-dbsg",
            "dedicated_log_volume": false,
            "delete_automated_backups": true,
            "deletion_protection": false,
            "domain": "",
            "domain_auth_secret_arn": "",
            "domain_dns_ips": null,
            "domain_fqdn": "",
            "domain_iam_role_name": "",
            "domain_ou": "",
            "enabled_cloudwatch_logs_exports": null,
            "endpoint": "ogurim-db.c38o4i2sgnkf.ap-northeast-1.rds.amazonaws.com:3306",
            "engine": "mysql",
            "engine_version": "5.7",
            "engine_version_actual": "5.7.44",
            "final_snapshot_identifier": null,
            "hosted_zone_id": "Z24O6O9L7SGTNB",
            "iam_database_authentication_enabled": false,
            "id": "db-VDMCLE5HEH3EN6QLFHXBO5WRUA",
            "identifier": "ogurim-db",
            "identifier_prefix": "",
            "instance_class": "db.t3.micro",
            "iops": 0,
            "kms_key_id": "",
            "latest_restorable_time": "",
            "license_model": "general-public-license",
            "listener_endpoint": [],
            "maintenance_window": "sat:16:10-sat:16:40",
            "manage_master_user_password": null,
            "master_user_secret": [],
            "master_user_secret_kms_key_id": null,
            "max_allocated_storage": 0,
            "monitoring_interval": 0,
            "monitoring_role_arn": "",
            "multi_az": false,
            "nchar_character_set_name": "",
            "network_type": "IPV4",
            "option_group_name": "default:mysql-5-7",
            "parameter_group_name": "default.mysql5.7",
            "password": "It12345!",
            "performance_insights_enabled": false,
            "performance_insights_kms_key_id": "",
            "performance_insights_retention_period": 0,
            "port": 3306,
            "publicly_accessible": false,
            "replica_mode": "",
            "replicas": [],
            "replicate_source_db": "",
            "resource_id": "db-VDMCLE5HEH3EN6QLFHXBO5WRUA",
            "restore_to_point_in_time": [],
            "s3_import": [],
            "skip_final_snapshot": true,
            "snapshot_identifier": null,
            "status": "available",
            "storage_encrypted": false,
            "storage_throughput": 0,
            "storage_type": "gp2",
            "tags": {
              "Name": "tokyo-db"
            },
            "tags_all": {
              "Name": "tokyo-db"
            },
            "timeouts": null,
            "timezone": "",
            "username": "root",
            "vpc_security_group_ids": [
              "sg-016c4d4adf5fa050d",
              "sg-0c463b1cb5662602a"
            ]
          },
          "sensitive_attributes": [
            [
              {
                "type": "get_attr",
                "value": "password"
              }
            ]
          ],
          "private": "eyJlMmJmYjczMC1lY2FhLTExZTYtOGY4OC0zNDM2M2JjN2M0YzAiOnsiY3JlYXRlIjoyNDAwMDAwMDAwMDAwLCJkZWxldGUiOjM2MDAwMDAwMDAwMDAsInVwZGF0ZSI6NDgwMDAwMDAwMDAwMH0sInNjaGVtYV92ZXJzaW9uIjoiMiJ9",
          "dependencies": [
            "module.tokyo.aws_db_subnet_group.ogurim_dbsg",
            "module.tokyo.aws_security_group.ogurim_db_sg",
            "module.tokyo.aws_security_group.ogurim_sg",
            "module.tokyo.aws_subnet.ogurim_subnet",
            "module.tokyo.aws_vpc.ogurim_vpc"
          ]
        }
      ]
    },
    {
      "module": "module.tokyo",
      "mode": "managed",
      "type": "aws_db_subnet_group",
      "name": "ogurim_dbsg",
      "provider": "provider[\"registry.terraform.io/hashicorp/aws\"].tokyo",
      "instances": [
        {
          "schema_version": 0,
          "attributes": {
            "arn": "arn:aws:rds:ap-northeast-1:339713119714:subgrp:tokyo-dbsg",
            "description": "Managed by Terraform",
            "id": "tokyo-dbsg",
            "name": "tokyo-dbsg",
            "name_prefix": "",
            "subnet_ids": [
              "subnet-05b9073efd824331c",
              "subnet-0812c80eafbcae4b1"
            ],
            "supported_network_types": [
              "IPV4"
            ],
            "tags": {
              "Name": "tokyo-dbsg"
            },
            "tags_all": {
              "Name": "tokyo-dbsg"
            },
            "vpc_id": "vpc-0e1bf5a4dc3280952"
          },
          "sensitive_attributes": [],
          "private": "bnVsbA==",
          "dependencies": [
            "module.tokyo.aws_subnet.ogurim_subnet",
            "module.tokyo.aws_vpc.ogurim_vpc"
          ]
        }
      ]
    },
    {
      "module": "module.tokyo",
      "mode": "managed",
      "type": "aws_ebs_snapshot",
      "name": "ogurim_ebs_ss_webc",
      "provider": "provider[\"registry.terraform.io/hashicorp/aws\"].tokyo",
      "instances": [
        {
          "schema_version": 0,
          "attributes": {
            "arn": "arn:aws:ec2:ap-northeast-1::snapshot/snap-0d1d9539b386191c4",
            "data_encryption_key_id": "",
            "description": "",
            "encrypted": false,
            "id": "snap-0d1d9539b386191c4",
            "kms_key_id": "",
            "outpost_arn": "",
            "owner_alias": "",
            "owner_id": "339713119714",
            "permanent_restore": null,
            "storage_tier": "standard",
            "tags": {
              "Name": "tokyo-ebs-ss-webc"
            },
            "tags_all": {
              "Name": "tokyo-ebs-ss-webc"
            },
            "temporary_restore_days": null,
            "timeouts": null,
            "volume_id": "vol-0c9fa520c4f4f7188",
            "volume_size": 20
          },
          "sensitive_attributes": [],
          "private": "eyJlMmJmYjczMC1lY2FhLTExZTYtOGY4OC0zNDM2M2JjN2M0YzAiOnsiY3JlYXRlIjo2MDAwMDAwMDAwMDAsImRlbGV0ZSI6NjAwMDAwMDAwMDAwfX0=",
          "dependencies": [
            "module.tokyo.aws_ebs_volume.ogurim_ebs"
          ]
        }
      ]
    },
    {
      "module": "module.tokyo",
      "mode": "managed",
      "type": "aws_ebs_volume",
      "name": "ogurim_ebs",
      "provider": "provider[\"registry.terraform.io/hashicorp/aws\"].tokyo",
      "instances": [
        {
          "schema_version": 0,
          "attributes": {
            "arn": "arn:aws:ec2:ap-northeast-1:339713119714:volume/vol-0c9fa520c4f4f7188",
            "availability_zone": "ap-northeast-1c",
            "encrypted": false,
            "final_snapshot": false,
            "id": "vol-0c9fa520c4f4f7188",
            "iops": 100,
            "kms_key_id": "",
            "multi_attach_enabled": false,
            "outpost_arn": "",
            "size": 20,
            "snapshot_id": "",
            "tags": {
              "Name": "tokyo-ebs"
            },
            "tags_all": {
              "Name": "tokyo-ebs"
            },
            "throughput": 0,
            "timeouts": null,
            "type": "gp2"
          },
          "sensitive_attributes": [],
          "private": "eyJlMmJmYjczMC1lY2FhLTExZTYtOGY4OC0zNDM2M2JjN2M0YzAiOnsiY3JlYXRlIjozMDAwMDAwMDAwMDAsImRlbGV0ZSI6MzAwMDAwMDAwMDAwLCJ1cGRhdGUiOjMwMDAwMDAwMDAwMH19"
        }
      ]
    },
    {
      "module": "module.tokyo",
      "mode": "managed",
      "type": "aws_eip",
      "name": "ogurim_eip",
      "provider": "provider[\"registry.terraform.io/hashicorp/aws\"].tokyo",
      "instances": [
        {
          "schema_version": 0,
          "attributes": {
            "address": null,
            "allocation_id": "eipalloc-048e7323a2c55c192",
            "arn": "arn:aws:ec2:ap-northeast-1:339713119714:elastic-ip/eipalloc-048e7323a2c55c192",
            "associate_with_private_ip": null,
            "association_id": "",
            "carrier_ip": "",
            "customer_owned_ip": "",
            "customer_owned_ipv4_pool": "",
            "domain": "vpc",
            "id": "eipalloc-048e7323a2c55c192",
            "instance": "",
            "network_border_group": "ap-northeast-1",
            "network_interface": "",
            "private_dns": null,
            "private_ip": "",
            "ptr_record": "",
            "public_dns": "ec2-54-249-240-177.ap-northeast-1.compute.amazonaws.com",
            "public_ip": "54.249.240.177",
            "public_ipv4_pool": "amazon",
            "tags": null,
            "tags_all": {},
            "timeouts": null,
            "vpc": true
          },
          "sensitive_attributes": [],
          "private": "eyJlMmJmYjczMC1lY2FhLTExZTYtOGY4OC0zNDM2M2JjN2M0YzAiOnsiZGVsZXRlIjoxODAwMDAwMDAwMDAsInJlYWQiOjkwMDAwMDAwMDAwMCwidXBkYXRlIjozMDAwMDAwMDAwMDB9fQ=="
        }
      ]
    },
    {
      "module": "module.tokyo",
      "mode": "managed",
      "type": "aws_instance",
      "name": "ogurim_wasa",
      "provider": "provider[\"registry.terraform.io/hashicorp/aws\"].tokyo",
      "instances": [
        {
          "schema_version": 1,
          "attributes": {
            "ami": "ami-034bc4e4fcccfe844",
            "arn": "arn:aws:ec2:ap-northeast-1:339713119714:instance/i-0bd8b9d07ddc57bbe",
            "associate_public_ip_address": false,
            "availability_zone": "ap-northeast-1a",
            "capacity_reservation_specification": [
              {
                "capacity_reservation_preference": "open",
                "capacity_reservation_target": []
              }
            ],
            "cpu_core_count": 1,
            "cpu_options": [
              {
                "amd_sev_snp": "",
                "core_count": 1,
                "threads_per_core": 1
              }
            ],
            "cpu_threads_per_core": 1,
            "credit_specification": [
              {
                "cpu_credits": "standard"
              }
            ],
            "disable_api_stop": false,
            "disable_api_termination": false,
            "ebs_block_device": [],
            "ebs_optimized": false,
            "enclave_options": [
              {
                "enabled": false
              }
            ],
            "ephemeral_block_device": [],
            "get_password_data": false,
            "hibernation": false,
            "host_id": "",
            "host_resource_group_arn": null,
            "iam_instance_profile": "",
            "id": "i-0bd8b9d07ddc57bbe",
            "instance_initiated_shutdown_behavior": "stop",
            "instance_lifecycle": "",
            "instance_market_options": [],
            "instance_state": "running",
            "instance_type": "t2.micro",
            "ipv6_address_count": 0,
            "ipv6_addresses": [],
            "key_name": "ogurim",
            "launch_template": [],
            "maintenance_options": [
              {
                "auto_recovery": "default"
              }
            ],
            "metadata_options": [
              {
                "http_endpoint": "enabled",
                "http_protocol_ipv6": "disabled",
                "http_put_response_hop_limit": 1,
                "http_tokens": "optional",
                "instance_metadata_tags": "disabled"
              }
            ],
            "monitoring": false,
            "network_interface": [],
            "outpost_arn": "",
            "password_data": "",
            "placement_group": "",
            "placement_partition_number": 0,
            "primary_network_interface_id": "eni-08cb95acd1e5ae667",
            "private_dns": "ip-192-168-2-11.ap-northeast-1.compute.internal",
            "private_dns_name_options": [
              {
                "enable_resource_name_dns_a_record": false,
                "enable_resource_name_dns_aaaa_record": false,
                "hostname_type": "ip-name"
              }
            ],
            "private_ip": "192.168.2.11",
            "public_dns": "",
            "public_ip": "",
            "root_block_device": [
              {
                "delete_on_termination": true,
                "device_name": "/dev/xvda",
                "encrypted": false,
                "iops": 100,
                "kms_key_id": "",
                "tags": {},
                "tags_all": {},
                "throughput": 0,
                "volume_id": "vol-00a34a1c1171c189c",
                "volume_size": 8,
                "volume_type": "gp2"
              }
            ],
            "secondary_private_ips": [],
            "security_groups": [],
            "source_dest_check": true,
            "spot_instance_request_id": "",
            "subnet_id": "subnet-059977288ffe801a7",
            "tags": {
              "Name": "tokyo-wasa"
            },
            "tags_all": {
              "Name": "tokyo-wasa"
            },
            "tenancy": "default",
            "timeouts": null,
            "user_data": null,
            "user_data_base64": null,
            "user_data_replace_on_change": false,
            "volume_tags": null,
            "vpc_security_group_ids": [
              "sg-0c463b1cb5662602a"
            ]
          },
          "sensitive_attributes": [],
          "private": "eyJlMmJmYjczMC1lY2FhLTExZTYtOGY4OC0zNDM2M2JjN2M0YzAiOnsiY3JlYXRlIjo2MDAwMDAwMDAwMDAsImRlbGV0ZSI6MTIwMDAwMDAwMDAwMCwicmVhZCI6OTAwMDAwMDAwMDAwLCJ1cGRhdGUiOjYwMDAwMDAwMDAwMH0sInNjaGVtYV92ZXJzaW9uIjoiMSJ9",
          "dependencies": [
            "module.tokyo.aws_internet_gateway.ogurim_ig",
            "module.tokyo.aws_security_group.ogurim_sg",
            "module.tokyo.aws_subnet.ogurim_subnet",
            "module.tokyo.aws_vpc.ogurim_vpc",
            "module.tokyo.data.aws_ami.amzn"
          ]
        }
      ]
    },
    {
      "module": "module.tokyo",
      "mode": "managed",
      "type": "aws_instance",
      "name": "ogurim_wasc",
      "provider": "provider[\"registry.terraform.io/hashicorp/aws\"].tokyo",
      "instances": [
        {
          "schema_version": 1,
          "attributes": {
            "ami": "ami-034bc4e4fcccfe844",
            "arn": "arn:aws:ec2:ap-northeast-1:339713119714:instance/i-0b338af7353c65b70",
            "associate_public_ip_address": false,
            "availability_zone": "ap-northeast-1c",
            "capacity_reservation_specification": [
              {
                "capacity_reservation_preference": "open",
                "capacity_reservation_target": []
              }
            ],
            "cpu_core_count": 1,
            "cpu_options": [
              {
                "amd_sev_snp": "",
                "core_count": 1,
                "threads_per_core": 1
              }
            ],
            "cpu_threads_per_core": 1,
            "credit_specification": [
              {
                "cpu_credits": "standard"
              }
            ],
            "disable_api_stop": false,
            "disable_api_termination": false,
            "ebs_block_device": [],
            "ebs_optimized": false,
            "enclave_options": [
              {
                "enabled": false
              }
            ],
            "ephemeral_block_device": [],
            "get_password_data": false,
            "hibernation": false,
            "host_id": "",
            "host_resource_group_arn": null,
            "iam_instance_profile": "",
            "id": "i-0b338af7353c65b70",
            "instance_initiated_shutdown_behavior": "stop",
            "instance_lifecycle": "",
            "instance_market_options": [],
            "instance_state": "running",
            "instance_type": "t2.micro",
            "ipv6_address_count": 0,
            "ipv6_addresses": [],
            "key_name": "ogurim",
            "launch_template": [],
            "maintenance_options": [
              {
                "auto_recovery": "default"
              }
            ],
            "metadata_options": [
              {
                "http_endpoint": "enabled",
                "http_protocol_ipv6": "disabled",
                "http_put_response_hop_limit": 1,
                "http_tokens": "optional",
                "instance_metadata_tags": "disabled"
              }
            ],
            "monitoring": false,
            "network_interface": [],
            "outpost_arn": "",
            "password_data": "",
            "placement_group": "",
            "placement_partition_number": 0,
            "primary_network_interface_id": "eni-0f009fd468cf9f1b2",
            "private_dns": "ip-192-168-3-11.ap-northeast-1.compute.internal",
            "private_dns_name_options": [
              {
                "enable_resource_name_dns_a_record": false,
                "enable_resource_name_dns_aaaa_record": false,
                "hostname_type": "ip-name"
              }
            ],
            "private_ip": "192.168.3.11",
            "public_dns": "",
            "public_ip": "",
            "root_block_device": [
              {
                "delete_on_termination": true,
                "device_name": "/dev/xvda",
                "encrypted": false,
                "iops": 100,
                "kms_key_id": "",
                "tags": {},
                "tags_all": {},
                "throughput": 0,
                "volume_id": "vol-01f761637a0f2c116",
                "volume_size": 8,
                "volume_type": "gp2"
              }
            ],
            "secondary_private_ips": [],
            "security_groups": [],
            "source_dest_check": true,
            "spot_instance_request_id": "",
            "subnet_id": "subnet-0c1c39bb0ba098dc2",
            "tags": {
              "Name": "tokyo-wasc"
            },
            "tags_all": {
              "Name": "tokyo-wasc"
            },
            "tenancy": "default",
            "timeouts": null,
            "user_data": null,
            "user_data_base64": null,
            "user_data_replace_on_change": false,
            "volume_tags": null,
            "vpc_security_group_ids": [
              "sg-0c463b1cb5662602a"
            ]
          },
          "sensitive_attributes": [],
          "private": "eyJlMmJmYjczMC1lY2FhLTExZTYtOGY4OC0zNDM2M2JjN2M0YzAiOnsiY3JlYXRlIjo2MDAwMDAwMDAwMDAsImRlbGV0ZSI6MTIwMDAwMDAwMDAwMCwicmVhZCI6OTAwMDAwMDAwMDAwLCJ1cGRhdGUiOjYwMDAwMDAwMDAwMH0sInNjaGVtYV92ZXJzaW9uIjoiMSJ9",
          "dependencies": [
            "module.tokyo.aws_internet_gateway.ogurim_ig",
            "module.tokyo.aws_security_group.ogurim_sg",
            "module.tokyo.aws_subnet.ogurim_subnet",
            "module.tokyo.aws_vpc.ogurim_vpc",
            "module.tokyo.data.aws_ami.amzn"
          ]
        }
      ]
    },
    {
      "module": "module.tokyo",
      "mode": "managed",
      "type": "aws_instance",
      "name": "ogurim_weba",
      "provider": "provider[\"registry.terraform.io/hashicorp/aws\"].tokyo",
      "instances": [
        {
          "schema_version": 1,
          "attributes": {
            "ami": "ami-034bc4e4fcccfe844",
            "arn": "arn:aws:ec2:ap-northeast-1:339713119714:instance/i-09f684eca0ab7a65e",
            "associate_public_ip_address": true,
            "availability_zone": "ap-northeast-1a",
            "capacity_reservation_specification": [
              {
                "capacity_reservation_preference": "open",
                "capacity_reservation_target": []
              }
            ],
            "cpu_core_count": 1,
            "cpu_options": [
              {
                "amd_sev_snp": "",
                "core_count": 1,
                "threads_per_core": 1
              }
            ],
            "cpu_threads_per_core": 1,
            "credit_specification": [
              {
                "cpu_credits": "standard"
              }
            ],
            "disable_api_stop": false,
            "disable_api_termination": false,
            "ebs_block_device": [],
            "ebs_optimized": false,
            "enclave_options": [
              {
                "enabled": false
              }
            ],
            "ephemeral_block_device": [],
            "get_password_data": false,
            "hibernation": false,
            "host_id": "",
            "host_resource_group_arn": null,
            "iam_instance_profile": "",
            "id": "i-09f684eca0ab7a65e",
            "instance_initiated_shutdown_behavior": "stop",
            "instance_lifecycle": "",
            "instance_market_options": [],
            "instance_state": "running",
            "instance_type": "t2.micro",
            "ipv6_address_count": 0,
            "ipv6_addresses": [],
            "key_name": "ogurim",
            "launch_template": [],
            "maintenance_options": [
              {
                "auto_recovery": "default"
              }
            ],
            "metadata_options": [
              {
                "http_endpoint": "enabled",
                "http_protocol_ipv6": "disabled",
                "http_put_response_hop_limit": 1,
                "http_tokens": "optional",
                "instance_metadata_tags": "disabled"
              }
            ],
            "monitoring": false,
            "network_interface": [],
            "outpost_arn": "",
            "password_data": "",
            "placement_group": "",
            "placement_partition_number": 0,
            "primary_network_interface_id": "eni-002be8175dfefc0bc",
            "private_dns": "ip-192-168-0-11.ap-northeast-1.compute.internal",
            "private_dns_name_options": [
              {
                "enable_resource_name_dns_a_record": false,
                "enable_resource_name_dns_aaaa_record": false,
                "hostname_type": "ip-name"
              }
            ],
            "private_ip": "192.168.0.11",
            "public_dns": "ec2-43-206-233-170.ap-northeast-1.compute.amazonaws.com",
            "public_ip": "43.206.233.170",
            "root_block_device": [
              {
                "delete_on_termination": true,
                "device_name": "/dev/xvda",
                "encrypted": false,
                "iops": 100,
                "kms_key_id": "",
                "tags": {},
                "tags_all": {},
                "throughput": 0,
                "volume_id": "vol-0d9f5fe41fbcb0445",
                "volume_size": 8,
                "volume_type": "gp2"
              }
            ],
            "secondary_private_ips": [],
            "security_groups": [],
            "source_dest_check": true,
            "spot_instance_request_id": "",
            "subnet_id": "subnet-05c300a58503063c9",
            "tags": {
              "Name": "tokyo-weba"
            },
            "tags_all": {
              "Name": "tokyo-weba"
            },
            "tenancy": "default",
            "timeouts": null,
            "user_data": "95064591ebc07aa9713cbad81dfb38e3b16d4087",
            "user_data_base64": null,
            "user_data_replace_on_change": false,
            "volume_tags": null,
            "vpc_security_group_ids": [
              "sg-0c463b1cb5662602a",
              "sg-0cad1a38ee325b6fb"
            ]
          },
          "sensitive_attributes": [],
          "private": "eyJlMmJmYjczMC1lY2FhLTExZTYtOGY4OC0zNDM2M2JjN2M0YzAiOnsiY3JlYXRlIjo2MDAwMDAwMDAwMDAsImRlbGV0ZSI6MTIwMDAwMDAwMDAwMCwicmVhZCI6OTAwMDAwMDAwMDAwLCJ1cGRhdGUiOjYwMDAwMDAwMDAwMH0sInNjaGVtYV92ZXJzaW9uIjoiMSJ9",
          "dependencies": [
            "module.tokyo.aws_security_group.ogurim_sg",
            "module.tokyo.aws_security_group.ogurim_web_sg",
            "module.tokyo.aws_subnet.ogurim_subnet",
            "module.tokyo.aws_vpc.ogurim_vpc",
            "module.tokyo.data.aws_ami.amzn"
          ]
        }
      ]
    },
    {
      "module": "module.tokyo",
      "mode": "managed",
      "type": "aws_instance",
      "name": "ogurim_webc",
      "provider": "provider[\"registry.terraform.io/hashicorp/aws\"].tokyo",
      "instances": [
        {
          "schema_version": 1,
          "attributes": {
            "ami": "ami-034bc4e4fcccfe844",
            "arn": "arn:aws:ec2:ap-northeast-1:339713119714:instance/i-09de6330c5e8b9f6f",
            "associate_public_ip_address": true,
            "availability_zone": "ap-northeast-1c",
            "capacity_reservation_specification": [
              {
                "capacity_reservation_preference": "open",
                "capacity_reservation_target": []
              }
            ],
            "cpu_core_count": 1,
            "cpu_options": [
              {
                "amd_sev_snp": "",
                "core_count": 1,
                "threads_per_core": 1
              }
            ],
            "cpu_threads_per_core": 1,
            "credit_specification": [
              {
                "cpu_credits": "standard"
              }
            ],
            "disable_api_stop": false,
            "disable_api_termination": false,
            "ebs_block_device": [],
            "ebs_optimized": false,
            "enclave_options": [
              {
                "enabled": false
              }
            ],
            "ephemeral_block_device": [],
            "get_password_data": false,
            "hibernation": false,
            "host_id": "",
            "host_resource_group_arn": null,
            "iam_instance_profile": "",
            "id": "i-09de6330c5e8b9f6f",
            "instance_initiated_shutdown_behavior": "stop",
            "instance_lifecycle": "",
            "instance_market_options": [],
            "instance_state": "running",
            "instance_type": "t2.micro",
            "ipv6_address_count": 0,
            "ipv6_addresses": [],
            "key_name": "ogurim",
            "launch_template": [],
            "maintenance_options": [
              {
                "auto_recovery": "default"
              }
            ],
            "metadata_options": [
              {
                "http_endpoint": "enabled",
                "http_protocol_ipv6": "disabled",
                "http_put_response_hop_limit": 1,
                "http_tokens": "optional",
                "instance_metadata_tags": "disabled"
              }
            ],
            "monitoring": true,
            "network_interface": [],
            "outpost_arn": "",
            "password_data": "",
            "placement_group": "",
            "placement_partition_number": 0,
            "primary_network_interface_id": "eni-01167c80d9bd9c0e1",
            "private_dns": "ip-192-168-1-11.ap-northeast-1.compute.internal",
            "private_dns_name_options": [
              {
                "enable_resource_name_dns_a_record": false,
                "enable_resource_name_dns_aaaa_record": false,
                "hostname_type": "ip-name"
              }
            ],
            "private_ip": "192.168.1.11",
            "public_dns": "ec2-54-249-38-9.ap-northeast-1.compute.amazonaws.com",
            "public_ip": "54.249.38.9",
            "root_block_device": [
              {
                "delete_on_termination": true,
                "device_name": "/dev/xvda",
                "encrypted": false,
                "iops": 100,
                "kms_key_id": "",
                "tags": {},
                "tags_all": {},
                "throughput": 0,
                "volume_id": "vol-08461b803522db39d",
                "volume_size": 8,
                "volume_type": "gp2"
              }
            ],
            "secondary_private_ips": [],
            "security_groups": [],
            "source_dest_check": true,
            "spot_instance_request_id": "",
            "subnet_id": "subnet-0f9dcf2ac6b97db0c",
            "tags": {
              "Name": "tokyo-webc"
            },
            "tags_all": {
              "Name": "tokyo-webc"
            },
            "tenancy": "default",
            "timeouts": null,
            "user_data": "63811417165aec15dd9555baaa2f29bdb5c5b056",
            "user_data_base64": null,
            "user_data_replace_on_change": false,
            "volume_tags": null,
            "vpc_security_group_ids": [
              "sg-0c463b1cb5662602a",
              "sg-0cad1a38ee325b6fb"
            ]
          },
          "sensitive_attributes": [],
          "private": "eyJlMmJmYjczMC1lY2FhLTExZTYtOGY4OC0zNDM2M2JjN2M0YzAiOnsiY3JlYXRlIjo2MDAwMDAwMDAwMDAsImRlbGV0ZSI6MTIwMDAwMDAwMDAwMCwicmVhZCI6OTAwMDAwMDAwMDAwLCJ1cGRhdGUiOjYwMDAwMDAwMDAwMH0sInNjaGVtYV92ZXJzaW9uIjoiMSJ9",
          "dependencies": [
            "module.tokyo.aws_security_group.ogurim_sg",
            "module.tokyo.aws_security_group.ogurim_web_sg",
            "module.tokyo.aws_subnet.ogurim_subnet",
            "module.tokyo.aws_vpc.ogurim_vpc",
            "module.tokyo.data.aws_ami.amzn"
          ]
        }
      ]
    },
    {
      "module": "module.tokyo",
      "mode": "managed",
      "type": "aws_internet_gateway",
      "name": "ogurim_ig",
      "provider": "provider[\"registry.terraform.io/hashicorp/aws\"].tokyo",
      "instances": [
        {
          "schema_version": 0,
          "attributes": {
            "arn": "arn:aws:ec2:ap-northeast-1:339713119714:internet-gateway/igw-021ea2ddffee00dee",
            "id": "igw-021ea2ddffee00dee",
            "owner_id": "339713119714",
            "tags": {
              "Name": "tokyo-ig"
            },
            "tags_all": {
              "Name": "tokyo-ig"
            },
            "timeouts": null,
            "vpc_id": "vpc-0e1bf5a4dc3280952"
          },
          "sensitive_attributes": [],
          "private": "eyJlMmJmYjczMC1lY2FhLTExZTYtOGY4OC0zNDM2M2JjN2M0YzAiOnsiY3JlYXRlIjoxMjAwMDAwMDAwMDAwLCJkZWxldGUiOjEyMDAwMDAwMDAwMDAsInVwZGF0ZSI6MTIwMDAwMDAwMDAwMH19",
          "dependencies": [
            "module.tokyo.aws_vpc.ogurim_vpc"
          ]
        }
      ]
    },
    {
      "module": "module.tokyo",
      "mode": "managed",
      "type": "aws_key_pair",
      "name": "public_key",
      "provider": "provider[\"registry.terraform.io/hashicorp/aws\"].tokyo",
      "instances": [
        {
          "schema_version": 1,
          "attributes": {
            "arn": "arn:aws:ec2:ap-northeast-1:339713119714:key-pair/ogurim",
            "fingerprint": "94:c3:0c:6e:b9:41:20:cf:b2:6d:3c:a7:a6:bf:c7:97",
            "id": "ogurim",
            "key_name": "ogurim",
            "key_name_prefix": "",
            "key_pair_id": "key-026512fe1ed90f86b",
            "key_type": "rsa",
            "public_key": "ssh-rsa AAAAB3NzaC1yc2EAAAADAQABAAABgQC+j+3wlz0mWRpTpPm4ouBR9JWWpCo4Ku4i63sGIF/nm4/KTnwQhC/TQPoLblwvXgvCGlM23PXbrO3okaJJ9BpNsywo6Tli66nDNimMJgBSvLLNgzqbs+CfIxL7YiskefvptmDKSw4VgyP7Ap0CtbLB+VwCV2bVRLtgGEa8WNJYur+1fjTUhKnUXhWBbSliREKumB9CANSL/GwMtCzd9rO3B2t6qOA2Q6UkwV6GOp2jGfEF2bQusswLzymHqsyTHJ8pMq50xtQbwpRWtVRVsNwnPkZDDLhjsTxw01KJHb4KkK0UmLo4oskczxSxWGVAo3uOxxc0Iaznp6Kn9VyywedAjIbVZt5GXu0hELZizUb28D8srqPa1h3dsyvgzgRg3dgfFv+iJH6dvRoSZLuJ/dTduPic50ku6UkYPzeEKpa2h+PgqXTyFWiutFx2RRjsH1P6EJ3WZHErmAX0f72eC5GtizLEZUYmemYgZkPc7sLI/2GzIfmAkKJrURKWlahQxqk=",
            "tags": null,
            "tags_all": {}
          },
          "sensitive_attributes": [],
          "private": "eyJzY2hlbWFfdmVyc2lvbiI6IjEifQ=="
        }
      ]
    },
    {
      "module": "module.tokyo",
      "mode": "managed",
      "type": "aws_launch_template",
      "name": "ogurim_lt",
      "provider": "provider[\"registry.terraform.io/hashicorp/aws\"].tokyo",
      "instances": [
        {
          "schema_version": 0,
          "attributes": {
            "arn": "arn:aws:ec2:ap-northeast-1:339713119714:launch-template/lt-06e627bf1bd7ad7cf",
            "block_device_mappings": [
              {
                "device_name": "/dev/sdd",
                "ebs": [
                  {
                    "delete_on_termination": "",
                    "encrypted": "",
                    "iops": 0,
                    "kms_key_id": "",
                    "snapshot_id": "",
                    "throughput": 0,
                    "volume_size": 10,
                    "volume_type": "gp2"
                  }
                ],
                "no_device": "",
                "virtual_name": ""
              }
            ],
            "capacity_reservation_specification": [],
            "cpu_options": [],
            "credit_specification": [],
            "default_version": 1,
            "description": "",
            "disable_api_stop": false,
            "disable_api_termination": false,
            "ebs_optimized": "",
            "elastic_gpu_specifications": [],
            "elastic_inference_accelerator": [],
            "enclave_options": [],
            "hibernation_options": [],
            "iam_instance_profile": [],
            "id": "lt-06e627bf1bd7ad7cf",
            "image_id": "ami-0abc9a918cd3a6187",
            "instance_initiated_shutdown_behavior": "",
            "instance_market_options": [],
            "instance_requirements": [],
            "instance_type": "t2.micro",
            "kernel_id": "",
            "key_name": "ogurim",
            "latest_version": 1,
            "license_specification": [],
            "maintenance_options": [],
            "metadata_options": [],
            "monitoring": [],
            "name": "tokyo-lt",
            "name_prefix": "",
            "network_interfaces": [],
            "placement": [],
            "private_dns_name_options": [],
            "ram_disk_id": "",
            "security_group_names": null,
            "tag_specifications": [
              {
                "resource_type": "instance",
                "tags": {
                  "Name": "tokyo-lt"
                }
              }
            ],
            "tags": null,
            "tags_all": {},
            "update_default_version": null,
            "user_data": "",
            "vpc_security_group_ids": [
              "sg-0c463b1cb5662602a",
              "sg-0cad1a38ee325b6fb"
            ]
          },
          "sensitive_attributes": [],
          "private": "bnVsbA==",
          "dependencies": [
            "module.tokyo.aws_ami_from_instance.ogurim_ami",
            "module.tokyo.aws_instance.ogurim_weba",
            "module.tokyo.aws_security_group.ogurim_sg",
            "module.tokyo.aws_security_group.ogurim_web_sg",
            "module.tokyo.aws_subnet.ogurim_subnet",
            "module.tokyo.aws_vpc.ogurim_vpc",
            "module.tokyo.data.aws_ami.amzn"
          ]
        }
      ]
    },
    {
      "module": "module.tokyo",
      "mode": "managed",
      "type": "aws_lb",
      "name": "ogurim_lb",
      "provider": "provider[\"registry.terraform.io/hashicorp/aws\"].tokyo",
      "instances": [
        {
          "schema_version": 0,
          "attributes": {
            "access_logs": [
              {
                "bucket": "",
                "enabled": false,
                "prefix": ""
              }
            ],
            "arn": "arn:aws:elasticloadbalancing:ap-northeast-1:339713119714:loadbalancer/app/tokyo-lb/f0c71489e4bee793",
            "arn_suffix": "app/tokyo-lb/f0c71489e4bee793",
            "client_keep_alive": 3600,
            "connection_logs": [
              {
                "bucket": "",
                "enabled": false,
                "prefix": ""
              }
            ],
            "customer_owned_ipv4_pool": "",
            "desync_mitigation_mode": "defensive",
            "dns_name": "tokyo-lb-653751137.ap-northeast-1.elb.amazonaws.com",
            "dns_record_client_routing_policy": null,
            "drop_invalid_header_fields": false,
            "enable_cross_zone_load_balancing": true,
            "enable_deletion_protection": false,
            "enable_http2": true,
            "enable_tls_version_and_cipher_suite_headers": false,
            "enable_waf_fail_open": false,
            "enable_xff_client_port": false,
            "enforce_security_group_inbound_rules_on_private_link_traffic": "",
            "id": "arn:aws:elasticloadbalancing:ap-northeast-1:339713119714:loadbalancer/app/tokyo-lb/f0c71489e4bee793",
            "idle_timeout": 60,
            "internal": false,
            "ip_address_type": "ipv4",
            "load_balancer_type": "application",
            "name": "tokyo-lb",
            "name_prefix": "",
            "preserve_host_header": false,
            "security_groups": [
              "sg-0c463b1cb5662602a",
              "sg-0cad1a38ee325b6fb"
            ],
            "subnet_mapping": [
              {
                "allocation_id": "",
                "ipv6_address": "",
                "outpost_id": "",
                "private_ipv4_address": "",
                "subnet_id": "subnet-05c300a58503063c9"
              },
              {
                "allocation_id": "",
                "ipv6_address": "",
                "outpost_id": "",
                "private_ipv4_address": "",
                "subnet_id": "subnet-0f9dcf2ac6b97db0c"
              }
            ],
            "subnets": [
              "subnet-05c300a58503063c9",
              "subnet-0f9dcf2ac6b97db0c"
            ],
            "tags": {
              "Name": "tokyo-lb"
            },
            "tags_all": {
              "Name": "tokyo-lb"
            },
            "timeouts": null,
            "vpc_id": "vpc-0e1bf5a4dc3280952",
            "xff_header_processing_mode": "append",
            "zone_id": "Z14GRHDCWA56QT"
          },
          "sensitive_attributes": [],
          "private": "eyJlMmJmYjczMC1lY2FhLTExZTYtOGY4OC0zNDM2M2JjN2M0YzAiOnsiY3JlYXRlIjo2MDAwMDAwMDAwMDAsImRlbGV0ZSI6NjAwMDAwMDAwMDAwLCJ1cGRhdGUiOjYwMDAwMDAwMDAwMH19",
          "dependencies": [
            "module.tokyo.aws_security_group.ogurim_sg",
            "module.tokyo.aws_security_group.ogurim_web_sg",
            "module.tokyo.aws_subnet.ogurim_subnet",
            "module.tokyo.aws_vpc.ogurim_vpc"
          ]
        }
      ]
    },
    {
      "module": "module.tokyo",
      "mode": "managed",
      "type": "aws_lb_listener",
      "name": "ogurim_albli",
      "provider": "provider[\"registry.terraform.io/hashicorp/aws\"].tokyo",
      "instances": [
        {
          "schema_version": 0,
          "attributes": {
            "alpn_policy": null,
            "arn": "arn:aws:elasticloadbalancing:ap-northeast-1:339713119714:listener/app/tokyo-lb/f0c71489e4bee793/11bd3840e0f5d510",
            "certificate_arn": null,
            "default_action": [
              {
                "authenticate_cognito": [],
                "authenticate_oidc": [],
                "fixed_response": [],
                "forward": [],
                "order": 1,
                "redirect": [],
                "target_group_arn": "arn:aws:elasticloadbalancing:ap-northeast-1:339713119714:targetgroup/tokyo-albtg/aeeaaa7f833253ae",
                "type": "forward"
              }
            ],
            "id": "arn:aws:elasticloadbalancing:ap-northeast-1:339713119714:listener/app/tokyo-lb/f0c71489e4bee793/11bd3840e0f5d510",
            "load_balancer_arn": "arn:aws:elasticloadbalancing:ap-northeast-1:339713119714:loadbalancer/app/tokyo-lb/f0c71489e4bee793",
            "mutual_authentication": [],
            "port": 80,
            "protocol": "HTTP",
            "ssl_policy": "",
            "tags": {
              "Name": "tokyo-albli"
            },
            "tags_all": {
              "Name": "tokyo-albli"
            },
            "timeouts": null
          },
          "sensitive_attributes": [],
          "private": "eyJlMmJmYjczMC1lY2FhLTExZTYtOGY4OC0zNDM2M2JjN2M0YzAiOnsiY3JlYXRlIjozMDAwMDAwMDAwMDAsInVwZGF0ZSI6MzAwMDAwMDAwMDAwfX0=",
          "dependencies": [
            "module.tokyo.aws_lb.ogurim_lb",
            "module.tokyo.aws_lb_target_group.ogurim_albtg",
            "module.tokyo.aws_security_group.ogurim_sg",
            "module.tokyo.aws_security_group.ogurim_web_sg",
            "module.tokyo.aws_subnet.ogurim_subnet",
            "module.tokyo.aws_vpc.ogurim_vpc"
          ]
        }
      ]
    },
    {
      "module": "module.tokyo",
      "mode": "managed",
      "type": "aws_lb_target_group",
      "name": "ogurim_albtg",
      "provider": "provider[\"registry.terraform.io/hashicorp/aws\"].tokyo",
      "instances": [
        {
          "schema_version": 0,
          "attributes": {
            "arn": "arn:aws:elasticloadbalancing:ap-northeast-1:339713119714:targetgroup/tokyo-albtg/aeeaaa7f833253ae",
            "arn_suffix": "targetgroup/tokyo-albtg/aeeaaa7f833253ae",
            "connection_termination": null,
            "deregistration_delay": "300",
            "health_check": [
              {
                "enabled": true,
                "healthy_threshold": 2,
                "interval": 5,
                "matcher": "200",
                "path": "/index.html",
                "port": "traffic-port",
                "protocol": "HTTP",
                "timeout": 3,
                "unhealthy_threshold": 3
              }
            ],
            "id": "arn:aws:elasticloadbalancing:ap-northeast-1:339713119714:targetgroup/tokyo-albtg/aeeaaa7f833253ae",
            "ip_address_type": "ipv4",
            "lambda_multi_value_headers_enabled": false,
            "load_balancer_arns": [],
            "load_balancing_algorithm_type": "round_robin",
            "load_balancing_anomaly_mitigation": "off",
            "load_balancing_cross_zone_enabled": "use_load_balancer_configuration",
            "name": "tokyo-albtg",
            "name_prefix": "",
            "port": 80,
            "preserve_client_ip": null,
            "protocol": "HTTP",
            "protocol_version": "HTTP1",
            "proxy_protocol_v2": false,
            "slow_start": 0,
            "stickiness": [
              {
                "cookie_duration": 86400,
                "cookie_name": "",
                "enabled": false,
                "type": "lb_cookie"
              }
            ],
            "tags": {
              "Name": "tokyo-albtg"
            },
            "tags_all": {
              "Name": "tokyo-albtg"
            },
            "target_failover": [
              {
                "on_deregistration": null,
                "on_unhealthy": null
              }
            ],
            "target_health_state": [
              {
                "enable_unhealthy_connection_termination": null
              }
            ],
            "target_type": "instance",
            "vpc_id": "vpc-0e1bf5a4dc3280952"
          },
          "sensitive_attributes": [],
          "private": "bnVsbA==",
          "dependencies": [
            "module.tokyo.aws_vpc.ogurim_vpc"
          ]
        }
      ]
    },
    {
      "module": "module.tokyo",
      "mode": "managed",
      "type": "aws_nat_gateway",
      "name": "ogurim_nig",
      "provider": "provider[\"registry.terraform.io/hashicorp/aws\"].tokyo",
      "instances": [
        {
          "schema_version": 0,
          "attributes": {
            "allocation_id": "eipalloc-048e7323a2c55c192",
            "association_id": "eipassoc-05296d34934ed6257",
            "connectivity_type": "public",
            "id": "nat-079a0289906305af1",
            "network_interface_id": "eni-0e9094bc899eb22da",
            "private_ip": "192.168.0.21",
            "public_ip": "54.249.240.177",
            "secondary_allocation_ids": null,
            "secondary_private_ip_address_count": 0,
            "secondary_private_ip_addresses": [],
            "subnet_id": "subnet-05c300a58503063c9",
            "tags": {
              "Name": "tokyo-nig"
            },
            "tags_all": {
              "Name": "tokyo-nig"
            },
            "timeouts": null
          },
          "sensitive_attributes": [],
          "private": "eyJlMmJmYjczMC1lY2FhLTExZTYtOGY4OC0zNDM2M2JjN2M0YzAiOnsiY3JlYXRlIjo2MDAwMDAwMDAwMDAsImRlbGV0ZSI6MTgwMDAwMDAwMDAwMCwidXBkYXRlIjo2MDAwMDAwMDAwMDB9fQ==",
          "dependencies": [
            "module.tokyo.aws_eip.ogurim_eip",
            "module.tokyo.aws_internet_gateway.ogurim_ig",
            "module.tokyo.aws_subnet.ogurim_subnet",
            "module.tokyo.aws_vpc.ogurim_vpc"
          ]
        }
      ]
    },
    {
      "module": "module.tokyo",
      "mode": "managed",
      "type": "aws_route53_record",
      "name": "www",
      "provider": "provider[\"registry.terraform.io/hashicorp/aws\"].tokyo",
      "instances": [
        {
          "schema_version": 2,
          "attributes": {
            "alias": [
              {
                "evaluate_target_health": true,
                "name": "tokyo-lb-653751137.ap-northeast-1.elb.amazonaws.com",
                "zone_id": "Z14GRHDCWA56QT"
              }
            ],
            "allow_overwrite": null,
            "cidr_routing_policy": [],
            "failover_routing_policy": [],
            "fqdn": "www.ogurim.shop",
            "geolocation_routing_policy": [],
            "geoproximity_routing_policy": [],
            "health_check_id": "",
            "id": "Z10304913S6N2ZPEXJMI_www.ogurim.shop_A",
            "latency_routing_policy": [],
            "multivalue_answer_routing_policy": false,
            "name": "www.ogurim.shop",
            "records": null,
            "set_identifier": "",
            "ttl": 0,
            "type": "A",
            "weighted_routing_policy": [],
            "zone_id": "Z10304913S6N2ZPEXJMI"
          },
          "sensitive_attributes": [],
          "private": "eyJzY2hlbWFfdmVyc2lvbiI6IjIifQ==",
          "dependencies": [
            "module.tokyo.aws_lb.ogurim_lb",
            "module.tokyo.aws_route53_zone.ogurim_zone",
            "module.tokyo.aws_security_group.ogurim_sg",
            "module.tokyo.aws_security_group.ogurim_web_sg",
            "module.tokyo.aws_subnet.ogurim_subnet",
            "module.tokyo.aws_vpc.ogurim_vpc"
          ]
        }
      ]
    },
    {
      "module": "module.tokyo",
      "mode": "managed",
      "type": "aws_route53_zone",
      "name": "ogurim_zone",
      "provider": "provider[\"registry.terraform.io/hashicorp/aws\"].tokyo",
      "instances": [
        {
          "schema_version": 0,
          "attributes": {
            "arn": "arn:aws:route53:::hostedzone/Z10304913S6N2ZPEXJMI",
            "comment": "Managed by Terraform",
            "delegation_set_id": "",
            "force_destroy": false,
            "id": "Z10304913S6N2ZPEXJMI",
            "name": "ogurim.shop",
            "name_servers": [
              "ns-1495.awsdns-58.org",
              "ns-1562.awsdns-03.co.uk",
              "ns-419.awsdns-52.com",
              "ns-711.awsdns-24.net"
            ],
            "primary_name_server": "ns-711.awsdns-24.net",
            "tags": {
              "Name": "ogurim-zone"
            },
            "tags_all": {
              "Name": "ogurim-zone"
            },
            "vpc": [],
            "zone_id": "Z10304913S6N2ZPEXJMI"
          },
          "sensitive_attributes": [],
          "private": "bnVsbA=="
        }
      ]
    },
    {
      "module": "module.tokyo",
      "mode": "managed",
      "type": "aws_route_table",
      "name": "ogurim_nrt",
      "provider": "provider[\"registry.terraform.io/hashicorp/aws\"].tokyo",
      "instances": [
        {
          "schema_version": 0,
          "attributes": {
            "arn": "arn:aws:ec2:ap-northeast-1:339713119714:route-table/rtb-042035430639cb55c",
            "id": "rtb-042035430639cb55c",
            "owner_id": "339713119714",
            "propagating_vgws": [],
            "route": [
              {
                "carrier_gateway_id": "",
                "cidr_block": "0.0.0.0/0",
                "core_network_arn": "",
                "destination_prefix_list_id": "",
                "egress_only_gateway_id": "",
                "gateway_id": "nat-079a0289906305af1",
                "ipv6_cidr_block": "",
                "local_gateway_id": "",
                "nat_gateway_id": "",
                "network_interface_id": "",
                "transit_gateway_id": "",
                "vpc_endpoint_id": "",
                "vpc_peering_connection_id": ""
              }
            ],
            "tags": {
              "Name": "tokyo-nrt"
            },
            "tags_all": {
              "Name": "tokyo-nrt"
            },
            "timeouts": null,
            "vpc_id": "vpc-0e1bf5a4dc3280952"
          },
          "sensitive_attributes": [],
          "private": "eyJlMmJmYjczMC1lY2FhLTExZTYtOGY4OC0zNDM2M2JjN2M0YzAiOnsiY3JlYXRlIjozMDAwMDAwMDAwMDAsImRlbGV0ZSI6MzAwMDAwMDAwMDAwLCJ1cGRhdGUiOjEyMDAwMDAwMDAwMH19",
          "dependencies": [
            "module.tokyo.aws_eip.ogurim_eip",
            "module.tokyo.aws_internet_gateway.ogurim_ig",
            "module.tokyo.aws_nat_gateway.ogurim_nig",
            "module.tokyo.aws_subnet.ogurim_subnet",
            "module.tokyo.aws_vpc.ogurim_vpc"
          ]
        }
      ]
    },
    {
      "module": "module.tokyo",
      "mode": "managed",
      "type": "aws_route_table",
      "name": "ogurim_rt",
      "provider": "provider[\"registry.terraform.io/hashicorp/aws\"].tokyo",
      "instances": [
        {
          "schema_version": 0,
          "attributes": {
            "arn": "arn:aws:ec2:ap-northeast-1:339713119714:route-table/rtb-0bae6815a02a64969",
            "id": "rtb-0bae6815a02a64969",
            "owner_id": "339713119714",
            "propagating_vgws": [],
            "route": [
              {
                "carrier_gateway_id": "",
                "cidr_block": "0.0.0.0/0",
                "core_network_arn": "",
                "destination_prefix_list_id": "",
                "egress_only_gateway_id": "",
                "gateway_id": "igw-021ea2ddffee00dee",
                "ipv6_cidr_block": "",
                "local_gateway_id": "",
                "nat_gateway_id": "",
                "network_interface_id": "",
                "transit_gateway_id": "",
                "vpc_endpoint_id": "",
                "vpc_peering_connection_id": ""
              }
            ],
            "tags": {
              "Name": "tokyo-rt"
            },
            "tags_all": {
              "Name": "tokyo-rt"
            },
            "timeouts": null,
            "vpc_id": "vpc-0e1bf5a4dc3280952"
          },
          "sensitive_attributes": [],
          "private": "eyJlMmJmYjczMC1lY2FhLTExZTYtOGY4OC0zNDM2M2JjN2M0YzAiOnsiY3JlYXRlIjozMDAwMDAwMDAwMDAsImRlbGV0ZSI6MzAwMDAwMDAwMDAwLCJ1cGRhdGUiOjEyMDAwMDAwMDAwMH19",
          "dependencies": [
            "module.tokyo.aws_internet_gateway.ogurim_ig",
            "module.tokyo.aws_vpc.ogurim_vpc"
          ]
        }
      ]
    },
    {
      "module": "module.tokyo",
      "mode": "managed",
      "type": "aws_route_table_association",
      "name": "ogurim_nrtas_d",
      "provider": "provider[\"registry.terraform.io/hashicorp/aws\"].tokyo",
      "instances": [
        {
          "index_key": 0,
          "schema_version": 0,
          "attributes": {
            "gateway_id": "",
            "id": "rtbassoc-0b3218a67d5fa3d02",
            "route_table_id": "rtb-042035430639cb55c",
            "subnet_id": "subnet-05b9073efd824331c",
            "timeouts": null
          },
          "sensitive_attributes": [],
          "private": "eyJlMmJmYjczMC1lY2FhLTExZTYtOGY4OC0zNDM2M2JjN2M0YzAiOnsiY3JlYXRlIjozMDAwMDAwMDAwMDAsImRlbGV0ZSI6MzAwMDAwMDAwMDAwLCJ1cGRhdGUiOjEyMDAwMDAwMDAwMH19",
          "dependencies": [
            "module.tokyo.aws_eip.ogurim_eip",
            "module.tokyo.aws_internet_gateway.ogurim_ig",
            "module.tokyo.aws_nat_gateway.ogurim_nig",
            "module.tokyo.aws_route_table.ogurim_nrt",
            "module.tokyo.aws_subnet.ogurim_subnet",
            "module.tokyo.aws_vpc.ogurim_vpc"
          ]
        },
        {
          "index_key": 1,
          "schema_version": 0,
          "attributes": {
            "gateway_id": "",
            "id": "rtbassoc-0524b777576391ce8",
            "route_table_id": "rtb-042035430639cb55c",
            "subnet_id": "subnet-0812c80eafbcae4b1",
            "timeouts": null
          },
          "sensitive_attributes": [],
          "private": "eyJlMmJmYjczMC1lY2FhLTExZTYtOGY4OC0zNDM2M2JjN2M0YzAiOnsiY3JlYXRlIjozMDAwMDAwMDAwMDAsImRlbGV0ZSI6MzAwMDAwMDAwMDAwLCJ1cGRhdGUiOjEyMDAwMDAwMDAwMH19",
          "dependencies": [
            "module.tokyo.aws_eip.ogurim_eip",
            "module.tokyo.aws_internet_gateway.ogurim_ig",
            "module.tokyo.aws_nat_gateway.ogurim_nig",
            "module.tokyo.aws_route_table.ogurim_nrt",
            "module.tokyo.aws_subnet.ogurim_subnet",
            "module.tokyo.aws_vpc.ogurim_vpc"
          ]
        }
      ]
    },
    {
      "module": "module.tokyo",
      "mode": "managed",
      "type": "aws_route_table_association",
      "name": "ogurim_nrtas_w",
      "provider": "provider[\"registry.terraform.io/hashicorp/aws\"].tokyo",
      "instances": [
        {
          "index_key": 0,
          "schema_version": 0,
          "attributes": {
            "gateway_id": "",
            "id": "rtbassoc-0db8123424af57c15",
            "route_table_id": "rtb-042035430639cb55c",
            "subnet_id": "subnet-059977288ffe801a7",
            "timeouts": null
          },
          "sensitive_attributes": [],
          "private": "eyJlMmJmYjczMC1lY2FhLTExZTYtOGY4OC0zNDM2M2JjN2M0YzAiOnsiY3JlYXRlIjozMDAwMDAwMDAwMDAsImRlbGV0ZSI6MzAwMDAwMDAwMDAwLCJ1cGRhdGUiOjEyMDAwMDAwMDAwMH19",
          "dependencies": [
            "module.tokyo.aws_eip.ogurim_eip",
            "module.tokyo.aws_internet_gateway.ogurim_ig",
            "module.tokyo.aws_nat_gateway.ogurim_nig",
            "module.tokyo.aws_route_table.ogurim_nrt",
            "module.tokyo.aws_subnet.ogurim_subnet",
            "module.tokyo.aws_vpc.ogurim_vpc"
          ]
        },
        {
          "index_key": 1,
          "schema_version": 0,
          "attributes": {
            "gateway_id": "",
            "id": "rtbassoc-094057478f50847ea",
            "route_table_id": "rtb-042035430639cb55c",
            "subnet_id": "subnet-0c1c39bb0ba098dc2",
            "timeouts": null
          },
          "sensitive_attributes": [],
          "private": "eyJlMmJmYjczMC1lY2FhLTExZTYtOGY4OC0zNDM2M2JjN2M0YzAiOnsiY3JlYXRlIjozMDAwMDAwMDAwMDAsImRlbGV0ZSI6MzAwMDAwMDAwMDAwLCJ1cGRhdGUiOjEyMDAwMDAwMDAwMH19",
          "dependencies": [
            "module.tokyo.aws_eip.ogurim_eip",
            "module.tokyo.aws_internet_gateway.ogurim_ig",
            "module.tokyo.aws_nat_gateway.ogurim_nig",
            "module.tokyo.aws_route_table.ogurim_nrt",
            "module.tokyo.aws_subnet.ogurim_subnet",
            "module.tokyo.aws_vpc.ogurim_vpc"
          ]
        }
      ]
    },
    {
      "module": "module.tokyo",
      "mode": "managed",
      "type": "aws_route_table_association",
      "name": "ogurim_rtas",
      "provider": "provider[\"registry.terraform.io/hashicorp/aws\"].tokyo",
      "instances": [
        {
          "index_key": 0,
          "schema_version": 0,
          "attributes": {
            "gateway_id": "",
            "id": "rtbassoc-0c37ae2fb1698d13a",
            "route_table_id": "rtb-0bae6815a02a64969",
            "subnet_id": "subnet-05c300a58503063c9",
            "timeouts": null
          },
          "sensitive_attributes": [],
          "private": "eyJlMmJmYjczMC1lY2FhLTExZTYtOGY4OC0zNDM2M2JjN2M0YzAiOnsiY3JlYXRlIjozMDAwMDAwMDAwMDAsImRlbGV0ZSI6MzAwMDAwMDAwMDAwLCJ1cGRhdGUiOjEyMDAwMDAwMDAwMH19",
          "dependencies": [
            "module.tokyo.aws_internet_gateway.ogurim_ig",
            "module.tokyo.aws_route_table.ogurim_rt",
            "module.tokyo.aws_subnet.ogurim_subnet",
            "module.tokyo.aws_vpc.ogurim_vpc"
          ]
        },
        {
          "index_key": 1,
          "schema_version": 0,
          "attributes": {
            "gateway_id": "",
            "id": "rtbassoc-03a8c9495bad2cde7",
            "route_table_id": "rtb-0bae6815a02a64969",
            "subnet_id": "subnet-0f9dcf2ac6b97db0c",
            "timeouts": null
          },
          "sensitive_attributes": [],
          "private": "eyJlMmJmYjczMC1lY2FhLTExZTYtOGY4OC0zNDM2M2JjN2M0YzAiOnsiY3JlYXRlIjozMDAwMDAwMDAwMDAsImRlbGV0ZSI6MzAwMDAwMDAwMDAwLCJ1cGRhdGUiOjEyMDAwMDAwMDAwMH19",
          "dependencies": [
            "module.tokyo.aws_internet_gateway.ogurim_ig",
            "module.tokyo.aws_route_table.ogurim_rt",
            "module.tokyo.aws_subnet.ogurim_subnet",
            "module.tokyo.aws_vpc.ogurim_vpc"
          ]
        }
      ]
    },
    {
      "module": "module.tokyo",
      "mode": "managed",
      "type": "aws_s3_bucket",
      "name": "www_bk",
      "provider": "provider[\"registry.terraform.io/hashicorp/aws\"].tokyo",
      "instances": [
        {
          "schema_version": 0,
          "attributes": {
            "acceleration_status": "",
            "acl": null,
            "arn": "arn:aws:s3:::www.ogurim.shop",
            "bucket": "www.ogurim.shop",
            "bucket_domain_name": "www.ogurim.shop.s3.amazonaws.com",
            "bucket_prefix": "",
            "bucket_regional_domain_name": "www.ogurim.shop.s3.ap-northeast-1.amazonaws.com",
            "cors_rule": [],
            "force_destroy": false,
            "grant": [
              {
                "id": "bbfcda275764eb2f79608354ea118b62a5544cda9de8b39015d3e1163230388c",
                "permissions": [
                  "FULL_CONTROL"
                ],
                "type": "CanonicalUser",
                "uri": ""
              }
            ],
            "hosted_zone_id": "Z2M4EHUR26P7ZW",
            "id": "www.ogurim.shop",
            "lifecycle_rule": [],
            "logging": [],
            "object_lock_configuration": [],
            "object_lock_enabled": false,
            "policy": "",
            "region": "ap-northeast-1",
            "replication_configuration": [],
            "request_payer": "BucketOwner",
            "server_side_encryption_configuration": [
              {
                "rule": [
                  {
                    "apply_server_side_encryption_by_default": [
                      {
                        "kms_master_key_id": "",
                        "sse_algorithm": "AES256"
                      }
                    ],
                    "bucket_key_enabled": false
                  }
                ]
              }
            ],
            "tags": {
              "Name": "www.ogurim.shop"
            },
            "tags_all": {
              "Name": "www.ogurim.shop"
            },
            "timeouts": null,
            "versioning": [
              {
                "enabled": false,
                "mfa_delete": false
              }
            ],
            "website": [],
            "website_domain": null,
            "website_endpoint": null
          },
          "sensitive_attributes": [],
          "private": "eyJlMmJmYjczMC1lY2FhLTExZTYtOGY4OC0zNDM2M2JjN2M0YzAiOnsiY3JlYXRlIjoxMjAwMDAwMDAwMDAwLCJkZWxldGUiOjM2MDAwMDAwMDAwMDAsInJlYWQiOjEyMDAwMDAwMDAwMDAsInVwZGF0ZSI6MTIwMDAwMDAwMDAwMH19"
        }
      ]
    },
    {
      "module": "module.tokyo",
      "mode": "managed",
      "type": "aws_s3_bucket_acl",
      "name": "www_bk_acl",
      "provider": "provider[\"registry.terraform.io/hashicorp/aws\"].tokyo",
      "instances": [
        {
          "schema_version": 0,
          "attributes": {
            "access_control_policy": [
              {
                "grant": [
                  {
                    "grantee": [
                      {
                        "display_name": "",
                        "email_address": "",
                        "id": "",
                        "type": "Group",
                        "uri": "http://acs.amazonaws.com/groups/global/AllUsers"
                      }
                    ],
                    "permission": "READ"
                  },
                  {
                    "grantee": [
                      {
                        "display_name": "ogurim23",
                        "email_address": "",
                        "id": "bbfcda275764eb2f79608354ea118b62a5544cda9de8b39015d3e1163230388c",
                        "type": "CanonicalUser",
                        "uri": ""
                      }
                    ],
                    "permission": "FULL_CONTROL"
                  }
                ],
                "owner": [
                  {
                    "display_name": "ogurim23",
                    "id": "bbfcda275764eb2f79608354ea118b62a5544cda9de8b39015d3e1163230388c"
                  }
                ]
              }
            ],
            "acl": "public-read",
            "bucket": "www.ogurim.shop",
            "expected_bucket_owner": "",
            "id": "www.ogurim.shop,public-read"
          },
          "sensitive_attributes": [],
          "private": "bnVsbA==",
          "dependencies": [
            "module.tokyo.aws_s3_bucket.www_bk",
            "module.tokyo.aws_s3_bucket_ownership_controls.www_bk_oc",
            "module.tokyo.aws_s3_bucket_public_access_block.www_bk_ab"
          ]
        }
      ]
    },
    {
      "module": "module.tokyo",
      "mode": "managed",
      "type": "aws_s3_bucket_ownership_controls",
      "name": "www_bk_oc",
      "provider": "provider[\"registry.terraform.io/hashicorp/aws\"].tokyo",
      "instances": [
        {
          "schema_version": 0,
          "attributes": {
            "bucket": "www.ogurim.shop",
            "id": "www.ogurim.shop",
            "rule": [
              {
                "object_ownership": "BucketOwnerPreferred"
              }
            ]
          },
          "sensitive_attributes": [],
          "private": "bnVsbA==",
          "dependencies": [
            "module.tokyo.aws_s3_bucket.www_bk"
          ]
        }
      ]
    },
    {
      "module": "module.tokyo",
      "mode": "managed",
      "type": "aws_s3_bucket_public_access_block",
      "name": "www_bk_ab",
      "provider": "provider[\"registry.terraform.io/hashicorp/aws\"].tokyo",
      "instances": [
        {
          "schema_version": 0,
          "attributes": {
            "block_public_acls": false,
            "block_public_policy": false,
            "bucket": "www.ogurim.shop",
            "id": "www.ogurim.shop",
            "ignore_public_acls": false,
            "restrict_public_buckets": false
          },
          "sensitive_attributes": [],
          "private": "bnVsbA==",
          "dependencies": [
            "module.tokyo.aws_s3_bucket.www_bk"
          ]
        }
      ]
    },
    {
      "module": "module.tokyo",
      "mode": "managed",
      "type": "aws_s3_bucket_website_configuration",
      "name": "ogurim_website",
      "provider": "provider[\"registry.terraform.io/hashicorp/aws\"].tokyo",
      "instances": [
        {
          "schema_version": 0,
          "attributes": {
            "bucket": "www.ogurim.shop",
            "error_document": [
              {
                "key": "error.html"
              }
            ],
            "expected_bucket_owner": "",
            "id": "www.ogurim.shop",
            "index_document": [
              {
                "suffix": "index.html"
              }
            ],
            "redirect_all_requests_to": [],
            "routing_rule": [],
            "routing_rules": "",
            "website_domain": "s3-website-ap-northeast-1.amazonaws.com",
            "website_endpoint": "www.ogurim.shop.s3-website-ap-northeast-1.amazonaws.com"
          },
          "sensitive_attributes": [],
          "private": "bnVsbA==",
          "dependencies": [
            "module.tokyo.aws_s3_bucket.www_bk"
          ]
        }
      ]
    },
    {
      "module": "module.tokyo",
      "mode": "managed",
      "type": "aws_s3_object",
      "name": "error_file",
      "provider": "provider[\"registry.terraform.io/hashicorp/aws\"].tokyo",
      "instances": [
        {
          "schema_version": 0,
          "attributes": {
            "acl": "public-read",
            "arn": "arn:aws:s3:::www.ogurim.shop/error.html",
            "bucket": "www.ogurim.shop",
            "bucket_key_enabled": false,
            "cache_control": "",
            "checksum_algorithm": null,
            "checksum_crc32": "",
            "checksum_crc32c": "",
            "checksum_sha1": "",
            "checksum_sha256": "",
            "content": null,
            "content_base64": null,
            "content_disposition": "",
            "content_encoding": "",
            "content_language": "",
            "content_type": "application/octet-stream",
            "etag": "5aa9496ba52d3ad6c0adf07d15edb565",
            "force_destroy": false,
            "id": "error.html",
            "key": "error.html",
            "kms_key_id": null,
            "metadata": null,
            "object_lock_legal_hold_status": "",
            "object_lock_mode": "",
            "object_lock_retain_until_date": "",
            "override_provider": [],
            "server_side_encryption": "AES256",
            "source": "./resources/error.html",
            "source_hash": null,
            "storage_class": "STANDARD",
            "tags": null,
            "tags_all": {},
            "version_id": "",
            "website_redirect": ""
          },
          "sensitive_attributes": [],
          "private": "bnVsbA==",
          "dependencies": [
            "module.tokyo.aws_s3_bucket.www_bk",
            "module.tokyo.aws_s3_bucket_acl.www_bk_acl",
            "module.tokyo.aws_s3_bucket_ownership_controls.www_bk_oc",
            "module.tokyo.aws_s3_bucket_public_access_block.www_bk_ab"
          ]
        }
      ]
    },
    {
      "module": "module.tokyo",
      "mode": "managed",
      "type": "aws_s3_object",
      "name": "img_file",
      "provider": "provider[\"registry.terraform.io/hashicorp/aws\"].tokyo",
      "instances": [
        {
          "schema_version": 0,
          "attributes": {
            "acl": "public-read",
            "arn": "arn:aws:s3:::www.ogurim.shop/1.png",
            "bucket": "www.ogurim.shop",
            "bucket_key_enabled": false,
            "cache_control": "",
            "checksum_algorithm": null,
            "checksum_crc32": "",
            "checksum_crc32c": "",
            "checksum_sha1": "",
            "checksum_sha256": "",
            "content": null,
            "content_base64": null,
            "content_disposition": "",
            "content_encoding": "",
            "content_language": "",
            "content_type": "application/octet-stream",
            "etag": "53388e96ed32bb41b7d4cabd895ce220",
            "force_destroy": false,
            "id": "1.png",
            "key": "1.png",
            "kms_key_id": null,
            "metadata": null,
            "object_lock_legal_hold_status": "",
            "object_lock_mode": "",
            "object_lock_retain_until_date": "",
            "override_provider": [],
            "server_side_encryption": "AES256",
            "source": "./resources/1.png",
            "source_hash": null,
            "storage_class": "STANDARD",
            "tags": null,
            "tags_all": {},
            "version_id": "",
            "website_redirect": ""
          },
          "sensitive_attributes": [],
          "private": "bnVsbA==",
          "dependencies": [
            "module.tokyo.aws_s3_bucket.www_bk",
            "module.tokyo.aws_s3_bucket_acl.www_bk_acl",
            "module.tokyo.aws_s3_bucket_ownership_controls.www_bk_oc",
            "module.tokyo.aws_s3_bucket_public_access_block.www_bk_ab"
          ]
        }
      ]
    },
    {
      "module": "module.tokyo",
      "mode": "managed",
      "type": "aws_s3_object",
      "name": "index_file",
      "provider": "provider[\"registry.terraform.io/hashicorp/aws\"].tokyo",
      "instances": [
        {
          "schema_version": 0,
          "attributes": {
            "acl": "public-read",
            "arn": "arn:aws:s3:::www.ogurim.shop/index.html",
            "bucket": "www.ogurim.shop",
            "bucket_key_enabled": false,
            "cache_control": "",
            "checksum_algorithm": null,
            "checksum_crc32": "",
            "checksum_crc32c": "",
            "checksum_sha1": "",
            "checksum_sha256": "",
            "content": null,
            "content_base64": null,
            "content_disposition": "",
            "content_encoding": "",
            "content_language": "",
            "content_type": "application/octet-stream",
            "etag": "b0f0811331e05a789107457751a07962",
            "force_destroy": false,
            "id": "index.html",
            "key": "index.html",
            "kms_key_id": null,
            "metadata": null,
            "object_lock_legal_hold_status": "",
            "object_lock_mode": "",
            "object_lock_retain_until_date": "",
            "override_provider": [],
            "server_side_encryption": "AES256",
            "source": "./resources/index.html",
            "source_hash": null,
            "storage_class": "STANDARD",
            "tags": null,
            "tags_all": {},
            "version_id": "",
            "website_redirect": ""
          },
          "sensitive_attributes": [],
          "private": "bnVsbA==",
          "dependencies": [
            "module.tokyo.aws_s3_bucket.www_bk",
            "module.tokyo.aws_s3_bucket_acl.www_bk_acl",
            "module.tokyo.aws_s3_bucket_ownership_controls.www_bk_oc",
            "module.tokyo.aws_s3_bucket_public_access_block.www_bk_ab"
          ]
        }
      ]
    },
    {
      "module": "module.tokyo",
      "mode": "managed",
      "type": "aws_s3_object",
      "name": "style_file",
      "provider": "provider[\"registry.terraform.io/hashicorp/aws\"].tokyo",
      "instances": [
        {
          "schema_version": 0,
          "attributes": {
            "acl": "public-read",
            "arn": "arn:aws:s3:::www.ogurim.shop/styles.css",
            "bucket": "www.ogurim.shop",
            "bucket_key_enabled": false,
            "cache_control": "",
            "checksum_algorithm": null,
            "checksum_crc32": "",
            "checksum_crc32c": "",
            "checksum_sha1": "",
            "checksum_sha256": "",
            "content": null,
            "content_base64": null,
            "content_disposition": "",
            "content_encoding": "",
            "content_language": "",
            "content_type": "application/octet-stream",
            "etag": "3312a2c07cd83e1765bd2a14061c4167",
            "force_destroy": false,
            "id": "styles.css",
            "key": "styles.css",
            "kms_key_id": null,
            "metadata": null,
            "object_lock_legal_hold_status": "",
            "object_lock_mode": "",
            "object_lock_retain_until_date": "",
            "override_provider": [],
            "server_side_encryption": "AES256",
            "source": "./resources/styles.css",
            "source_hash": null,
            "storage_class": "STANDARD",
            "tags": null,
            "tags_all": {},
            "version_id": "",
            "website_redirect": ""
          },
          "sensitive_attributes": [],
          "private": "bnVsbA==",
          "dependencies": [
            "module.tokyo.aws_s3_bucket.www_bk",
            "module.tokyo.aws_s3_bucket_acl.www_bk_acl",
            "module.tokyo.aws_s3_bucket_ownership_controls.www_bk_oc",
            "module.tokyo.aws_s3_bucket_public_access_block.www_bk_ab"
          ]
        }
      ]
    },
    {
      "module": "module.tokyo",
      "mode": "managed",
      "type": "aws_security_group",
      "name": "ogurim_db_sg",
      "provider": "provider[\"registry.terraform.io/hashicorp/aws\"].tokyo",
      "instances": [
        {
          "schema_version": 1,
          "attributes": {
            "arn": "arn:aws:ec2:ap-northeast-1:339713119714:security-group/sg-016c4d4adf5fa050d",
            "description": "default-ssh-icmp",
            "egress": [
              {
                "cidr_blocks": [
                  "0.0.0.0/0"
                ],
                "description": "all",
                "from_port": 0,
                "ipv6_cidr_blocks": [
                  "::/0"
                ],
                "prefix_list_ids": [],
                "protocol": "-1",
                "security_groups": [],
                "self": false,
                "to_port": 0
              }
            ],
            "id": "sg-016c4d4adf5fa050d",
            "ingress": [
              {
                "cidr_blocks": [
                  "0.0.0.0/0"
                ],
                "description": "all",
                "from_port": 0,
                "ipv6_cidr_blocks": [
                  "::/0"
                ],
                "prefix_list_ids": [],
                "protocol": "-1",
                "security_groups": [
                  "sg-0c463b1cb5662602a"
                ],
                "self": false,
                "to_port": 0
              },
              {
                "cidr_blocks": [
                  "0.0.0.0/0"
                ],
                "description": "mysql",
                "from_port": 3306,
                "ipv6_cidr_blocks": [
                  "::/0"
                ],
                "prefix_list_ids": [],
                "protocol": "tcp",
                "security_groups": [
                  "sg-0c463b1cb5662602a"
                ],
                "self": false,
                "to_port": 3306
              }
            ],
            "name": "tokyo-db-sg",
            "name_prefix": "",
            "owner_id": "339713119714",
            "revoke_rules_on_delete": false,
            "tags": {
              "Name": "tokyo-db-sg"
            },
            "tags_all": {
              "Name": "tokyo-db-sg"
            },
            "timeouts": null,
            "vpc_id": "vpc-0e1bf5a4dc3280952"
          },
          "sensitive_attributes": [],
          "private": "eyJlMmJmYjczMC1lY2FhLTExZTYtOGY4OC0zNDM2M2JjN2M0YzAiOnsiY3JlYXRlIjo2MDAwMDAwMDAwMDAsImRlbGV0ZSI6OTAwMDAwMDAwMDAwfSwic2NoZW1hX3ZlcnNpb24iOiIxIn0=",
          "dependencies": [
            "module.tokyo.aws_security_group.ogurim_sg",
            "module.tokyo.aws_vpc.ogurim_vpc"
          ]
        }
      ]
    },
    {
      "module": "module.tokyo",
      "mode": "managed",
      "type": "aws_security_group",
      "name": "ogurim_sg",
      "provider": "provider[\"registry.terraform.io/hashicorp/aws\"].tokyo",
      "instances": [
        {
          "schema_version": 1,
          "attributes": {
            "arn": "arn:aws:ec2:ap-northeast-1:339713119714:security-group/sg-0c463b1cb5662602a",
            "description": "default-ssh-icmp",
            "egress": [
              {
                "cidr_blocks": [
                  "0.0.0.0/0"
                ],
                "description": "all",
                "from_port": 0,
                "ipv6_cidr_blocks": [
                  "::/0"
                ],
                "prefix_list_ids": [],
                "protocol": "-1",
                "security_groups": [],
                "self": false,
                "to_port": 0
              }
            ],
            "id": "sg-0c463b1cb5662602a",
            "ingress": [
              {
                "cidr_blocks": [
                  "0.0.0.0/0"
                ],
                "description": "icmp",
                "from_port": -1,
                "ipv6_cidr_blocks": [
                  "::/0"
                ],
                "prefix_list_ids": [],
                "protocol": "icmp",
                "security_groups": [],
                "self": false,
                "to_port": -1
              },
              {
                "cidr_blocks": [
                  "0.0.0.0/0"
                ],
                "description": "ssh",
                "from_port": 22,
                "ipv6_cidr_blocks": [
                  "::/0"
                ],
                "prefix_list_ids": [],
                "protocol": "tcp",
                "security_groups": [],
                "self": false,
                "to_port": 22
              }
            ],
            "name": "tokyo-sg",
            "name_prefix": "",
            "owner_id": "339713119714",
            "revoke_rules_on_delete": false,
            "tags": {
              "Name": "tokyo-sg"
            },
            "tags_all": {
              "Name": "tokyo-sg"
            },
            "timeouts": null,
            "vpc_id": "vpc-0e1bf5a4dc3280952"
          },
          "sensitive_attributes": [],
          "private": "eyJlMmJmYjczMC1lY2FhLTExZTYtOGY4OC0zNDM2M2JjN2M0YzAiOnsiY3JlYXRlIjo2MDAwMDAwMDAwMDAsImRlbGV0ZSI6OTAwMDAwMDAwMDAwfSwic2NoZW1hX3ZlcnNpb24iOiIxIn0=",
          "dependencies": [
            "module.tokyo.aws_vpc.ogurim_vpc"
          ]
        }
      ]
    },
    {
      "module": "module.tokyo",
      "mode": "managed",
      "type": "aws_security_group",
      "name": "ogurim_web_sg",
      "provider": "provider[\"registry.terraform.io/hashicorp/aws\"].tokyo",
      "instances": [
        {
          "schema_version": 1,
          "attributes": {
            "arn": "arn:aws:ec2:ap-northeast-1:339713119714:security-group/sg-0cad1a38ee325b6fb",
            "description": "default-ssh-icmp",
            "egress": [
              {
                "cidr_blocks": [
                  "0.0.0.0/0"
                ],
                "description": "all",
                "from_port": 0,
                "ipv6_cidr_blocks": [
                  "::/0"
                ],
                "prefix_list_ids": [],
                "protocol": "-1",
                "security_groups": [],
                "self": false,
                "to_port": 0
              }
            ],
            "id": "sg-0cad1a38ee325b6fb",
            "ingress": [
              {
                "cidr_blocks": [
                  "0.0.0.0/0"
                ],
                "description": "all",
                "from_port": 0,
                "ipv6_cidr_blocks": [
                  "::/0"
                ],
                "prefix_list_ids": [],
                "protocol": "-1",
                "security_groups": [],
                "self": false,
                "to_port": 0
              },
              {
                "cidr_blocks": [
                  "0.0.0.0/0"
                ],
                "description": "docker",
                "from_port": 60080,
                "ipv6_cidr_blocks": [
                  "::/0"
                ],
                "prefix_list_ids": [],
                "protocol": "tcp",
                "security_groups": [
                  "sg-0c463b1cb5662602a"
                ],
                "self": false,
                "to_port": 60080
              },
              {
                "cidr_blocks": [
                  "0.0.0.0/0"
                ],
                "description": "http",
                "from_port": 80,
                "ipv6_cidr_blocks": [
                  "::/0"
                ],
                "prefix_list_ids": [],
                "protocol": "tcp",
                "security_groups": [
                  "sg-0c463b1cb5662602a"
                ],
                "self": false,
                "to_port": 80
              }
            ],
            "name": "tokyo-web-sg",
            "name_prefix": "",
            "owner_id": "339713119714",
            "revoke_rules_on_delete": false,
            "tags": {
              "Name": "tokyo-web-sg"
            },
            "tags_all": {
              "Name": "tokyo-web-sg"
            },
            "timeouts": null,
            "vpc_id": "vpc-0e1bf5a4dc3280952"
          },
          "sensitive_attributes": [],
          "private": "eyJlMmJmYjczMC1lY2FhLTExZTYtOGY4OC0zNDM2M2JjN2M0YzAiOnsiY3JlYXRlIjo2MDAwMDAwMDAwMDAsImRlbGV0ZSI6OTAwMDAwMDAwMDAwfSwic2NoZW1hX3ZlcnNpb24iOiIxIn0=",
          "dependencies": [
            "module.tokyo.aws_security_group.ogurim_sg",
            "module.tokyo.aws_vpc.ogurim_vpc"
          ]
        }
      ]
    },
    {
      "module": "module.tokyo",
      "mode": "managed",
      "type": "aws_subnet",
      "name": "ogurim_subnet",
      "provider": "provider[\"registry.terraform.io/hashicorp/aws\"].tokyo",
      "instances": [
        {
          "index_key": 0,
          "schema_version": 1,
          "attributes": {
            "arn": "arn:aws:ec2:ap-northeast-1:339713119714:subnet/subnet-05c300a58503063c9",
            "assign_ipv6_address_on_creation": false,
            "availability_zone": "ap-northeast-1a",
            "availability_zone_id": "apne1-az4",
            "cidr_block": "192.168.0.0/24",
            "customer_owned_ipv4_pool": "",
            "enable_dns64": false,
            "enable_lni_at_device_index": 0,
            "enable_resource_name_dns_a_record_on_launch": false,
            "enable_resource_name_dns_aaaa_record_on_launch": false,
            "id": "subnet-05c300a58503063c9",
            "ipv6_cidr_block": "",
            "ipv6_cidr_block_association_id": "",
            "ipv6_native": false,
            "map_customer_owned_ip_on_launch": false,
            "map_public_ip_on_launch": true,
            "outpost_arn": "",
            "owner_id": "339713119714",
            "private_dns_hostname_type_on_launch": "ip-name",
            "tags": {
              "Name": "tokyo-weba"
            },
            "tags_all": {
              "Name": "tokyo-weba"
            },
            "timeouts": null,
            "vpc_id": "vpc-0e1bf5a4dc3280952"
          },
          "sensitive_attributes": [],
          "private": "eyJlMmJmYjczMC1lY2FhLTExZTYtOGY4OC0zNDM2M2JjN2M0YzAiOnsiY3JlYXRlIjo2MDAwMDAwMDAwMDAsImRlbGV0ZSI6MTIwMDAwMDAwMDAwMH0sInNjaGVtYV92ZXJzaW9uIjoiMSJ9",
          "dependencies": [
            "module.tokyo.aws_vpc.ogurim_vpc"
          ]
        },
        {
          "index_key": 1,
          "schema_version": 1,
          "attributes": {
            "arn": "arn:aws:ec2:ap-northeast-1:339713119714:subnet/subnet-0f9dcf2ac6b97db0c",
            "assign_ipv6_address_on_creation": false,
            "availability_zone": "ap-northeast-1c",
            "availability_zone_id": "apne1-az1",
            "cidr_block": "192.168.1.0/24",
            "customer_owned_ipv4_pool": "",
            "enable_dns64": false,
            "enable_lni_at_device_index": 0,
            "enable_resource_name_dns_a_record_on_launch": false,
            "enable_resource_name_dns_aaaa_record_on_launch": false,
            "id": "subnet-0f9dcf2ac6b97db0c",
            "ipv6_cidr_block": "",
            "ipv6_cidr_block_association_id": "",
            "ipv6_native": false,
            "map_customer_owned_ip_on_launch": false,
            "map_public_ip_on_launch": true,
            "outpost_arn": "",
            "owner_id": "339713119714",
            "private_dns_hostname_type_on_launch": "ip-name",
            "tags": {
              "Name": "tokyo-webc"
            },
            "tags_all": {
              "Name": "tokyo-webc"
            },
            "timeouts": null,
            "vpc_id": "vpc-0e1bf5a4dc3280952"
          },
          "sensitive_attributes": [],
          "private": "eyJlMmJmYjczMC1lY2FhLTExZTYtOGY4OC0zNDM2M2JjN2M0YzAiOnsiY3JlYXRlIjo2MDAwMDAwMDAwMDAsImRlbGV0ZSI6MTIwMDAwMDAwMDAwMH0sInNjaGVtYV92ZXJzaW9uIjoiMSJ9",
          "dependencies": [
            "module.tokyo.aws_vpc.ogurim_vpc"
          ]
        },
        {
          "index_key": 2,
          "schema_version": 1,
          "attributes": {
            "arn": "arn:aws:ec2:ap-northeast-1:339713119714:subnet/subnet-059977288ffe801a7",
            "assign_ipv6_address_on_creation": false,
            "availability_zone": "ap-northeast-1a",
            "availability_zone_id": "apne1-az4",
            "cidr_block": "192.168.2.0/24",
            "customer_owned_ipv4_pool": "",
            "enable_dns64": false,
            "enable_lni_at_device_index": 0,
            "enable_resource_name_dns_a_record_on_launch": false,
            "enable_resource_name_dns_aaaa_record_on_launch": false,
            "id": "subnet-059977288ffe801a7",
            "ipv6_cidr_block": "",
            "ipv6_cidr_block_association_id": "",
            "ipv6_native": false,
            "map_customer_owned_ip_on_launch": false,
            "map_public_ip_on_launch": false,
            "outpost_arn": "",
            "owner_id": "339713119714",
            "private_dns_hostname_type_on_launch": "ip-name",
            "tags": {
              "Name": "tokyo-wasa"
            },
            "tags_all": {
              "Name": "tokyo-wasa"
            },
            "timeouts": null,
            "vpc_id": "vpc-0e1bf5a4dc3280952"
          },
          "sensitive_attributes": [],
          "private": "eyJlMmJmYjczMC1lY2FhLTExZTYtOGY4OC0zNDM2M2JjN2M0YzAiOnsiY3JlYXRlIjo2MDAwMDAwMDAwMDAsImRlbGV0ZSI6MTIwMDAwMDAwMDAwMH0sInNjaGVtYV92ZXJzaW9uIjoiMSJ9",
          "dependencies": [
            "module.tokyo.aws_vpc.ogurim_vpc"
          ]
        },
        {
          "index_key": 3,
          "schema_version": 1,
          "attributes": {
            "arn": "arn:aws:ec2:ap-northeast-1:339713119714:subnet/subnet-0c1c39bb0ba098dc2",
            "assign_ipv6_address_on_creation": false,
            "availability_zone": "ap-northeast-1c",
            "availability_zone_id": "apne1-az1",
            "cidr_block": "192.168.3.0/24",
            "customer_owned_ipv4_pool": "",
            "enable_dns64": false,
            "enable_lni_at_device_index": 0,
            "enable_resource_name_dns_a_record_on_launch": false,
            "enable_resource_name_dns_aaaa_record_on_launch": false,
            "id": "subnet-0c1c39bb0ba098dc2",
            "ipv6_cidr_block": "",
            "ipv6_cidr_block_association_id": "",
            "ipv6_native": false,
            "map_customer_owned_ip_on_launch": false,
            "map_public_ip_on_launch": false,
            "outpost_arn": "",
            "owner_id": "339713119714",
            "private_dns_hostname_type_on_launch": "ip-name",
            "tags": {
              "Name": "tokyo-wasc"
            },
            "tags_all": {
              "Name": "tokyo-wasc"
            },
            "timeouts": null,
            "vpc_id": "vpc-0e1bf5a4dc3280952"
          },
          "sensitive_attributes": [],
          "private": "eyJlMmJmYjczMC1lY2FhLTExZTYtOGY4OC0zNDM2M2JjN2M0YzAiOnsiY3JlYXRlIjo2MDAwMDAwMDAwMDAsImRlbGV0ZSI6MTIwMDAwMDAwMDAwMH0sInNjaGVtYV92ZXJzaW9uIjoiMSJ9",
          "dependencies": [
            "module.tokyo.aws_vpc.ogurim_vpc"
          ]
        },
        {
          "index_key": 4,
          "schema_version": 1,
          "attributes": {
            "arn": "arn:aws:ec2:ap-northeast-1:339713119714:subnet/subnet-05b9073efd824331c",
            "assign_ipv6_address_on_creation": false,
            "availability_zone": "ap-northeast-1a",
            "availability_zone_id": "apne1-az4",
            "cidr_block": "192.168.4.0/24",
            "customer_owned_ipv4_pool": "",
            "enable_dns64": false,
            "enable_lni_at_device_index": 0,
            "enable_resource_name_dns_a_record_on_launch": false,
            "enable_resource_name_dns_aaaa_record_on_launch": false,
            "id": "subnet-05b9073efd824331c",
            "ipv6_cidr_block": "",
            "ipv6_cidr_block_association_id": "",
            "ipv6_native": false,
            "map_customer_owned_ip_on_launch": false,
            "map_public_ip_on_launch": false,
            "outpost_arn": "",
            "owner_id": "339713119714",
            "private_dns_hostname_type_on_launch": "ip-name",
            "tags": {
              "Name": "tokyo-dba"
            },
            "tags_all": {
              "Name": "tokyo-dba"
            },
            "timeouts": null,
            "vpc_id": "vpc-0e1bf5a4dc3280952"
          },
          "sensitive_attributes": [],
          "private": "eyJlMmJmYjczMC1lY2FhLTExZTYtOGY4OC0zNDM2M2JjN2M0YzAiOnsiY3JlYXRlIjo2MDAwMDAwMDAwMDAsImRlbGV0ZSI6MTIwMDAwMDAwMDAwMH0sInNjaGVtYV92ZXJzaW9uIjoiMSJ9",
          "dependencies": [
            "module.tokyo.aws_vpc.ogurim_vpc"
          ]
        },
        {
          "index_key": 5,
          "schema_version": 1,
          "attributes": {
            "arn": "arn:aws:ec2:ap-northeast-1:339713119714:subnet/subnet-0812c80eafbcae4b1",
            "assign_ipv6_address_on_creation": false,
            "availability_zone": "ap-northeast-1c",
            "availability_zone_id": "apne1-az1",
            "cidr_block": "192.168.5.0/24",
            "customer_owned_ipv4_pool": "",
            "enable_dns64": false,
            "enable_lni_at_device_index": 0,
            "enable_resource_name_dns_a_record_on_launch": false,
            "enable_resource_name_dns_aaaa_record_on_launch": false,
            "id": "subnet-0812c80eafbcae4b1",
            "ipv6_cidr_block": "",
            "ipv6_cidr_block_association_id": "",
            "ipv6_native": false,
            "map_customer_owned_ip_on_launch": false,
            "map_public_ip_on_launch": false,
            "outpost_arn": "",
            "owner_id": "339713119714",
            "private_dns_hostname_type_on_launch": "ip-name",
            "tags": {
              "Name": "tokyo-dbc"
            },
            "tags_all": {
              "Name": "tokyo-dbc"
            },
            "timeouts": null,
            "vpc_id": "vpc-0e1bf5a4dc3280952"
          },
          "sensitive_attributes": [],
          "private": "eyJlMmJmYjczMC1lY2FhLTExZTYtOGY4OC0zNDM2M2JjN2M0YzAiOnsiY3JlYXRlIjo2MDAwMDAwMDAwMDAsImRlbGV0ZSI6MTIwMDAwMDAwMDAwMH0sInNjaGVtYV92ZXJzaW9uIjoiMSJ9",
          "dependencies": [
            "module.tokyo.aws_vpc.ogurim_vpc"
          ]
        }
      ]
    },
    {
      "module": "module.tokyo",
      "mode": "managed",
      "type": "aws_volume_attachment",
      "name": "ogurim_ebs_at_webc",
      "provider": "provider[\"registry.terraform.io/hashicorp/aws\"].tokyo",
      "instances": [
        {
          "schema_version": 0,
          "attributes": {
            "device_name": "/dev/sdh",
            "force_detach": null,
            "id": "vai-2832033854",
            "instance_id": "i-09de6330c5e8b9f6f",
            "skip_destroy": null,
            "stop_instance_before_detaching": null,
            "timeouts": null,
            "volume_id": "vol-0c9fa520c4f4f7188"
          },
          "sensitive_attributes": [],
          "private": "eyJlMmJmYjczMC1lY2FhLTExZTYtOGY4OC0zNDM2M2JjN2M0YzAiOnsiY3JlYXRlIjozMDAwMDAwMDAwMDAsImRlbGV0ZSI6MzAwMDAwMDAwMDAwfX0=",
          "dependencies": [
            "module.tokyo.aws_ebs_volume.ogurim_ebs",
            "module.tokyo.aws_instance.ogurim_webc",
            "module.tokyo.aws_security_group.ogurim_sg",
            "module.tokyo.aws_security_group.ogurim_web_sg",
            "module.tokyo.aws_subnet.ogurim_subnet",
            "module.tokyo.aws_vpc.ogurim_vpc",
            "module.tokyo.data.aws_ami.amzn"
          ]
        }
      ]
    },
    {
      "module": "module.tokyo",
      "mode": "managed",
      "type": "aws_vpc",
      "name": "ogurim_vpc",
      "provider": "provider[\"registry.terraform.io/hashicorp/aws\"].tokyo",
      "instances": [
        {
          "schema_version": 1,
          "attributes": {
            "arn": "arn:aws:ec2:ap-northeast-1:339713119714:vpc/vpc-0e1bf5a4dc3280952",
            "assign_generated_ipv6_cidr_block": false,
            "cidr_block": "192.168.0.0/16",
            "default_network_acl_id": "acl-085cf7bcfdb55a7be",
            "default_route_table_id": "rtb-02e69164f39258d45",
            "default_security_group_id": "sg-0f649933ffa9698f4",
            "dhcp_options_id": "dopt-030469ea1580fda87",
            "enable_dns_hostnames": true,
            "enable_dns_support": true,
            "enable_network_address_usage_metrics": false,
            "id": "vpc-0e1bf5a4dc3280952",
            "instance_tenancy": "default",
            "ipv4_ipam_pool_id": null,
            "ipv4_netmask_length": null,
            "ipv6_association_id": "",
            "ipv6_cidr_block": "",
            "ipv6_cidr_block_network_border_group": "",
            "ipv6_ipam_pool_id": "",
            "ipv6_netmask_length": 0,
            "main_route_table_id": "rtb-02e69164f39258d45",
            "owner_id": "339713119714",
            "tags": {
              "Name": "tokyo-vpc"
            },
            "tags_all": {
              "Name": "tokyo-vpc"
            }
          },
          "sensitive_attributes": [],
          "private": "eyJzY2hlbWFfdmVyc2lvbiI6IjEifQ=="
        }
      ]
    }
  ],
  "check_results": null
}
